dependencies:
- name: aws-load-balancer-controller
  repository: https://aws.github.io/eks-charts
  version: 1.6.2
- name: cert-manager
  repository: https://charts.jetstack.io
  version: v1.13.2
- name: cluster-autoscaler
  repository: https://kubernetes.github.io/autoscaler
  version: 9.29.4
- name: external-dns
  repository: https://charts.bitnami.com/bitnami
  version: 6.28.0
- name: metrics-server
  repository: https://kubernetes-sigs.github.io/metrics-server/
  version: 3.11.0
- name: ingress-nginx
  repository: https://kubernetes.github.io/ingress-nginx
  version: 4.8.3
- name: kubernetes-dashboard
  repository: https://kubernetes.github.io/dashboard
  version: 7.0.0-alpha1
digest: sha256:8767995392624d7fbf95aba748e790769b17861545110d8442257950c1be77cf
generated: "2023-11-02T14:26:16.32476+01:00"
