{
  "version": 4,
  "terraform_version": "1.6.4",
  "serial": 101,
  "lineage": "79759445-35c3-c022-851a-b23906008b37",
  "outputs": {},
  "resources": [
    {
      "mode": "data",
      "type": "azuread_client_config",
      "name": "current",
      "provider": "provider[\"registry.terraform.io/hashicorp/azuread\"]",
      "instances": [
        {
          "schema_version": 0,
          "attributes": {
            "client_id": "04b07795-8ddb-461a-bbee-02f9e1bf7b46",
            "id": "7b2ab0fa-7be8-4c7d-b40d-0d7cea4eaae5-04b07795-8ddb-461a-bbee-02f9e1bf7b46-6888f1f2-3e5c-42fc-9635-23c426f553a5",
            "object_id": "6888f1f2-3e5c-42fc-9635-23c426f553a5",
            "tenant_id": "7b2ab0fa-7be8-4c7d-b40d-0d7cea4eaae5",
            "timeouts": null
          },
          "sensitive_attributes": []
        }
      ]
    },
    {
      "mode": "data",
      "type": "azuread_user",
      "name": "aad",
      "provider": "provider[\"registry.terraform.io/hashicorp/azuread\"]",
      "instances": [
        {
          "schema_version": 0,
          "attributes": {
            "account_enabled": true,
            "age_group": "",
            "business_phones": [],
            "city": "",
            "company_name": "",
            "consent_provided_for_minor": "",
            "cost_center": null,
            "country": "",
            "creation_type": "",
            "department": "",
            "display_name": "Robert Czanik",
            "division": null,
            "employee_id": "",
            "employee_type": "",
            "external_user_state": "",
            "fax_number": "",
            "given_name": "Robert",
            "id": "6888f1f2-3e5c-42fc-9635-23c426f553a5",
            "im_addresses": [],
            "job_title": "",
            "mail": "",
            "mail_nickname": "robert",
            "manager_id": "",
            "mobile_phone": "+31687893658",
            "object_id": "6888f1f2-3e5c-42fc-9635-23c426f553a5",
            "office_location": "",
            "onpremises_distinguished_name": "",
            "onpremises_domain_name": "",
            "onpremises_immutable_id": "robert@skyworkz.nl",
            "onpremises_sam_account_name": "",
            "onpremises_security_identifier": "",
            "onpremises_sync_enabled": false,
            "onpremises_user_principal_name": "",
            "other_mails": [],
            "postal_code": "",
            "preferred_language": "en-GB",
            "proxy_addresses": [],
            "show_in_address_list": false,
            "state": "",
            "street_address": "",
            "surname": "Czanik",
            "timeouts": null,
            "usage_location": "",
            "user_principal_name": "robert@skyworkz.nl",
            "user_type": "Member"
          },
          "sensitive_attributes": []
        }
      ]
    },
    {
      "mode": "managed",
      "type": "azuread_group",
      "name": "k8sadmins",
      "provider": "provider[\"registry.terraform.io/hashicorp/azuread\"]",
      "instances": [
        {
          "schema_version": 0,
          "attributes": {
            "administrative_unit_ids": null,
            "assignable_to_role": false,
            "auto_subscribe_new_members": false,
            "behaviors": null,
            "description": "",
            "display_name": "Kubernetes Admins",
            "dynamic_membership": [],
            "external_senders_allowed": false,
            "hide_from_address_lists": false,
            "hide_from_outlook_clients": false,
            "id": "7437340c-eb34-4a0f-8dc0-32049105e48d",
            "mail": "",
            "mail_enabled": false,
            "mail_nickname": "af5d8340-4",
            "members": [
              "6888f1f2-3e5c-42fc-9635-23c426f553a5"
            ],
            "object_id": "7437340c-eb34-4a0f-8dc0-32049105e48d",
            "onpremises_domain_name": "",
            "onpremises_group_type": "",
            "onpremises_netbios_name": "",
            "onpremises_sam_account_name": "",
            "onpremises_security_identifier": "",
            "onpremises_sync_enabled": false,
            "owners": [
              "6888f1f2-3e5c-42fc-9635-23c426f553a5"
            ],
            "preferred_language": "",
            "prevent_duplicate_names": false,
            "provisioning_options": null,
            "proxy_addresses": [],
            "security_enabled": true,
            "theme": "",
            "timeouts": null,
            "types": null,
            "visibility": "",
            "writeback_enabled": false
          },
          "sensitive_attributes": [],
          "private": "eyJlMmJmYjczMC1lY2FhLTExZTYtOGY4OC0zNDM2M2JjN2M0YzAiOnsiY3JlYXRlIjoxMjAwMDAwMDAwMDAwLCJkZWxldGUiOjMwMDAwMDAwMDAwMCwicmVhZCI6MzAwMDAwMDAwMDAwLCJ1cGRhdGUiOjEyMDAwMDAwMDAwMDB9fQ==",
          "dependencies": [
            "data.azuread_client_config.current",
            "data.azuread_user.aad"
          ]
        }
      ]
    },
    {
      "module": "module.rg",
      "mode": "data",
      "type": "azuread_client_config",
      "name": "current",
      "provider": "provider[\"registry.terraform.io/hashicorp/azuread\"]",
      "instances": [
        {
          "schema_version": 0,
          "attributes": {
            "client_id": "04b07795-8ddb-461a-bbee-02f9e1bf7b46",
            "id": "7b2ab0fa-7be8-4c7d-b40d-0d7cea4eaae5-04b07795-8ddb-461a-bbee-02f9e1bf7b46-6888f1f2-3e5c-42fc-9635-23c426f553a5",
            "object_id": "6888f1f2-3e5c-42fc-9635-23c426f553a5",
            "tenant_id": "7b2ab0fa-7be8-4c7d-b40d-0d7cea4eaae5",
            "timeouts": null
          },
          "sensitive_attributes": []
        }
      ]
    },
    {
      "module": "module.rg",
      "mode": "data",
      "type": "azurerm_subscription",
      "name": "current",
      "provider": "provider[\"registry.terraform.io/hashicorp/azurerm\"]",
      "instances": [
        {
          "schema_version": 0,
          "attributes": {
            "display_name": "Azure subscription 1",
            "id": "/subscriptions/f049f713-b533-4903-8646-3a2da100158e",
            "location_placement_id": "Public_2014-09-01",
            "quota_id": "FreeTrial_2014-09-01",
            "spending_limit": "On",
            "state": "Enabled",
            "subscription_id": "f049f713-b533-4903-8646-3a2da100158e",
            "tags": {},
            "tenant_id": "7b2ab0fa-7be8-4c7d-b40d-0d7cea4eaae5",
            "timeouts": null
          },
          "sensitive_attributes": []
        }
      ]
    },
    {
      "module": "module.rg",
      "mode": "managed",
      "type": "azuread_group",
      "name": "rg_contributors_group",
      "provider": "provider[\"registry.terraform.io/hashicorp/azuread\"]",
      "instances": [
        {
          "schema_version": 0,
          "attributes": {
            "administrative_unit_ids": null,
            "assignable_to_role": false,
            "auto_subscribe_new_members": false,
            "behaviors": null,
            "description": "Contributor rights for resource group: rg--example",
            "display_name": "Azure subscription 1-rg--example-contributors",
            "dynamic_membership": [],
            "external_senders_allowed": false,
            "hide_from_address_lists": false,
            "hide_from_outlook_clients": false,
            "id": "e1c69b78-e524-4009-b57d-f3bfaae528b1",
            "mail": "",
            "mail_enabled": false,
            "mail_nickname": "bdbc76d3-a",
            "members": [],
            "object_id": "e1c69b78-e524-4009-b57d-f3bfaae528b1",
            "onpremises_domain_name": "",
            "onpremises_group_type": "",
            "onpremises_netbios_name": "",
            "onpremises_sam_account_name": "",
            "onpremises_security_identifier": "",
            "onpremises_sync_enabled": false,
            "owners": [
              "6888f1f2-3e5c-42fc-9635-23c426f553a5"
            ],
            "preferred_language": "",
            "prevent_duplicate_names": true,
            "provisioning_options": null,
            "proxy_addresses": [],
            "security_enabled": true,
            "theme": "",
            "timeouts": null,
            "types": null,
            "visibility": "",
            "writeback_enabled": false
          },
          "sensitive_attributes": [],
          "private": "eyJlMmJmYjczMC1lY2FhLTExZTYtOGY4OC0zNDM2M2JjN2M0YzAiOnsiY3JlYXRlIjoxMjAwMDAwMDAwMDAwLCJkZWxldGUiOjMwMDAwMDAwMDAwMCwicmVhZCI6MzAwMDAwMDAwMDAwLCJ1cGRhdGUiOjEyMDAwMDAwMDAwMDB9fQ==",
          "dependencies": [
            "module.rg.data.azuread_client_config.current",
            "module.rg.data.azurerm_subscription.current"
          ]
        }
      ]
    },
    {
      "module": "module.rg",
      "mode": "managed",
      "type": "azuread_group",
      "name": "rg_owner_group",
      "provider": "provider[\"registry.terraform.io/hashicorp/azuread\"]",
      "instances": [
        {
          "schema_version": 0,
          "attributes": {
            "administrative_unit_ids": null,
            "assignable_to_role": false,
            "auto_subscribe_new_members": false,
            "behaviors": null,
            "description": "Owner rights for resource group: rg--example",
            "display_name": "Azure subscription 1-rg--example-owners",
            "dynamic_membership": [],
            "external_senders_allowed": false,
            "hide_from_address_lists": false,
            "hide_from_outlook_clients": false,
            "id": "e790bc49-0a57-4b9d-b765-d04555944874",
            "mail": "",
            "mail_enabled": false,
            "mail_nickname": "908dd600-a",
            "members": [],
            "object_id": "e790bc49-0a57-4b9d-b765-d04555944874",
            "onpremises_domain_name": "",
            "onpremises_group_type": "",
            "onpremises_netbios_name": "",
            "onpremises_sam_account_name": "",
            "onpremises_security_identifier": "",
            "onpremises_sync_enabled": false,
            "owners": [
              "6888f1f2-3e5c-42fc-9635-23c426f553a5"
            ],
            "preferred_language": "",
            "prevent_duplicate_names": true,
            "provisioning_options": null,
            "proxy_addresses": [],
            "security_enabled": true,
            "theme": "",
            "timeouts": null,
            "types": null,
            "visibility": "",
            "writeback_enabled": false
          },
          "sensitive_attributes": [],
          "private": "eyJlMmJmYjczMC1lY2FhLTExZTYtOGY4OC0zNDM2M2JjN2M0YzAiOnsiY3JlYXRlIjoxMjAwMDAwMDAwMDAwLCJkZWxldGUiOjMwMDAwMDAwMDAwMCwicmVhZCI6MzAwMDAwMDAwMDAwLCJ1cGRhdGUiOjEyMDAwMDAwMDAwMDB9fQ==",
          "dependencies": [
            "module.rg.data.azuread_client_config.current",
            "module.rg.data.azurerm_subscription.current"
          ]
        }
      ]
    },
    {
      "module": "module.rg",
      "mode": "managed",
      "type": "azuread_group",
      "name": "rg_reader_group",
      "provider": "provider[\"registry.terraform.io/hashicorp/azuread\"]",
      "instances": [
        {
          "schema_version": 0,
          "attributes": {
            "administrative_unit_ids": null,
            "assignable_to_role": false,
            "auto_subscribe_new_members": false,
            "behaviors": null,
            "description": "Reader rights for resource group: rg--example",
            "display_name": "Azure subscription 1-rg--example-readers",
            "dynamic_membership": [],
            "external_senders_allowed": false,
            "hide_from_address_lists": false,
            "hide_from_outlook_clients": false,
            "id": "203b5e93-c544-4cd6-9f75-9e266cfd6066",
            "mail": "",
            "mail_enabled": false,
            "mail_nickname": "0ca90839-8",
            "members": [],
            "object_id": "203b5e93-c544-4cd6-9f75-9e266cfd6066",
            "onpremises_domain_name": "",
            "onpremises_group_type": "",
            "onpremises_netbios_name": "",
            "onpremises_sam_account_name": "",
            "onpremises_security_identifier": "",
            "onpremises_sync_enabled": false,
            "owners": [
              "6888f1f2-3e5c-42fc-9635-23c426f553a5"
            ],
            "preferred_language": "",
            "prevent_duplicate_names": true,
            "provisioning_options": null,
            "proxy_addresses": [],
            "security_enabled": true,
            "theme": "",
            "timeouts": null,
            "types": null,
            "visibility": "",
            "writeback_enabled": false
          },
          "sensitive_attributes": [],
          "private": "eyJlMmJmYjczMC1lY2FhLTExZTYtOGY4OC0zNDM2M2JjN2M0YzAiOnsiY3JlYXRlIjoxMjAwMDAwMDAwMDAwLCJkZWxldGUiOjMwMDAwMDAwMDAwMCwicmVhZCI6MzAwMDAwMDAwMDAwLCJ1cGRhdGUiOjEyMDAwMDAwMDAwMDB9fQ==",
          "dependencies": [
            "module.rg.data.azuread_client_config.current",
            "module.rg.data.azurerm_subscription.current"
          ]
        }
      ]
    },
    {
      "module": "module.rg",
      "mode": "managed",
      "type": "azurerm_resource_group",
      "name": "rg",
      "provider": "provider[\"registry.terraform.io/hashicorp/azurerm\"]",
      "instances": [
        {
          "schema_version": 0,
          "attributes": {
            "id": "/subscriptions/f049f713-b533-4903-8646-3a2da100158e/resourceGroups/rg--example",
            "location": "northeurope",
            "managed_by": "",
            "name": "rg--example",
            "tags": null,
            "timeouts": null
          },
          "sensitive_attributes": [],
          "private": "eyJlMmJmYjczMC1lY2FhLTExZTYtOGY4OC0zNDM2M2JjN2M0YzAiOnsiY3JlYXRlIjo1NDAwMDAwMDAwMDAwLCJkZWxldGUiOjU0MDAwMDAwMDAwMDAsInJlYWQiOjMwMDAwMDAwMDAwMCwidXBkYXRlIjo1NDAwMDAwMDAwMDAwfX0="
        }
      ]
    },
    {
      "module": "module.rg",
      "mode": "managed",
      "type": "azurerm_role_assignment",
      "name": "rg_contributors_role_assignment",
      "provider": "provider[\"registry.terraform.io/hashicorp/azurerm\"]",
      "instances": [
        {
          "schema_version": 0,
          "attributes": {
            "condition": "",
            "condition_version": "",
            "delegated_managed_identity_resource_id": "",
            "description": "",
            "id": "/subscriptions/f049f713-b533-4903-8646-3a2da100158e/resourceGroups/rg--example/providers/Microsoft.Authorization/roleAssignments/d2d93568-b2a0-e2d6-f845-cfc423c96546",
            "name": "d2d93568-b2a0-e2d6-f845-cfc423c96546",
            "principal_id": "e1c69b78-e524-4009-b57d-f3bfaae528b1",
            "principal_type": "Group",
            "role_definition_id": "/subscriptions/f049f713-b533-4903-8646-3a2da100158e/providers/Microsoft.Authorization/roleDefinitions/b24988ac-6180-42a0-ab88-20f7382dd24c",
            "role_definition_name": "Contributor",
            "scope": "/subscriptions/f049f713-b533-4903-8646-3a2da100158e/resourceGroups/rg--example",
            "skip_service_principal_aad_check": null,
            "timeouts": null
          },
          "sensitive_attributes": [],
          "private": "eyJlMmJmYjczMC1lY2FhLTExZTYtOGY4OC0zNDM2M2JjN2M0YzAiOnsiY3JlYXRlIjoxODAwMDAwMDAwMDAwLCJkZWxldGUiOjE4MDAwMDAwMDAwMDAsInJlYWQiOjMwMDAwMDAwMDAwMCwidXBkYXRlIjoxODAwMDAwMDAwMDAwfX0=",
          "dependencies": [
            "module.rg.azuread_group.rg_contributors_group",
            "module.rg.azurerm_resource_group.rg",
            "module.rg.data.azuread_client_config.current",
            "module.rg.data.azurerm_subscription.current"
          ]
        }
      ]
    },
    {
      "module": "module.rg",
      "mode": "managed",
      "type": "azurerm_role_assignment",
      "name": "rg_owners_role_assignment",
      "provider": "provider[\"registry.terraform.io/hashicorp/azurerm\"]",
      "instances": [
        {
          "schema_version": 0,
          "attributes": {
            "condition": "",
            "condition_version": "",
            "delegated_managed_identity_resource_id": "",
            "description": "",
            "id": "/subscriptions/f049f713-b533-4903-8646-3a2da100158e/resourceGroups/rg--example/providers/Microsoft.Authorization/roleAssignments/1d86b2dd-bd75-fa78-4d60-b54b3c78822a",
            "name": "1d86b2dd-bd75-fa78-4d60-b54b3c78822a",
            "principal_id": "e790bc49-0a57-4b9d-b765-d04555944874",
            "principal_type": "Group",
            "role_definition_id": "/subscriptions/f049f713-b533-4903-8646-3a2da100158e/providers/Microsoft.Authorization/roleDefinitions/8e3af657-a8ff-443c-a75c-2fe8c4bcb635",
            "role_definition_name": "Owner",
            "scope": "/subscriptions/f049f713-b533-4903-8646-3a2da100158e/resourceGroups/rg--example",
            "skip_service_principal_aad_check": null,
            "timeouts": null
          },
          "sensitive_attributes": [],
          "private": "eyJlMmJmYjczMC1lY2FhLTExZTYtOGY4OC0zNDM2M2JjN2M0YzAiOnsiY3JlYXRlIjoxODAwMDAwMDAwMDAwLCJkZWxldGUiOjE4MDAwMDAwMDAwMDAsInJlYWQiOjMwMDAwMDAwMDAwMCwidXBkYXRlIjoxODAwMDAwMDAwMDAwfX0=",
          "dependencies": [
            "module.rg.azuread_group.rg_owner_group",
            "module.rg.azurerm_resource_group.rg",
            "module.rg.data.azuread_client_config.current",
            "module.rg.data.azurerm_subscription.current"
          ]
        }
      ]
    },
    {
      "module": "module.rg",
      "mode": "managed",
      "type": "azurerm_role_assignment",
      "name": "rg_readers_role_assignment",
      "provider": "provider[\"registry.terraform.io/hashicorp/azurerm\"]",
      "instances": [
        {
          "schema_version": 0,
          "attributes": {
            "condition": "",
            "condition_version": "",
            "delegated_managed_identity_resource_id": "",
            "description": "",
            "id": "/subscriptions/f049f713-b533-4903-8646-3a2da100158e/resourceGroups/rg--example/providers/Microsoft.Authorization/roleAssignments/acf6b22b-ff82-6314-e60b-ee707d122625",
            "name": "acf6b22b-ff82-6314-e60b-ee707d122625",
            "principal_id": "203b5e93-c544-4cd6-9f75-9e266cfd6066",
            "principal_type": "Group",
            "role_definition_id": "/subscriptions/f049f713-b533-4903-8646-3a2da100158e/providers/Microsoft.Authorization/roleDefinitions/acdd72a7-3385-48ef-bd42-f606fba81ae7",
            "role_definition_name": "Reader",
            "scope": "/subscriptions/f049f713-b533-4903-8646-3a2da100158e/resourceGroups/rg--example",
            "skip_service_principal_aad_check": null,
            "timeouts": null
          },
          "sensitive_attributes": [],
          "private": "eyJlMmJmYjczMC1lY2FhLTExZTYtOGY4OC0zNDM2M2JjN2M0YzAiOnsiY3JlYXRlIjoxODAwMDAwMDAwMDAwLCJkZWxldGUiOjE4MDAwMDAwMDAwMDAsInJlYWQiOjMwMDAwMDAwMDAwMCwidXBkYXRlIjoxODAwMDAwMDAwMDAwfX0=",
          "dependencies": [
            "module.rg.azuread_group.rg_reader_group",
            "module.rg.azurerm_resource_group.rg",
            "module.rg.data.azuread_client_config.current",
            "module.rg.data.azurerm_subscription.current"
          ]
        }
      ]
    },
    {
      "module": "module.subnet",
      "mode": "managed",
      "type": "azurerm_subnet",
      "name": "subnet",
      "provider": "provider[\"registry.terraform.io/hashicorp/azurerm\"]",
      "instances": [
        {
          "schema_version": 0,
          "attributes": {
            "address_prefixes": [
              "10.30.0.0/21"
            ],
            "delegation": [],
            "enforce_private_link_endpoint_network_policies": false,
            "enforce_private_link_service_network_policies": false,
            "id": "/subscriptions/f049f713-b533-4903-8646-3a2da100158e/resourceGroups/rg--example/providers/Microsoft.Network/virtualNetworks/vnet--example/subnets/snet--example",
            "name": "snet--example",
            "private_endpoint_network_policies_enabled": true,
            "private_link_service_network_policies_enabled": true,
            "resource_group_name": "rg--example",
            "service_endpoint_policy_ids": null,
            "service_endpoints": null,
            "timeouts": null,
            "virtual_network_name": "vnet--example"
          },
          "sensitive_attributes": [],
          "private": "eyJlMmJmYjczMC1lY2FhLTExZTYtOGY4OC0zNDM2M2JjN2M0YzAiOnsiY3JlYXRlIjoxODAwMDAwMDAwMDAwLCJkZWxldGUiOjE4MDAwMDAwMDAwMDAsInJlYWQiOjMwMDAwMDAwMDAwMCwidXBkYXRlIjoxODAwMDAwMDAwMDAwfX0=",
          "dependencies": [
            "module.rg.azuread_group.rg_contributors_group",
            "module.rg.azuread_group.rg_owner_group",
            "module.rg.azuread_group.rg_reader_group",
            "module.rg.azuread_group_member.rg_contributors",
            "module.rg.azuread_group_member.rg_owners",
            "module.rg.azuread_group_member.rg_readers",
            "module.rg.azurerm_resource_group.rg",
            "module.rg.azurerm_role_assignment.rg_contributors_role_assignment",
            "module.rg.azurerm_role_assignment.rg_owners_role_assignment",
            "module.rg.azurerm_role_assignment.rg_readers_role_assignment",
            "module.rg.data.azuread_client_config.current",
            "module.rg.data.azurerm_subscription.current",
            "module.vnet.azurerm_virtual_network.virtual_network",
            "module.vnet.data.azurerm_resource_group.rg"
          ]
        }
      ]
    },
    {
      "module": "module.vnet",
      "mode": "data",
      "type": "azurerm_resource_group",
      "name": "rg",
      "provider": "provider[\"registry.terraform.io/hashicorp/azurerm\"]",
      "instances": [
        {
          "schema_version": 0,
          "attributes": {
            "id": "/subscriptions/f049f713-b533-4903-8646-3a2da100158e/resourceGroups/rg--example",
            "location": "northeurope",
            "managed_by": "",
            "name": "rg--example",
            "tags": {},
            "timeouts": null
          },
          "sensitive_attributes": []
        }
      ]
    },
    {
      "module": "module.vnet",
      "mode": "managed",
      "type": "azurerm_virtual_network",
      "name": "virtual_network",
      "provider": "provider[\"registry.terraform.io/hashicorp/azurerm\"]",
      "instances": [
        {
          "schema_version": 0,
          "attributes": {
            "address_space": [
              "10.30.0.0/16"
            ],
            "bgp_community": "",
            "ddos_protection_plan": [],
            "dns_servers": [],
            "edge_zone": "",
            "encryption": [],
            "flow_timeout_in_minutes": 0,
            "guid": "6e65fba6-ab05-4b41-b64e-334e33e7cb8b",
            "id": "/subscriptions/f049f713-b533-4903-8646-3a2da100158e/resourceGroups/rg--example/providers/Microsoft.Network/virtualNetworks/vnet--example",
            "location": "northeurope",
            "name": "vnet--example",
            "resource_group_name": "rg--example",
            "subnet": [],
            "tags": {
              "ManagedBy": "Terraform"
            },
            "timeouts": null
          },
          "sensitive_attributes": [],
          "private": "eyJlMmJmYjczMC1lY2FhLTExZTYtOGY4OC0zNDM2M2JjN2M0YzAiOnsiY3JlYXRlIjoxODAwMDAwMDAwMDAwLCJkZWxldGUiOjE4MDAwMDAwMDAwMDAsInJlYWQiOjMwMDAwMDAwMDAwMCwidXBkYXRlIjoxODAwMDAwMDAwMDAwfX0=",
          "dependencies": [
            "module.rg.azuread_group.rg_contributors_group",
            "module.rg.azuread_group.rg_owner_group",
            "module.rg.azuread_group.rg_reader_group",
            "module.rg.azuread_group_member.rg_contributors",
            "module.rg.azuread_group_member.rg_owners",
            "module.rg.azuread_group_member.rg_readers",
            "module.rg.azurerm_resource_group.rg",
            "module.rg.azurerm_role_assignment.rg_contributors_role_assignment",
            "module.rg.azurerm_role_assignment.rg_owners_role_assignment",
            "module.rg.azurerm_role_assignment.rg_readers_role_assignment",
            "module.rg.data.azuread_client_config.current",
            "module.rg.data.azurerm_subscription.current",
            "module.vnet.data.azurerm_resource_group.rg"
          ]
        }
      ]
    }
  ],
  "check_results": null
}
