{
  "version": 4,
  "terraform_version": "1.5.7",
  "serial": 448,
  "lineage": "22349216-f2ab-4e28-c2a4-8d42a2d80bd8",
  "outputs": {
    "cluster_endpoint": {
      "value": "https://1FC1D562A900B4AE879721AFC65DA4F6.gr7.eu-west-1.eks.amazonaws.com",
      "type": "string"
    },
    "cluster_security_group_id": {
      "value": "sg-04fb546305efe8384",
      "type": "string"
    },
    "config_map_aws_auth": {
      "value": [
        {
          "binary_data": null,
          "data": {
            "mapAccounts": "[]\n",
            "mapRoles": "- \"groups\":\n  - \"system:bootstrappers\"\n  - \"system:nodes\"\n  \"rolearn\": \"arn:aws:iam::267074127319:role/skyworkz-k8s-training-m0Mr1GVr20231101153419958900000001\"\n  \"username\": \"system:node:{{EC2PrivateDNSName}}\"\n- \"groups\":\n  - \"system:masters\"\n  \"rolearn\": \"arn:aws:iam::740877495907:role/AWSReservedSSO_AdministratorAccess_f8a30ed3ca508212\"\n  \"username\": \"sso-admin\"\n",
            "mapUsers": "- \"groups\":\n  - \"system:masters\"\n  \"userarn\": \"arn:aws:iam::740877495907:user/benny\"\n  \"username\": \"benny\"\n"
          },
          "id": "kube-system/aws-auth",
          "metadata": [
            {
              "annotations": null,
              "generate_name": "",
              "generation": 0,
              "labels": {
                "app.kubernetes.io/managed-by": "Terraform",
                "terraform.io/module": "terraform-aws-modules.eks.aws"
              },
              "name": "aws-auth",
              "namespace": "kube-system",
              "resource_version": "970",
              "uid": "a7069430-feb0-4553-ba82-3ed3a327e9d6"
            }
          ]
        }
      ],
      "type": [
        "tuple",
        [
          [
            "object",
            {
              "binary_data": [
                "map",
                "string"
              ],
              "data": [
                "map",
                "string"
              ],
              "id": "string",
              "metadata": [
                "list",
                [
                  "object",
                  {
                    "annotations": [
                      "map",
                      "string"
                    ],
                    "generate_name": "string",
                    "generation": "number",
                    "labels": [
                      "map",
                      "string"
                    ],
                    "name": "string",
                    "namespace": "string",
                    "resource_version": "string",
                    "uid": "string"
                  }
                ]
              ]
            }
          ]
        ]
      ]
    },
    "kubectl_config": {
      "value": "apiVersion: v1\npreferences: {}\nkind: Config\n\nclusters:\n- cluster:\n    server: https://1FC1D562A900B4AE879721AFC65DA4F6.gr7.eu-west-1.eks.amazonaws.com\n    certificate-authority-data: LS0tLS1CRUdJTiBDRVJUSUZJQ0FURS0tLS0tCk1JSURCVENDQWUyZ0F3SUJBZ0lJT0ZZSVhzaGY0UUF3RFFZSktvWklodmNOQVFFTEJRQXdGVEVUTUJFR0ExVUUKQXhNS2EzVmlaWEp1WlhSbGN6QWVGdzB5TXpFeE1ERXhOVEkwTURWYUZ3MHpNekV3TWpreE5USTVNRFZhTUJVeApFekFSQmdOVkJBTVRDbXQxWW1WeWJtVjBaWE13Z2dFaU1BMEdDU3FHU0liM0RRRUJBUVVBQTRJQkR3QXdnZ0VLCkFvSUJBUUMyZzk1RkNXd1JxaVVwTENpYjhxYkFnMm91ZGxLelZPd2JGbFBCT2hKQ0tadUhJajZhOEFra09tSUQKOGh3bDBhRS90QWFSTSsxdjJHTE9UeldjU1NFMjIwY3UrcjY1dWdhQVQ1L0t0MzVNS1FueFhERkJ6bkhpd1lXQQo4YUhRUDBvb1E3QlZDYVZVVlZ1eUIzUllOd0dERkJBZlAxVjNuZEpveUx6alBob1pHeXhxdnlHZzJLNDdMRUU4CjVicXVpWWZ2SUpmY0dJcnB6SWRCeSs4SDJxSUxEQVdnTzhidm9Rb1hMTndpTkI1YXdJQVo5cG1hVlppMlR5NUMKMlJDcEl3ZStqdHg1WmswZEhrMjVrUmd3b0JNa2VKRUlWZEdNWXZ3SEd6a0UzMmVYRHhRMld3YzEzNHBlWGVpMwpRMHpYU3lQRTlXZDQyMmxrelhSamtlOS9qK2NsQWdNQkFBR2pXVEJYTUE0R0ExVWREd0VCL3dRRUF3SUNwREFQCkJnTlZIUk1CQWY4RUJUQURBUUgvTUIwR0ExVWREZ1FXQkJRKzFGNDNNMzVuR3F3aUg1UXFocmRWMHhWOC96QVYKQmdOVkhSRUVEakFNZ2dwcmRXSmxjbTVsZEdWek1BMEdDU3FHU0liM0RRRUJDd1VBQTRJQkFRQTRqVzZxNXIrVQpVYmFaYXBiZ2RWRzk1eVlxTHVOVGxwU25vVkduYy9Rb1RybHNaeGdBOWlSVThKa3JYN2xUTkNzcU1HNUNscnBlCnpQaFhOSytuRnNOUi9EaWY0YkhzMkhMakJmMnlFY1M3Q2dqbW93OEozc0xmazhiNTNxa0ViNStBMHc5VW1lTHEKb1hBaGRYT3lqc2MybVNpTjBBcHQ4UlpKNTdzTStsMjRuTHJqUllGK05veDl0MVphdnEyMnVKbGMyY1BhYzhmMApJRjZEZTFQSWZKNEk3VGZSZmlKR1I4ZEhNeTRRa1NGWFNTM1d5ZzJMakZqQWs3WVhnMG9sa09Oa2ZiTkdrYWFZCktQOUxiSmNzVndaNGtXYTNPY3d4YXJZWkJNZ1dkRXE1Zlc2L2kvd2drRkwvYTlzV1lNZFBpeHF6cGxHd0xaeXQKVXhGT2J1UW9pdU5xCi0tLS0tRU5EIENFUlRJRklDQVRFLS0tLS0K\n  name: eks_skyworkz-k8s-training-m0Mr1GVr\n\ncontexts:\n- context:\n    cluster: eks_skyworkz-k8s-training-m0Mr1GVr\n    user: eks_skyworkz-k8s-training-m0Mr1GVr\n  name: eks_skyworkz-k8s-training-m0Mr1GVr\n\ncurrent-context: eks_skyworkz-k8s-training-m0Mr1GVr\n\nusers:\n- name: eks_skyworkz-k8s-training-m0Mr1GVr\n  user:\n    exec:\n      apiVersion: client.authentication.k8s.io/v1alpha1\n      command: aws-iam-authenticator\n      args:\n        - \"token\"\n        - \"-i\"\n        - \"skyworkz-k8s-training-m0Mr1GVr\"\n",
      "type": "string"
    },
    "node_groups": {
      "value": {
        "b1": {
          "ami_type": "AL2_x86_64",
          "arn": "arn:aws:eks:eu-west-1:267074127319:nodegroup/skyworkz-k8s-training-m0Mr1GVr/skyworkz-k8s-training-m0Mr1GVr-b120231101153421806500000005/9ec5c5c2-bc04-17e6-d650-a9ddeee26e02",
          "capacity_type": "ON_DEMAND",
          "cluster_name": "skyworkz-k8s-training-m0Mr1GVr",
          "disk_size": 50,
          "force_update_version": null,
          "id": "skyworkz-k8s-training-m0Mr1GVr:skyworkz-k8s-training-m0Mr1GVr-b120231101153421806500000005",
          "instance_types": [
            "t3.medium"
          ],
          "labels": {
            "NodeGroup": "b1",
            "NodePerformance": "burst"
          },
          "launch_template": [],
          "node_group_name": "skyworkz-k8s-training-m0Mr1GVr-b120231101153421806500000005",
          "node_group_name_prefix": "skyworkz-k8s-training-m0Mr1GVr-b1",
          "node_role_arn": "arn:aws:iam::267074127319:role/skyworkz-k8s-training-m0Mr1GVr20231101153419958900000001",
          "release_version": "1.27.5-20231002",
          "remote_access": [],
          "resources": [
            {
              "autoscaling_groups": [
                {
                  "name": "eks-skyworkz-k8s-training-m0Mr1GVr-b120231101153421806500000005-9ec5c5c2-bc04-17e6-d650-a9ddeee26e02"
                }
              ],
              "remote_access_security_group_id": ""
            }
          ],
          "scaling_config": [
            {
              "desired_size": 1,
              "max_size": 10,
              "min_size": 1
            }
          ],
          "status": "ACTIVE",
          "subnet_ids": [
            "subnet-00c06455e489edf9f",
            "subnet-02847e925ecf14982",
            "subnet-0fbd3e8113c1d3bc9"
          ],
          "tags": {
            "GithubOrg": "skyworkz",
            "GithubRepo": "kubernetes-training-setup-aws",
            "NodeType": "ondemand"
          },
          "tags_all": {
            "GithubOrg": "skyworkz",
            "GithubRepo": "kubernetes-training-setup-aws",
            "NodeType": "ondemand"
          },
          "taint": [],
          "timeouts": {
            "create": null,
            "delete": null,
            "update": null
          },
          "update_config": [
            {
              "max_unavailable": 0,
              "max_unavailable_percentage": 50
            }
          ],
          "version": "1.27"
        },
        "pe": {
          "ami_type": "AL2_x86_64",
          "arn": "arn:aws:eks:eu-west-1:267074127319:nodegroup/skyworkz-k8s-training-m0Mr1GVr/skyworkz-k8s-training-m0Mr1GVr-pe20231101153421806500000007/c8c5c5c2-bbf4-e2b9-574c-d3ba085b1c63",
          "capacity_type": "ON_DEMAND",
          "cluster_name": "skyworkz-k8s-training-m0Mr1GVr",
          "disk_size": 50,
          "force_update_version": null,
          "id": "skyworkz-k8s-training-m0Mr1GVr:skyworkz-k8s-training-m0Mr1GVr-pe20231101153421806500000007",
          "instance_types": [
            "m5.large"
          ],
          "labels": {
            "NodeGroup": "pe",
            "tenant": "kubetrain"
          },
          "launch_template": [],
          "node_group_name": "skyworkz-k8s-training-m0Mr1GVr-pe20231101153421806500000007",
          "node_group_name_prefix": "skyworkz-k8s-training-m0Mr1GVr-pe",
          "node_role_arn": "arn:aws:iam::267074127319:role/skyworkz-k8s-training-m0Mr1GVr20231101153419958900000001",
          "release_version": "1.27.5-20231002",
          "remote_access": [],
          "resources": [
            {
              "autoscaling_groups": [
                {
                  "name": "eks-skyworkz-k8s-training-m0Mr1GVr-pe20231101153421806500000007-c8c5c5c2-bbf4-e2b9-574c-d3ba085b1c63"
                }
              ],
              "remote_access_security_group_id": ""
            }
          ],
          "scaling_config": [
            {
              "desired_size": 2,
              "max_size": 4,
              "min_size": 1
            }
          ],
          "status": "ACTIVE",
          "subnet_ids": [
            "subnet-00c06455e489edf9f",
            "subnet-02847e925ecf14982",
            "subnet-0fbd3e8113c1d3bc9"
          ],
          "tags": {
            "GithubOrg": "skyworkz",
            "GithubRepo": "kubernetes-training-setup-aws",
            "NodeType": "ondemand"
          },
          "tags_all": {
            "GithubOrg": "skyworkz",
            "GithubRepo": "kubernetes-training-setup-aws",
            "NodeType": "ondemand"
          },
          "taint": [
            {
              "effect": "NO_SCHEDULE",
              "key": "tenant",
              "value": "kubetrain"
            }
          ],
          "timeouts": {
            "create": null,
            "delete": null,
            "update": null
          },
          "update_config": [
            {
              "max_unavailable": 0,
              "max_unavailable_percentage": 50
            }
          ],
          "version": "1.27"
        }
      },
      "type": [
        "object",
        {
          "b1": [
            "object",
            {
              "ami_type": "string",
              "arn": "string",
              "capacity_type": "string",
              "cluster_name": "string",
              "disk_size": "number",
              "force_update_version": "bool",
              "id": "string",
              "instance_types": [
                "list",
                "string"
              ],
              "labels": [
                "map",
                "string"
              ],
              "launch_template": [
                "list",
                [
                  "object",
                  {
                    "id": "string",
                    "name": "string",
                    "version": "string"
                  }
                ]
              ],
              "node_group_name": "string",
              "node_group_name_prefix": "string",
              "node_role_arn": "string",
              "release_version": "string",
              "remote_access": [
                "list",
                [
                  "object",
                  {
                    "ec2_ssh_key": "string",
                    "source_security_group_ids": [
                      "set",
                      "string"
                    ]
                  }
                ]
              ],
              "resources": [
                "list",
                [
                  "object",
                  {
                    "autoscaling_groups": [
                      "list",
                      [
                        "object",
                        {
                          "name": "string"
                        }
                      ]
                    ],
                    "remote_access_security_group_id": "string"
                  }
                ]
              ],
              "scaling_config": [
                "list",
                [
                  "object",
                  {
                    "desired_size": "number",
                    "max_size": "number",
                    "min_size": "number"
                  }
                ]
              ],
              "status": "string",
              "subnet_ids": [
                "set",
                "string"
              ],
              "tags": [
                "map",
                "string"
              ],
              "tags_all": [
                "map",
                "string"
              ],
              "taint": [
                "set",
                [
                  "object",
                  {
                    "effect": "string",
                    "key": "string",
                    "value": "string"
                  }
                ]
              ],
              "timeouts": [
                "object",
                {
                  "create": "string",
                  "delete": "string",
                  "update": "string"
                }
              ],
              "update_config": [
                "list",
                [
                  "object",
                  {
                    "max_unavailable": "number",
                    "max_unavailable_percentage": "number"
                  }
                ]
              ],
              "version": "string"
            }
          ],
          "pe": [
            "object",
            {
              "ami_type": "string",
              "arn": "string",
              "capacity_type": "string",
              "cluster_name": "string",
              "disk_size": "number",
              "force_update_version": "bool",
              "id": "string",
              "instance_types": [
                "list",
                "string"
              ],
              "labels": [
                "map",
                "string"
              ],
              "launch_template": [
                "list",
                [
                  "object",
                  {
                    "id": "string",
                    "name": "string",
                    "version": "string"
                  }
                ]
              ],
              "node_group_name": "string",
              "node_group_name_prefix": "string",
              "node_role_arn": "string",
              "release_version": "string",
              "remote_access": [
                "list",
                [
                  "object",
                  {
                    "ec2_ssh_key": "string",
                    "source_security_group_ids": [
                      "set",
                      "string"
                    ]
                  }
                ]
              ],
              "resources": [
                "list",
                [
                  "object",
                  {
                    "autoscaling_groups": [
                      "list",
                      [
                        "object",
                        {
                          "name": "string"
                        }
                      ]
                    ],
                    "remote_access_security_group_id": "string"
                  }
                ]
              ],
              "scaling_config": [
                "list",
                [
                  "object",
                  {
                    "desired_size": "number",
                    "max_size": "number",
                    "min_size": "number"
                  }
                ]
              ],
              "status": "string",
              "subnet_ids": [
                "set",
                "string"
              ],
              "tags": [
                "map",
                "string"
              ],
              "tags_all": [
                "map",
                "string"
              ],
              "taint": [
                "set",
                [
                  "object",
                  {
                    "effect": "string",
                    "key": "string",
                    "value": "string"
                  }
                ]
              ],
              "timeouts": [
                "object",
                {
                  "create": "string",
                  "delete": "string",
                  "update": "string"
                }
              ],
              "update_config": [
                "list",
                [
                  "object",
                  {
                    "max_unavailable": "number",
                    "max_unavailable_percentage": "number"
                  }
                ]
              ],
              "version": "string"
            }
          ]
        }
      ]
    },
    "oidc_issuer_url": {
      "value": "https://oidc.eks.eu-west-1.amazonaws.com/id/1FC1D562A900B4AE879721AFC65DA4F6",
      "type": "string"
    },
    "oidc_provider_arn": {
      "value": "arn:aws:iam::267074127319:oidc-provider/oidc.eks.eu-west-1.amazonaws.com/id/1FC1D562A900B4AE879721AFC65DA4F6",
      "type": "string"
    }
  },
  "resources": [
    {
      "mode": "data",
      "type": "aws_availability_zones",
      "name": "available",
      "provider": "provider[\"registry.terraform.io/hashicorp/aws\"]",
      "instances": [
        {
          "schema_version": 0,
          "attributes": {
            "all_availability_zones": null,
            "exclude_names": null,
            "exclude_zone_ids": null,
            "filter": null,
            "group_names": [
              "eu-west-1"
            ],
            "id": "eu-west-1",
            "names": [
              "eu-west-1a",
              "eu-west-1b",
              "eu-west-1c"
            ],
            "state": null,
            "zone_ids": [
              "euw1-az1",
              "euw1-az2",
              "euw1-az3"
            ]
          },
          "sensitive_attributes": []
        }
      ]
    },
    {
      "mode": "data",
      "type": "aws_eks_cluster",
      "name": "cluster",
      "provider": "provider[\"registry.terraform.io/hashicorp/aws\"]",
      "instances": [
        {
          "schema_version": 0,
          "attributes": {
            "arn": "arn:aws:eks:eu-west-1:267074127319:cluster/skyworkz-k8s-training-m0Mr1GVr",
            "certificate_authority": [
              {
                "data": "LS0tLS1CRUdJTiBDRVJUSUZJQ0FURS0tLS0tCk1JSURCVENDQWUyZ0F3SUJBZ0lJT0ZZSVhzaGY0UUF3RFFZSktvWklodmNOQVFFTEJRQXdGVEVUTUJFR0ExVUUKQXhNS2EzVmlaWEp1WlhSbGN6QWVGdzB5TXpFeE1ERXhOVEkwTURWYUZ3MHpNekV3TWpreE5USTVNRFZhTUJVeApFekFSQmdOVkJBTVRDbXQxWW1WeWJtVjBaWE13Z2dFaU1BMEdDU3FHU0liM0RRRUJBUVVBQTRJQkR3QXdnZ0VLCkFvSUJBUUMyZzk1RkNXd1JxaVVwTENpYjhxYkFnMm91ZGxLelZPd2JGbFBCT2hKQ0tadUhJajZhOEFra09tSUQKOGh3bDBhRS90QWFSTSsxdjJHTE9UeldjU1NFMjIwY3UrcjY1dWdhQVQ1L0t0MzVNS1FueFhERkJ6bkhpd1lXQQo4YUhRUDBvb1E3QlZDYVZVVlZ1eUIzUllOd0dERkJBZlAxVjNuZEpveUx6alBob1pHeXhxdnlHZzJLNDdMRUU4CjVicXVpWWZ2SUpmY0dJcnB6SWRCeSs4SDJxSUxEQVdnTzhidm9Rb1hMTndpTkI1YXdJQVo5cG1hVlppMlR5NUMKMlJDcEl3ZStqdHg1WmswZEhrMjVrUmd3b0JNa2VKRUlWZEdNWXZ3SEd6a0UzMmVYRHhRMld3YzEzNHBlWGVpMwpRMHpYU3lQRTlXZDQyMmxrelhSamtlOS9qK2NsQWdNQkFBR2pXVEJYTUE0R0ExVWREd0VCL3dRRUF3SUNwREFQCkJnTlZIUk1CQWY4RUJUQURBUUgvTUIwR0ExVWREZ1FXQkJRKzFGNDNNMzVuR3F3aUg1UXFocmRWMHhWOC96QVYKQmdOVkhSRUVEakFNZ2dwcmRXSmxjbTVsZEdWek1BMEdDU3FHU0liM0RRRUJDd1VBQTRJQkFRQTRqVzZxNXIrVQpVYmFaYXBiZ2RWRzk1eVlxTHVOVGxwU25vVkduYy9Rb1RybHNaeGdBOWlSVThKa3JYN2xUTkNzcU1HNUNscnBlCnpQaFhOSytuRnNOUi9EaWY0YkhzMkhMakJmMnlFY1M3Q2dqbW93OEozc0xmazhiNTNxa0ViNStBMHc5VW1lTHEKb1hBaGRYT3lqc2MybVNpTjBBcHQ4UlpKNTdzTStsMjRuTHJqUllGK05veDl0MVphdnEyMnVKbGMyY1BhYzhmMApJRjZEZTFQSWZKNEk3VGZSZmlKR1I4ZEhNeTRRa1NGWFNTM1d5ZzJMakZqQWs3WVhnMG9sa09Oa2ZiTkdrYWFZCktQOUxiSmNzVndaNGtXYTNPY3d4YXJZWkJNZ1dkRXE1Zlc2L2kvd2drRkwvYTlzV1lNZFBpeHF6cGxHd0xaeXQKVXhGT2J1UW9pdU5xCi0tLS0tRU5EIENFUlRJRklDQVRFLS0tLS0K"
              }
            ],
            "created_at": "2023-11-01 15:24:08.263 +0000 UTC",
            "enabled_cluster_log_types": [
              "api",
              "audit",
              "authenticator",
              "controllerManager",
              "scheduler"
            ],
            "endpoint": "https://1FC1D562A900B4AE879721AFC65DA4F6.gr7.eu-west-1.eks.amazonaws.com",
            "id": "skyworkz-k8s-training-m0Mr1GVr",
            "identity": [
              {
                "oidc": [
                  {
                    "issuer": "https://oidc.eks.eu-west-1.amazonaws.com/id/1FC1D562A900B4AE879721AFC65DA4F6"
                  }
                ]
              }
            ],
            "kubernetes_network_config": [
              {
                "ip_family": "ipv4",
                "service_ipv4_cidr": "172.20.0.0/16"
              }
            ],
            "name": "skyworkz-k8s-training-m0Mr1GVr",
            "platform_version": "eks.6",
            "role_arn": "arn:aws:iam::267074127319:role/skyworkz-k8s-training-m0Mr1GVr20231101140129546900000003",
            "status": "ACTIVE",
            "tags": {
              "GithubOrg": "skyworkz",
              "GithubRepo": "kubernetes-training-setup-aws"
            },
            "version": "1.27",
            "vpc_config": [
              {
                "cluster_security_group_id": "sg-0207f472653f50ed9",
                "endpoint_private_access": true,
                "endpoint_public_access": true,
                "public_access_cidrs": [
                  "0.0.0.0/0"
                ],
                "security_group_ids": [
                  "sg-04fb546305efe8384"
                ],
                "subnet_ids": [
                  "subnet-00c06455e489edf9f",
                  "subnet-02847e925ecf14982",
                  "subnet-0fbd3e8113c1d3bc9"
                ],
                "vpc_id": "vpc-0c097766d8319d729"
              }
            ]
          },
          "sensitive_attributes": []
        }
      ]
    },
    {
      "mode": "data",
      "type": "aws_eks_cluster_auth",
      "name": "cluster",
      "provider": "provider[\"registry.terraform.io/hashicorp/aws\"]",
      "instances": [
        {
          "schema_version": 0,
          "attributes": {
            "id": "skyworkz-k8s-training-m0Mr1GVr",
            "name": "skyworkz-k8s-training-m0Mr1GVr",
            "token": "k8s-aws-v1.aHR0cHM6Ly9zdHMuYW1hem9uYXdzLmNvbS8_QWN0aW9uPUdldENhbGxlcklkZW50aXR5JlZlcnNpb249MjAxMS0wNi0xNSZYLUFtei1BbGdvcml0aG09QVdTNC1ITUFDLVNIQTI1NiZYLUFtei1DcmVkZW50aWFsPUFLSUFUNExXM1lYTFRPNlRQTzdWJTJGMjAyMzExMDElMkZ1cy1lYXN0LTElMkZzdHMlMkZhd3M0X3JlcXVlc3QmWC1BbXotRGF0ZT0yMDIzMTEwMVQxNTM0MjBaJlgtQW16LUV4cGlyZXM9MCZYLUFtei1TaWduZWRIZWFkZXJzPWhvc3QlM0J4LWs4cy1hd3MtaWQmWC1BbXotU2lnbmF0dXJlPTY3ZDgzZDQ4ZDQ1ZGNmODlmZTljYTU1MTAxODJhZGQyNjliMmZjNWYxN2I0NDhmOTczOWZjNmQ5ZTg1YzQxYTU"
          },
          "sensitive_attributes": []
        }
      ]
    },
    {
      "mode": "managed",
      "type": "local_sensitive_file",
      "name": "k8s-svc_tfvars",
      "provider": "provider[\"registry.terraform.io/hashicorp/local\"]",
      "instances": [
        {
          "schema_version": 0,
          "attributes": {
            "content": "  eks_cluster_id        = \"skyworkz-k8s-training-m0Mr1GVr\"\n  eks_oidc_issuer_url   = \"https://oidc.eks.eu-west-1.amazonaws.com/id/1FC1D562A900B4AE879721AFC65DA4F6\"\n  eks_oidc_provider_arn = \"arn:aws:iam::267074127319:oidc-provider/oidc.eks.eu-west-1.amazonaws.com/id/1FC1D562A900B4AE879721AFC65DA4F6\"\n\n  external_dns_domain_name = \"k8s-training.aws-tests.skyworkz.nl\"\n",
            "content_base64": null,
            "directory_permission": "0700",
            "file_permission": "0700",
            "filename": "../k8s-svc/terraform.tfvars",
            "id": "5db0cdbdc75b8fba9ea59cc4f70b82f2b481d400",
            "source": null
          },
          "sensitive_attributes": [],
          "private": "bnVsbA==",
          "dependencies": [
            "module.eks.aws_cloudwatch_log_group.this",
            "module.eks.aws_eks_cluster.this",
            "module.eks.aws_iam_openid_connect_provider.oidc_provider",
            "module.eks.aws_iam_role.cluster",
            "module.eks.aws_iam_role_policy_attachment.cluster_AmazonEKSClusterPolicy",
            "module.eks.aws_iam_role_policy_attachment.cluster_AmazonEKSServicePolicy",
            "module.eks.aws_iam_role_policy_attachment.cluster_AmazonEKSVPCResourceControllerPolicy",
            "module.eks.aws_security_group.cluster",
            "module.eks.aws_security_group_rule.cluster_egress_internet",
            "module.eks.aws_security_group_rule.cluster_https_worker_ingress",
            "module.eks.aws_security_group_rule.cluster_private_access_cidrs_source",
            "module.eks.aws_security_group_rule.cluster_private_access_sg_source",
            "module.eks.data.aws_iam_role.custom_cluster_iam_role",
            "module.eks.data.aws_partition.current",
            "module.eks.data.http.wait_for_cluster",
            "module.vpc.aws_subnet.private",
            "random_string.suffix"
          ]
        }
      ]
    },
    {
      "mode": "managed",
      "type": "random_string",
      "name": "suffix",
      "provider": "provider[\"registry.terraform.io/hashicorp/random\"]",
      "instances": [
        {
          "schema_version": 1,
          "attributes": {
            "id": "m0Mr1GVr",
            "keepers": null,
            "length": 8,
            "lower": true,
            "min_lower": 0,
            "min_numeric": 0,
            "min_special": 0,
            "min_upper": 0,
            "number": true,
            "override_special": null,
            "result": "m0Mr1GVr",
            "special": false,
            "upper": true
          },
          "sensitive_attributes": [],
          "private": "eyJzY2hlbWFfdmVyc2lvbiI6IjEifQ==",
          "create_before_destroy": true
        }
      ]
    },
    {
      "module": "module.eks",
      "mode": "data",
      "type": "aws_caller_identity",
      "name": "current",
      "provider": "provider[\"registry.terraform.io/hashicorp/aws\"]",
      "instances": [
        {
          "schema_version": 0,
          "attributes": {
            "account_id": "267074127319",
            "arn": "arn:aws:iam::267074127319:user/terraform-cli",
            "id": "267074127319",
            "user_id": "AIDAT4LW3YXLYKCYEXNZ6"
          },
          "sensitive_attributes": []
        }
      ]
    },
    {
      "module": "module.eks",
      "mode": "data",
      "type": "aws_iam_policy_document",
      "name": "cluster_assume_role_policy",
      "provider": "provider[\"registry.terraform.io/hashicorp/aws\"]",
      "instances": [
        {
          "schema_version": 0,
          "attributes": {
            "id": "2764486067",
            "json": "{\n  \"Version\": \"2012-10-17\",\n  \"Statement\": [\n    {\n      \"Sid\": \"EKSClusterAssumeRole\",\n      \"Effect\": \"Allow\",\n      \"Action\": \"sts:AssumeRole\",\n      \"Principal\": {\n        \"Service\": \"eks.amazonaws.com\"\n      }\n    }\n  ]\n}",
            "override_json": null,
            "override_policy_documents": null,
            "policy_id": null,
            "source_json": null,
            "source_policy_documents": null,
            "statement": [
              {
                "actions": [
                  "sts:AssumeRole"
                ],
                "condition": [],
                "effect": "Allow",
                "not_actions": [],
                "not_principals": [],
                "not_resources": [],
                "principals": [
                  {
                    "identifiers": [
                      "eks.amazonaws.com"
                    ],
                    "type": "Service"
                  }
                ],
                "resources": [],
                "sid": "EKSClusterAssumeRole"
              }
            ],
            "version": "2012-10-17"
          },
          "sensitive_attributes": []
        }
      ]
    },
    {
      "module": "module.eks",
      "mode": "data",
      "type": "aws_iam_policy_document",
      "name": "cluster_deny_log_group",
      "provider": "provider[\"registry.terraform.io/hashicorp/aws\"]",
      "instances": [
        {
          "index_key": 0,
          "schema_version": 0,
          "attributes": {
            "id": "2675893060",
            "json": "{\n  \"Version\": \"2012-10-17\",\n  \"Statement\": [\n    {\n      \"Sid\": \"\",\n      \"Effect\": \"Deny\",\n      \"Action\": \"logs:CreateLogGroup\",\n      \"Resource\": \"*\"\n    }\n  ]\n}",
            "override_json": null,
            "override_policy_documents": null,
            "policy_id": null,
            "source_json": null,
            "source_policy_documents": null,
            "statement": [
              {
                "actions": [
                  "logs:CreateLogGroup"
                ],
                "condition": [],
                "effect": "Deny",
                "not_actions": [],
                "not_principals": [],
                "not_resources": [],
                "principals": [],
                "resources": [
                  "*"
                ],
                "sid": ""
              }
            ],
            "version": "2012-10-17"
          },
          "sensitive_attributes": []
        }
      ]
    },
    {
      "module": "module.eks",
      "mode": "data",
      "type": "aws_iam_policy_document",
      "name": "cluster_elb_sl_role_creation",
      "provider": "provider[\"registry.terraform.io/hashicorp/aws\"]",
      "instances": [
        {
          "index_key": 0,
          "schema_version": 0,
          "attributes": {
            "id": "3709839417",
            "json": "{\n  \"Version\": \"2012-10-17\",\n  \"Statement\": [\n    {\n      \"Sid\": \"\",\n      \"Effect\": \"Allow\",\n      \"Action\": [\n        \"ec2:DescribeInternetGateways\",\n        \"ec2:DescribeAddresses\",\n        \"ec2:DescribeAccountAttributes\"\n      ],\n      \"Resource\": \"*\"\n    }\n  ]\n}",
            "override_json": null,
            "override_policy_documents": null,
            "policy_id": null,
            "source_json": null,
            "source_policy_documents": null,
            "statement": [
              {
                "actions": [
                  "ec2:DescribeAccountAttributes",
                  "ec2:DescribeAddresses",
                  "ec2:DescribeInternetGateways"
                ],
                "condition": [],
                "effect": "Allow",
                "not_actions": [],
                "not_principals": [],
                "not_resources": [],
                "principals": [],
                "resources": [
                  "*"
                ],
                "sid": ""
              }
            ],
            "version": "2012-10-17"
          },
          "sensitive_attributes": []
        }
      ]
    },
    {
      "module": "module.eks",
      "mode": "data",
      "type": "aws_iam_policy_document",
      "name": "workers_assume_role_policy",
      "provider": "provider[\"registry.terraform.io/hashicorp/aws\"]",
      "instances": [
        {
          "schema_version": 0,
          "attributes": {
            "id": "3778018924",
            "json": "{\n  \"Version\": \"2012-10-17\",\n  \"Statement\": [\n    {\n      \"Sid\": \"EKSWorkerAssumeRole\",\n      \"Effect\": \"Allow\",\n      \"Action\": \"sts:AssumeRole\",\n      \"Principal\": {\n        \"Service\": \"ec2.amazonaws.com\"\n      }\n    }\n  ]\n}",
            "override_json": null,
            "override_policy_documents": null,
            "policy_id": null,
            "source_json": null,
            "source_policy_documents": null,
            "statement": [
              {
                "actions": [
                  "sts:AssumeRole"
                ],
                "condition": [],
                "effect": "Allow",
                "not_actions": [],
                "not_principals": [],
                "not_resources": [],
                "principals": [
                  {
                    "identifiers": [
                      "ec2.amazonaws.com"
                    ],
                    "type": "Service"
                  }
                ],
                "resources": [],
                "sid": "EKSWorkerAssumeRole"
              }
            ],
            "version": "2012-10-17"
          },
          "sensitive_attributes": []
        }
      ]
    },
    {
      "module": "module.eks",
      "mode": "data",
      "type": "aws_partition",
      "name": "current",
      "provider": "provider[\"registry.terraform.io/hashicorp/aws\"]",
      "instances": [
        {
          "schema_version": 0,
          "attributes": {
            "dns_suffix": "amazonaws.com",
            "id": "aws",
            "partition": "aws",
            "reverse_dns_prefix": "com.amazonaws"
          },
          "sensitive_attributes": []
        }
      ]
    },
    {
      "module": "module.eks",
      "mode": "data",
      "type": "http",
      "name": "wait_for_cluster",
      "provider": "provider[\"registry.terraform.io/terraform-aws-modules/http\"]",
      "instances": [
        {
          "index_key": 0,
          "schema_version": 0,
          "attributes": {
            "body": "ok",
            "ca_certificate": "-----BEGIN CERTIFICATE-----\nMIIDBTCCAe2gAwIBAgIIOFYIXshf4QAwDQYJKoZIhvcNAQELBQAwFTETMBEGA1UE\nAxMKa3ViZXJuZXRlczAeFw0yMzExMDExNTI0MDVaFw0zMzEwMjkxNTI5MDVaMBUx\nEzARBgNVBAMTCmt1YmVybmV0ZXMwggEiMA0GCSqGSIb3DQEBAQUAA4IBDwAwggEK\nAoIBAQC2g95FCWwRqiUpLCib8qbAg2oudlKzVOwbFlPBOhJCKZuHIj6a8AkkOmID\n8hwl0aE/tAaRM+1v2GLOTzWcSSE220cu+r65ugaAT5/Kt35MKQnxXDFBznHiwYWA\n8aHQP0ooQ7BVCaVUVVuyB3RYNwGDFBAfP1V3ndJoyLzjPhoZGyxqvyGg2K47LEE8\n5bquiYfvIJfcGIrpzIdBy+8H2qILDAWgO8bvoQoXLNwiNB5awIAZ9pmaVZi2Ty5C\n2RCpIwe+jtx5Zk0dHk25kRgwoBMkeJEIVdGMYvwHGzkE32eXDxQ2Wwc134peXei3\nQ0zXSyPE9Wd422lkzXRjke9/j+clAgMBAAGjWTBXMA4GA1UdDwEB/wQEAwICpDAP\nBgNVHRMBAf8EBTADAQH/MB0GA1UdDgQWBBQ+1F43M35nGqwiH5QqhrdV0xV8/zAV\nBgNVHREEDjAMggprdWJlcm5ldGVzMA0GCSqGSIb3DQEBCwUAA4IBAQA4jW6q5r+U\nUbaZapbgdVG95yYqLuNTlpSnoVGnc/QoTrlsZxgA9iRU8JkrX7lTNCsqMG5Clrpe\nzPhXNK+nFsNR/Dif4bHs2HLjBf2yEcS7Cgjmow8J3sLfk8b53qkEb5+A0w9UmeLq\noXAhdXOyjsc2mSiN0Apt8RZJ57sM+l24nLrjRYF+Nox9t1Zavq22uJlc2cPac8f0\nIF6De1PIfJ4I7TfRfiJGR8dHMy4QkSFXSS3Wyg2LjFjAk7YXg0olkONkfbNGkaaY\nKP9LbJcsVwZ4kWa3OcwxarYZBMgWdEq5fW6/i/wgkFL/a9sWYMdPixqzplGwLZyt\nUxFObuQoiuNq\n-----END CERTIFICATE-----\n",
            "id": "https://1FC1D562A900B4AE879721AFC65DA4F6.gr7.eu-west-1.eks.amazonaws.com/healthz",
            "insecure": false,
            "request_headers": null,
            "response_headers": {
              "Audit-Id": "3a6cf9aa-e03a-40fe-ae78-c2c9659a1d96",
              "Cache-Control": "no-cache, private",
              "Content-Length": "2",
              "Content-Type": "text/plain; charset=utf-8",
              "Date": "Wed, 01 Nov 2023 15:34:20 GMT",
              "X-Content-Type-Options": "nosniff",
              "X-Kubernetes-Pf-Flowschema-Uid": "4702e76e-6de7-4033-b0dd-ad912725604a",
              "X-Kubernetes-Pf-Prioritylevel-Uid": "00ba5077-3510-4c6a-897b-82b0de126162"
            },
            "timeout": 300,
            "url": "https://1FC1D562A900B4AE879721AFC65DA4F6.gr7.eu-west-1.eks.amazonaws.com/healthz"
          },
          "sensitive_attributes": []
        }
      ]
    },
    {
      "module": "module.eks",
      "mode": "managed",
      "type": "aws_cloudwatch_log_group",
      "name": "this",
      "provider": "provider[\"registry.terraform.io/hashicorp/aws\"]",
      "instances": [
        {
          "index_key": 0,
          "schema_version": 0,
          "attributes": {
            "arn": "arn:aws:logs:eu-west-1:267074127319:log-group:/aws/eks/skyworkz-k8s-training-m0Mr1GVr/cluster",
            "id": "/aws/eks/skyworkz-k8s-training-m0Mr1GVr/cluster",
            "kms_key_id": "",
            "name": "/aws/eks/skyworkz-k8s-training-m0Mr1GVr/cluster",
            "name_prefix": null,
            "retention_in_days": 90,
            "tags": {
              "GithubOrg": "skyworkz",
              "GithubRepo": "kubernetes-training-setup-aws"
            },
            "tags_all": {
              "GithubOrg": "skyworkz",
              "GithubRepo": "kubernetes-training-setup-aws"
            }
          },
          "sensitive_attributes": [],
          "private": "bnVsbA==",
          "dependencies": [
            "random_string.suffix"
          ],
          "create_before_destroy": true
        }
      ]
    },
    {
      "module": "module.eks",
      "mode": "managed",
      "type": "aws_eks_cluster",
      "name": "this",
      "provider": "provider[\"registry.terraform.io/hashicorp/aws\"]",
      "instances": [
        {
          "index_key": 0,
          "schema_version": 0,
          "attributes": {
            "arn": "arn:aws:eks:eu-west-1:267074127319:cluster/skyworkz-k8s-training-m0Mr1GVr",
            "certificate_authority": [
              {
                "data": "LS0tLS1CRUdJTiBDRVJUSUZJQ0FURS0tLS0tCk1JSURCVENDQWUyZ0F3SUJBZ0lJT0ZZSVhzaGY0UUF3RFFZSktvWklodmNOQVFFTEJRQXdGVEVUTUJFR0ExVUUKQXhNS2EzVmlaWEp1WlhSbGN6QWVGdzB5TXpFeE1ERXhOVEkwTURWYUZ3MHpNekV3TWpreE5USTVNRFZhTUJVeApFekFSQmdOVkJBTVRDbXQxWW1WeWJtVjBaWE13Z2dFaU1BMEdDU3FHU0liM0RRRUJBUVVBQTRJQkR3QXdnZ0VLCkFvSUJBUUMyZzk1RkNXd1JxaVVwTENpYjhxYkFnMm91ZGxLelZPd2JGbFBCT2hKQ0tadUhJajZhOEFra09tSUQKOGh3bDBhRS90QWFSTSsxdjJHTE9UeldjU1NFMjIwY3UrcjY1dWdhQVQ1L0t0MzVNS1FueFhERkJ6bkhpd1lXQQo4YUhRUDBvb1E3QlZDYVZVVlZ1eUIzUllOd0dERkJBZlAxVjNuZEpveUx6alBob1pHeXhxdnlHZzJLNDdMRUU4CjVicXVpWWZ2SUpmY0dJcnB6SWRCeSs4SDJxSUxEQVdnTzhidm9Rb1hMTndpTkI1YXdJQVo5cG1hVlppMlR5NUMKMlJDcEl3ZStqdHg1WmswZEhrMjVrUmd3b0JNa2VKRUlWZEdNWXZ3SEd6a0UzMmVYRHhRMld3YzEzNHBlWGVpMwpRMHpYU3lQRTlXZDQyMmxrelhSamtlOS9qK2NsQWdNQkFBR2pXVEJYTUE0R0ExVWREd0VCL3dRRUF3SUNwREFQCkJnTlZIUk1CQWY4RUJUQURBUUgvTUIwR0ExVWREZ1FXQkJRKzFGNDNNMzVuR3F3aUg1UXFocmRWMHhWOC96QVYKQmdOVkhSRUVEakFNZ2dwcmRXSmxjbTVsZEdWek1BMEdDU3FHU0liM0RRRUJDd1VBQTRJQkFRQTRqVzZxNXIrVQpVYmFaYXBiZ2RWRzk1eVlxTHVOVGxwU25vVkduYy9Rb1RybHNaeGdBOWlSVThKa3JYN2xUTkNzcU1HNUNscnBlCnpQaFhOSytuRnNOUi9EaWY0YkhzMkhMakJmMnlFY1M3Q2dqbW93OEozc0xmazhiNTNxa0ViNStBMHc5VW1lTHEKb1hBaGRYT3lqc2MybVNpTjBBcHQ4UlpKNTdzTStsMjRuTHJqUllGK05veDl0MVphdnEyMnVKbGMyY1BhYzhmMApJRjZEZTFQSWZKNEk3VGZSZmlKR1I4ZEhNeTRRa1NGWFNTM1d5ZzJMakZqQWs3WVhnMG9sa09Oa2ZiTkdrYWFZCktQOUxiSmNzVndaNGtXYTNPY3d4YXJZWkJNZ1dkRXE1Zlc2L2kvd2drRkwvYTlzV1lNZFBpeHF6cGxHd0xaeXQKVXhGT2J1UW9pdU5xCi0tLS0tRU5EIENFUlRJRklDQVRFLS0tLS0K"
              }
            ],
            "created_at": "2023-11-01 15:24:08.263 +0000 UTC",
            "enabled_cluster_log_types": [
              "api",
              "audit",
              "authenticator",
              "controllerManager",
              "scheduler"
            ],
            "encryption_config": [],
            "endpoint": "https://1FC1D562A900B4AE879721AFC65DA4F6.gr7.eu-west-1.eks.amazonaws.com",
            "id": "skyworkz-k8s-training-m0Mr1GVr",
            "identity": [
              {
                "oidc": [
                  {
                    "issuer": "https://oidc.eks.eu-west-1.amazonaws.com/id/1FC1D562A900B4AE879721AFC65DA4F6"
                  }
                ]
              }
            ],
            "kubernetes_network_config": [
              {
                "ip_family": "ipv4",
                "service_ipv4_cidr": "172.20.0.0/16"
              }
            ],
            "name": "skyworkz-k8s-training-m0Mr1GVr",
            "platform_version": "eks.6",
            "role_arn": "arn:aws:iam::267074127319:role/skyworkz-k8s-training-m0Mr1GVr20231101140129546900000003",
            "status": "ACTIVE",
            "tags": {
              "GithubOrg": "skyworkz",
              "GithubRepo": "kubernetes-training-setup-aws"
            },
            "tags_all": {
              "GithubOrg": "skyworkz",
              "GithubRepo": "kubernetes-training-setup-aws"
            },
            "timeouts": {
              "create": "30m",
              "delete": "15m",
              "update": "60m"
            },
            "version": "1.27",
            "vpc_config": [
              {
                "cluster_security_group_id": "sg-0207f472653f50ed9",
                "endpoint_private_access": true,
                "endpoint_public_access": true,
                "public_access_cidrs": [
                  "0.0.0.0/0"
                ],
                "security_group_ids": [
                  "sg-04fb546305efe8384"
                ],
                "subnet_ids": [
                  "subnet-00c06455e489edf9f",
                  "subnet-02847e925ecf14982",
                  "subnet-0fbd3e8113c1d3bc9"
                ],
                "vpc_id": "vpc-0c097766d8319d729"
              }
            ]
          },
          "sensitive_attributes": [],
          "private": "eyJlMmJmYjczMC1lY2FhLTExZTYtOGY4OC0zNDM2M2JjN2M0YzAiOnsiY3JlYXRlIjoxODAwMDAwMDAwMDAwLCJkZWxldGUiOjkwMDAwMDAwMDAwMCwidXBkYXRlIjozNjAwMDAwMDAwMDAwfX0=",
          "dependencies": [
            "module.eks.aws_cloudwatch_log_group.this",
            "module.eks.aws_iam_role.cluster",
            "module.eks.aws_iam_role_policy_attachment.cluster_AmazonEKSClusterPolicy",
            "module.eks.aws_iam_role_policy_attachment.cluster_AmazonEKSServicePolicy",
            "module.eks.aws_iam_role_policy_attachment.cluster_AmazonEKSVPCResourceControllerPolicy",
            "module.eks.aws_security_group.cluster",
            "module.eks.aws_security_group_rule.cluster_egress_internet",
            "module.eks.aws_security_group_rule.cluster_https_worker_ingress",
            "module.eks.data.aws_iam_role.custom_cluster_iam_role",
            "module.vpc.aws_subnet.private",
            "random_string.suffix"
          ],
          "create_before_destroy": true
        }
      ]
    },
    {
      "module": "module.eks",
      "mode": "managed",
      "type": "aws_iam_openid_connect_provider",
      "name": "oidc_provider",
      "provider": "provider[\"registry.terraform.io/hashicorp/aws\"]",
      "instances": [
        {
          "index_key": 0,
          "schema_version": 0,
          "attributes": {
            "arn": "arn:aws:iam::267074127319:oidc-provider/oidc.eks.eu-west-1.amazonaws.com/id/1FC1D562A900B4AE879721AFC65DA4F6",
            "client_id_list": [
              "sts.amazonaws.com"
            ],
            "id": "arn:aws:iam::267074127319:oidc-provider/oidc.eks.eu-west-1.amazonaws.com/id/1FC1D562A900B4AE879721AFC65DA4F6",
            "tags": {
              "GithubOrg": "skyworkz",
              "GithubRepo": "kubernetes-training-setup-aws",
              "Name": "skyworkz-k8s-training-m0Mr1GVr-eks-irsa"
            },
            "tags_all": {
              "GithubOrg": "skyworkz",
              "GithubRepo": "kubernetes-training-setup-aws",
              "Name": "skyworkz-k8s-training-m0Mr1GVr-eks-irsa"
            },
            "thumbprint_list": [
              "9e99a48a9960b14926bb7f3b02e22da2b0ab7280"
            ],
            "url": "oidc.eks.eu-west-1.amazonaws.com/id/1FC1D562A900B4AE879721AFC65DA4F6"
          },
          "sensitive_attributes": [],
          "private": "bnVsbA==",
          "dependencies": [
            "module.eks.aws_cloudwatch_log_group.this",
            "module.eks.aws_eks_cluster.this",
            "module.eks.aws_iam_role.cluster",
            "module.eks.aws_iam_role_policy_attachment.cluster_AmazonEKSClusterPolicy",
            "module.eks.aws_iam_role_policy_attachment.cluster_AmazonEKSServicePolicy",
            "module.eks.aws_iam_role_policy_attachment.cluster_AmazonEKSVPCResourceControllerPolicy",
            "module.eks.aws_security_group.cluster",
            "module.eks.aws_security_group_rule.cluster_egress_internet",
            "module.eks.aws_security_group_rule.cluster_https_worker_ingress",
            "module.eks.data.aws_iam_role.custom_cluster_iam_role",
            "module.eks.data.aws_partition.current",
            "module.vpc.aws_subnet.private",
            "random_string.suffix"
          ]
        }
      ]
    },
    {
      "module": "module.eks",
      "mode": "managed",
      "type": "aws_iam_policy",
      "name": "cluster_deny_log_group",
      "provider": "provider[\"registry.terraform.io/hashicorp/aws\"]",
      "instances": [
        {
          "index_key": 0,
          "schema_version": 0,
          "attributes": {
            "arn": "arn:aws:iam::267074127319:policy/skyworkz-k8s-training-m0Mr1GVr-deny-log-group20231101140129545400000002",
            "description": "Deny CreateLogGroup",
            "id": "arn:aws:iam::267074127319:policy/skyworkz-k8s-training-m0Mr1GVr-deny-log-group20231101140129545400000002",
            "name": "skyworkz-k8s-training-m0Mr1GVr-deny-log-group20231101140129545400000002",
            "name_prefix": "skyworkz-k8s-training-m0Mr1GVr-deny-log-group",
            "path": "/",
            "policy": "{\"Statement\":[{\"Action\":\"logs:CreateLogGroup\",\"Effect\":\"Deny\",\"Resource\":\"*\",\"Sid\":\"\"}],\"Version\":\"2012-10-17\"}",
            "policy_id": "ANPAT4LW3YXLSKB27QUZT",
            "tags": {
              "GithubOrg": "skyworkz",
              "GithubRepo": "kubernetes-training-setup-aws"
            },
            "tags_all": {
              "GithubOrg": "skyworkz",
              "GithubRepo": "kubernetes-training-setup-aws"
            }
          },
          "sensitive_attributes": [],
          "private": "bnVsbA==",
          "dependencies": [
            "module.eks.data.aws_iam_policy_document.cluster_deny_log_group",
            "random_string.suffix"
          ]
        }
      ]
    },
    {
      "module": "module.eks",
      "mode": "managed",
      "type": "aws_iam_policy",
      "name": "cluster_elb_sl_role_creation",
      "provider": "provider[\"registry.terraform.io/hashicorp/aws\"]",
      "instances": [
        {
          "index_key": 0,
          "schema_version": 0,
          "attributes": {
            "arn": "arn:aws:iam::267074127319:policy/skyworkz-k8s-training-m0Mr1GVr-elb-sl-role-creation20231101140129544700000001",
            "description": "Permissions for EKS to create AWSServiceRoleForElasticLoadBalancing service-linked role",
            "id": "arn:aws:iam::267074127319:policy/skyworkz-k8s-training-m0Mr1GVr-elb-sl-role-creation20231101140129544700000001",
            "name": "skyworkz-k8s-training-m0Mr1GVr-elb-sl-role-creation20231101140129544700000001",
            "name_prefix": "skyworkz-k8s-training-m0Mr1GVr-elb-sl-role-creation",
            "path": "/",
            "policy": "{\"Statement\":[{\"Action\":[\"ec2:DescribeInternetGateways\",\"ec2:DescribeAddresses\",\"ec2:DescribeAccountAttributes\"],\"Effect\":\"Allow\",\"Resource\":\"*\",\"Sid\":\"\"}],\"Version\":\"2012-10-17\"}",
            "policy_id": "ANPAT4LW3YXL64NADGKEI",
            "tags": {
              "GithubOrg": "skyworkz",
              "GithubRepo": "kubernetes-training-setup-aws"
            },
            "tags_all": {
              "GithubOrg": "skyworkz",
              "GithubRepo": "kubernetes-training-setup-aws"
            }
          },
          "sensitive_attributes": [],
          "private": "bnVsbA==",
          "dependencies": [
            "module.eks.data.aws_iam_policy_document.cluster_elb_sl_role_creation",
            "random_string.suffix"
          ]
        }
      ]
    },
    {
      "module": "module.eks",
      "mode": "managed",
      "type": "aws_iam_role",
      "name": "cluster",
      "provider": "provider[\"registry.terraform.io/hashicorp/aws\"]",
      "instances": [
        {
          "index_key": 0,
          "schema_version": 0,
          "attributes": {
            "arn": "arn:aws:iam::267074127319:role/skyworkz-k8s-training-m0Mr1GVr20231101140129546900000003",
            "assume_role_policy": "{\"Version\":\"2012-10-17\",\"Statement\":[{\"Sid\":\"EKSClusterAssumeRole\",\"Effect\":\"Allow\",\"Principal\":{\"Service\":\"eks.amazonaws.com\"},\"Action\":\"sts:AssumeRole\"}]}",
            "create_date": "2023-11-01T14:01:29Z",
            "description": "",
            "force_detach_policies": true,
            "id": "skyworkz-k8s-training-m0Mr1GVr20231101140129546900000003",
            "inline_policy": [
              {
                "name": "",
                "policy": ""
              }
            ],
            "managed_policy_arns": [
              "arn:aws:iam::267074127319:policy/skyworkz-k8s-training-m0Mr1GVr-deny-log-group20231101140129545400000002",
              "arn:aws:iam::267074127319:policy/skyworkz-k8s-training-m0Mr1GVr-elb-sl-role-creation20231101140129544700000001",
              "arn:aws:iam::aws:policy/AmazonEKSClusterPolicy",
              "arn:aws:iam::aws:policy/AmazonEKSServicePolicy",
              "arn:aws:iam::aws:policy/AmazonEKSVPCResourceController"
            ],
            "max_session_duration": 3600,
            "name": "skyworkz-k8s-training-m0Mr1GVr20231101140129546900000003",
            "name_prefix": "skyworkz-k8s-training-m0Mr1GVr",
            "path": "/",
            "permissions_boundary": null,
            "tags": {
              "GithubOrg": "skyworkz",
              "GithubRepo": "kubernetes-training-setup-aws"
            },
            "tags_all": {
              "GithubOrg": "skyworkz",
              "GithubRepo": "kubernetes-training-setup-aws"
            },
            "unique_id": "AROAT4LW3YXL32EDAUMPO"
          },
          "sensitive_attributes": [],
          "private": "bnVsbA==",
          "dependencies": [
            "module.eks.data.aws_iam_policy_document.cluster_assume_role_policy",
            "random_string.suffix"
          ],
          "create_before_destroy": true
        }
      ]
    },
    {
      "module": "module.eks",
      "mode": "managed",
      "type": "aws_iam_role",
      "name": "workers",
      "provider": "provider[\"registry.terraform.io/hashicorp/aws\"]",
      "instances": [
        {
          "index_key": 0,
          "schema_version": 0,
          "attributes": {
            "arn": "arn:aws:iam::267074127319:role/skyworkz-k8s-training-m0Mr1GVr20231101153419958900000001",
            "assume_role_policy": "{\"Version\":\"2012-10-17\",\"Statement\":[{\"Sid\":\"EKSWorkerAssumeRole\",\"Effect\":\"Allow\",\"Principal\":{\"Service\":\"ec2.amazonaws.com\"},\"Action\":\"sts:AssumeRole\"}]}",
            "create_date": "2023-11-01T15:34:20Z",
            "description": "",
            "force_detach_policies": true,
            "id": "skyworkz-k8s-training-m0Mr1GVr20231101153419958900000001",
            "inline_policy": [
              {
                "name": "",
                "policy": ""
              }
            ],
            "managed_policy_arns": [],
            "max_session_duration": 3600,
            "name": "skyworkz-k8s-training-m0Mr1GVr20231101153419958900000001",
            "name_prefix": "skyworkz-k8s-training-m0Mr1GVr",
            "path": "/",
            "permissions_boundary": null,
            "tags": {
              "GithubOrg": "skyworkz",
              "GithubRepo": "kubernetes-training-setup-aws"
            },
            "tags_all": {
              "GithubOrg": "skyworkz",
              "GithubRepo": "kubernetes-training-setup-aws"
            },
            "unique_id": "AROAT4LW3YXLS2OEYZ4LO"
          },
          "sensitive_attributes": [],
          "private": "bnVsbA==",
          "dependencies": [
            "module.eks.aws_cloudwatch_log_group.this",
            "module.eks.aws_eks_cluster.this",
            "module.eks.aws_iam_role.cluster",
            "module.eks.aws_iam_role_policy_attachment.cluster_AmazonEKSClusterPolicy",
            "module.eks.aws_iam_role_policy_attachment.cluster_AmazonEKSServicePolicy",
            "module.eks.aws_iam_role_policy_attachment.cluster_AmazonEKSVPCResourceControllerPolicy",
            "module.eks.aws_security_group.cluster",
            "module.eks.aws_security_group_rule.cluster_egress_internet",
            "module.eks.aws_security_group_rule.cluster_https_worker_ingress",
            "module.eks.data.aws_iam_policy_document.workers_assume_role_policy",
            "module.eks.data.aws_iam_role.custom_cluster_iam_role",
            "module.vpc.aws_subnet.private",
            "random_string.suffix"
          ],
          "create_before_destroy": true
        }
      ]
    },
    {
      "module": "module.eks",
      "mode": "managed",
      "type": "aws_iam_role_policy_attachment",
      "name": "cluster_AmazonEKSClusterPolicy",
      "provider": "provider[\"registry.terraform.io/hashicorp/aws\"]",
      "instances": [
        {
          "index_key": 0,
          "schema_version": 0,
          "attributes": {
            "id": "skyworkz-k8s-training-m0Mr1GVr20231101140129546900000003-20231101140131039700000004",
            "policy_arn": "arn:aws:iam::aws:policy/AmazonEKSClusterPolicy",
            "role": "skyworkz-k8s-training-m0Mr1GVr20231101140129546900000003"
          },
          "sensitive_attributes": [],
          "private": "bnVsbA==",
          "dependencies": [
            "module.eks.aws_iam_role.cluster",
            "module.eks.data.aws_iam_policy_document.cluster_assume_role_policy",
            "module.eks.data.aws_partition.current",
            "random_string.suffix"
          ],
          "create_before_destroy": true
        }
      ]
    },
    {
      "module": "module.eks",
      "mode": "managed",
      "type": "aws_iam_role_policy_attachment",
      "name": "cluster_AmazonEKSServicePolicy",
      "provider": "provider[\"registry.terraform.io/hashicorp/aws\"]",
      "instances": [
        {
          "index_key": 0,
          "schema_version": 0,
          "attributes": {
            "id": "skyworkz-k8s-training-m0Mr1GVr20231101140129546900000003-20231101140131062500000006",
            "policy_arn": "arn:aws:iam::aws:policy/AmazonEKSServicePolicy",
            "role": "skyworkz-k8s-training-m0Mr1GVr20231101140129546900000003"
          },
          "sensitive_attributes": [],
          "private": "bnVsbA==",
          "dependencies": [
            "module.eks.aws_iam_role.cluster",
            "module.eks.data.aws_iam_policy_document.cluster_assume_role_policy",
            "module.eks.data.aws_partition.current",
            "random_string.suffix"
          ],
          "create_before_destroy": true
        }
      ]
    },
    {
      "module": "module.eks",
      "mode": "managed",
      "type": "aws_iam_role_policy_attachment",
      "name": "cluster_AmazonEKSVPCResourceControllerPolicy",
      "provider": "provider[\"registry.terraform.io/hashicorp/aws\"]",
      "instances": [
        {
          "index_key": 0,
          "schema_version": 0,
          "attributes": {
            "id": "skyworkz-k8s-training-m0Mr1GVr20231101140129546900000003-20231101140131229200000008",
            "policy_arn": "arn:aws:iam::aws:policy/AmazonEKSVPCResourceController",
            "role": "skyworkz-k8s-training-m0Mr1GVr20231101140129546900000003"
          },
          "sensitive_attributes": [],
          "private": "bnVsbA==",
          "dependencies": [
            "module.eks.aws_iam_role.cluster",
            "module.eks.data.aws_iam_policy_document.cluster_assume_role_policy",
            "module.eks.data.aws_partition.current",
            "random_string.suffix"
          ],
          "create_before_destroy": true
        }
      ]
    },
    {
      "module": "module.eks",
      "mode": "managed",
      "type": "aws_iam_role_policy_attachment",
      "name": "cluster_deny_log_group",
      "provider": "provider[\"registry.terraform.io/hashicorp/aws\"]",
      "instances": [
        {
          "index_key": 0,
          "schema_version": 0,
          "attributes": {
            "id": "skyworkz-k8s-training-m0Mr1GVr20231101140129546900000003-20231101140131045700000005",
            "policy_arn": "arn:aws:iam::267074127319:policy/skyworkz-k8s-training-m0Mr1GVr-deny-log-group20231101140129545400000002",
            "role": "skyworkz-k8s-training-m0Mr1GVr20231101140129546900000003"
          },
          "sensitive_attributes": [],
          "private": "bnVsbA==",
          "dependencies": [
            "module.eks.aws_iam_policy.cluster_deny_log_group",
            "module.eks.aws_iam_role.cluster",
            "module.eks.data.aws_iam_policy_document.cluster_assume_role_policy",
            "module.eks.data.aws_iam_policy_document.cluster_deny_log_group",
            "random_string.suffix"
          ]
        }
      ]
    },
    {
      "module": "module.eks",
      "mode": "managed",
      "type": "aws_iam_role_policy_attachment",
      "name": "cluster_elb_sl_role_creation",
      "provider": "provider[\"registry.terraform.io/hashicorp/aws\"]",
      "instances": [
        {
          "index_key": 0,
          "schema_version": 0,
          "attributes": {
            "id": "skyworkz-k8s-training-m0Mr1GVr20231101140129546900000003-20231101140131224400000007",
            "policy_arn": "arn:aws:iam::267074127319:policy/skyworkz-k8s-training-m0Mr1GVr-elb-sl-role-creation20231101140129544700000001",
            "role": "skyworkz-k8s-training-m0Mr1GVr20231101140129546900000003"
          },
          "sensitive_attributes": [],
          "private": "bnVsbA==",
          "dependencies": [
            "module.eks.aws_iam_policy.cluster_elb_sl_role_creation",
            "module.eks.aws_iam_role.cluster",
            "module.eks.data.aws_iam_policy_document.cluster_assume_role_policy",
            "module.eks.data.aws_iam_policy_document.cluster_elb_sl_role_creation",
            "random_string.suffix"
          ]
        }
      ]
    },
    {
      "module": "module.eks",
      "mode": "managed",
      "type": "aws_iam_role_policy_attachment",
      "name": "workers_AmazonEC2ContainerRegistryReadOnly",
      "provider": "provider[\"registry.terraform.io/hashicorp/aws\"]",
      "instances": [
        {
          "index_key": 0,
          "schema_version": 0,
          "attributes": {
            "id": "skyworkz-k8s-training-m0Mr1GVr20231101153419958900000001-20231101153421600800000004",
            "policy_arn": "arn:aws:iam::aws:policy/AmazonEC2ContainerRegistryReadOnly",
            "role": "skyworkz-k8s-training-m0Mr1GVr20231101153419958900000001"
          },
          "sensitive_attributes": [],
          "private": "bnVsbA==",
          "dependencies": [
            "module.eks.aws_cloudwatch_log_group.this",
            "module.eks.aws_eks_cluster.this",
            "module.eks.aws_iam_role.cluster",
            "module.eks.aws_iam_role.workers",
            "module.eks.aws_iam_role_policy_attachment.cluster_AmazonEKSClusterPolicy",
            "module.eks.aws_iam_role_policy_attachment.cluster_AmazonEKSServicePolicy",
            "module.eks.aws_iam_role_policy_attachment.cluster_AmazonEKSVPCResourceControllerPolicy",
            "module.eks.aws_security_group.cluster",
            "module.eks.aws_security_group_rule.cluster_egress_internet",
            "module.eks.aws_security_group_rule.cluster_https_worker_ingress",
            "module.eks.data.aws_iam_policy_document.workers_assume_role_policy",
            "module.eks.data.aws_iam_role.custom_cluster_iam_role",
            "module.eks.data.aws_partition.current",
            "module.vpc.aws_subnet.private",
            "random_string.suffix"
          ],
          "create_before_destroy": true
        }
      ]
    },
    {
      "module": "module.eks",
      "mode": "managed",
      "type": "aws_iam_role_policy_attachment",
      "name": "workers_AmazonEKSWorkerNodePolicy",
      "provider": "provider[\"registry.terraform.io/hashicorp/aws\"]",
      "instances": [
        {
          "index_key": 0,
          "schema_version": 0,
          "attributes": {
            "id": "skyworkz-k8s-training-m0Mr1GVr20231101153419958900000001-20231101153421453400000002",
            "policy_arn": "arn:aws:iam::aws:policy/AmazonEKSWorkerNodePolicy",
            "role": "skyworkz-k8s-training-m0Mr1GVr20231101153419958900000001"
          },
          "sensitive_attributes": [],
          "private": "bnVsbA==",
          "dependencies": [
            "module.eks.aws_cloudwatch_log_group.this",
            "module.eks.aws_eks_cluster.this",
            "module.eks.aws_iam_role.cluster",
            "module.eks.aws_iam_role.workers",
            "module.eks.aws_iam_role_policy_attachment.cluster_AmazonEKSClusterPolicy",
            "module.eks.aws_iam_role_policy_attachment.cluster_AmazonEKSServicePolicy",
            "module.eks.aws_iam_role_policy_attachment.cluster_AmazonEKSVPCResourceControllerPolicy",
            "module.eks.aws_security_group.cluster",
            "module.eks.aws_security_group_rule.cluster_egress_internet",
            "module.eks.aws_security_group_rule.cluster_https_worker_ingress",
            "module.eks.data.aws_iam_policy_document.workers_assume_role_policy",
            "module.eks.data.aws_iam_role.custom_cluster_iam_role",
            "module.eks.data.aws_partition.current",
            "module.vpc.aws_subnet.private",
            "random_string.suffix"
          ],
          "create_before_destroy": true
        }
      ]
    },
    {
      "module": "module.eks",
      "mode": "managed",
      "type": "aws_iam_role_policy_attachment",
      "name": "workers_AmazonEKS_CNI_Policy",
      "provider": "provider[\"registry.terraform.io/hashicorp/aws\"]",
      "instances": [
        {
          "index_key": 0,
          "schema_version": 0,
          "attributes": {
            "id": "skyworkz-k8s-training-m0Mr1GVr20231101153419958900000001-20231101153421463100000003",
            "policy_arn": "arn:aws:iam::aws:policy/AmazonEKS_CNI_Policy",
            "role": "skyworkz-k8s-training-m0Mr1GVr20231101153419958900000001"
          },
          "sensitive_attributes": [],
          "private": "bnVsbA==",
          "dependencies": [
            "module.eks.aws_cloudwatch_log_group.this",
            "module.eks.aws_eks_cluster.this",
            "module.eks.aws_iam_role.cluster",
            "module.eks.aws_iam_role.workers",
            "module.eks.aws_iam_role_policy_attachment.cluster_AmazonEKSClusterPolicy",
            "module.eks.aws_iam_role_policy_attachment.cluster_AmazonEKSServicePolicy",
            "module.eks.aws_iam_role_policy_attachment.cluster_AmazonEKSVPCResourceControllerPolicy",
            "module.eks.aws_security_group.cluster",
            "module.eks.aws_security_group_rule.cluster_egress_internet",
            "module.eks.aws_security_group_rule.cluster_https_worker_ingress",
            "module.eks.data.aws_iam_policy_document.workers_assume_role_policy",
            "module.eks.data.aws_iam_role.custom_cluster_iam_role",
            "module.eks.data.aws_partition.current",
            "module.vpc.aws_subnet.private",
            "random_string.suffix"
          ],
          "create_before_destroy": true
        }
      ]
    },
    {
      "module": "module.eks",
      "mode": "managed",
      "type": "aws_security_group",
      "name": "cluster",
      "provider": "provider[\"registry.terraform.io/hashicorp/aws\"]",
      "instances": [
        {
          "index_key": 0,
          "schema_version": 1,
          "attributes": {
            "arn": "arn:aws:ec2:eu-west-1:267074127319:security-group/sg-04fb546305efe8384",
            "description": "EKS cluster security group.",
            "egress": [
              {
                "cidr_blocks": [
                  "0.0.0.0/0"
                ],
                "description": "Allow cluster egress access to the Internet.",
                "from_port": 0,
                "ipv6_cidr_blocks": [],
                "prefix_list_ids": [],
                "protocol": "-1",
                "security_groups": [],
                "self": false,
                "to_port": 0
              }
            ],
            "id": "sg-04fb546305efe8384",
            "ingress": [
              {
                "cidr_blocks": [],
                "description": "Allow pods to communicate with the EKS cluster API.",
                "from_port": 443,
                "ipv6_cidr_blocks": [],
                "prefix_list_ids": [],
                "protocol": "tcp",
                "security_groups": [
                  "sg-02cf4eeb31cdc2ffd"
                ],
                "self": false,
                "to_port": 443
              }
            ],
            "name": "skyworkz-k8s-training-m0Mr1GVr20231101140140759200000009",
            "name_prefix": "skyworkz-k8s-training-m0Mr1GVr",
            "owner_id": "267074127319",
            "revoke_rules_on_delete": false,
            "tags": {
              "GithubOrg": "skyworkz",
              "GithubRepo": "kubernetes-training-setup-aws",
              "Name": "skyworkz-k8s-training-m0Mr1GVr-eks_cluster_sg"
            },
            "tags_all": {
              "GithubOrg": "skyworkz",
              "GithubRepo": "kubernetes-training-setup-aws",
              "Name": "skyworkz-k8s-training-m0Mr1GVr-eks_cluster_sg"
            },
            "timeouts": null,
            "vpc_id": "vpc-0c097766d8319d729"
          },
          "sensitive_attributes": [],
          "private": "eyJlMmJmYjczMC1lY2FhLTExZTYtOGY4OC0zNDM2M2JjN2M0YzAiOnsiY3JlYXRlIjo2MDAwMDAwMDAwMDAsImRlbGV0ZSI6OTAwMDAwMDAwMDAwfSwic2NoZW1hX3ZlcnNpb24iOiIxIn0=",
          "dependencies": [
            "module.vpc.aws_vpc.this",
            "random_string.suffix"
          ],
          "create_before_destroy": true
        }
      ]
    },
    {
      "module": "module.eks",
      "mode": "managed",
      "type": "aws_security_group",
      "name": "workers",
      "provider": "provider[\"registry.terraform.io/hashicorp/aws\"]",
      "instances": [
        {
          "index_key": 0,
          "schema_version": 1,
          "attributes": {
            "arn": "arn:aws:ec2:eu-west-1:267074127319:security-group/sg-02cf4eeb31cdc2ffd",
            "description": "Security group for all nodes in the cluster.",
            "egress": [
              {
                "cidr_blocks": [
                  "0.0.0.0/0"
                ],
                "description": "Allow nodes all egress to the Internet.",
                "from_port": 0,
                "ipv6_cidr_blocks": [],
                "prefix_list_ids": [],
                "protocol": "-1",
                "security_groups": [],
                "self": false,
                "to_port": 0
              }
            ],
            "id": "sg-02cf4eeb31cdc2ffd",
            "ingress": [
              {
                "cidr_blocks": [],
                "description": "Allow node to communicate with each other.",
                "from_port": 0,
                "ipv6_cidr_blocks": [],
                "prefix_list_ids": [],
                "protocol": "-1",
                "security_groups": [],
                "self": true,
                "to_port": 0
              },
              {
                "cidr_blocks": [],
                "description": "Allow pods running extension API servers on port 443 to receive communication from cluster control plane.",
                "from_port": 443,
                "ipv6_cidr_blocks": [],
                "prefix_list_ids": [],
                "protocol": "tcp",
                "security_groups": [
                  "sg-04fb546305efe8384"
                ],
                "self": false,
                "to_port": 443
              },
              {
                "cidr_blocks": [],
                "description": "Allow workers pods to receive communication from the cluster control plane.",
                "from_port": 1025,
                "ipv6_cidr_blocks": [],
                "prefix_list_ids": [],
                "protocol": "tcp",
                "security_groups": [
                  "sg-04fb546305efe8384"
                ],
                "self": false,
                "to_port": 65535
              }
            ],
            "name": "skyworkz-k8s-training-m0Mr1GVr2023110114014103490000000a",
            "name_prefix": "skyworkz-k8s-training-m0Mr1GVr",
            "owner_id": "267074127319",
            "revoke_rules_on_delete": false,
            "tags": {
              "GithubOrg": "skyworkz",
              "GithubRepo": "kubernetes-training-setup-aws",
              "Name": "skyworkz-k8s-training-m0Mr1GVr-eks_worker_sg",
              "kubernetes.io/cluster/skyworkz-k8s-training-m0Mr1GVr": "owned"
            },
            "tags_all": {
              "GithubOrg": "skyworkz",
              "GithubRepo": "kubernetes-training-setup-aws",
              "Name": "skyworkz-k8s-training-m0Mr1GVr-eks_worker_sg",
              "kubernetes.io/cluster/skyworkz-k8s-training-m0Mr1GVr": "owned"
            },
            "timeouts": null,
            "vpc_id": "vpc-0c097766d8319d729"
          },
          "sensitive_attributes": [],
          "private": "eyJlMmJmYjczMC1lY2FhLTExZTYtOGY4OC0zNDM2M2JjN2M0YzAiOnsiY3JlYXRlIjo2MDAwMDAwMDAwMDAsImRlbGV0ZSI6OTAwMDAwMDAwMDAwfSwic2NoZW1hX3ZlcnNpb24iOiIxIn0=",
          "dependencies": [
            "module.vpc.aws_vpc.this",
            "random_string.suffix"
          ],
          "create_before_destroy": true
        }
      ]
    },
    {
      "module": "module.eks",
      "mode": "managed",
      "type": "aws_security_group_rule",
      "name": "cluster_egress_internet",
      "provider": "provider[\"registry.terraform.io/hashicorp/aws\"]",
      "instances": [
        {
          "index_key": 0,
          "schema_version": 2,
          "attributes": {
            "cidr_blocks": [
              "0.0.0.0/0"
            ],
            "description": "Allow cluster egress access to the Internet.",
            "from_port": 0,
            "id": "sgrule-1327648594",
            "ipv6_cidr_blocks": [],
            "prefix_list_ids": [],
            "protocol": "-1",
            "security_group_id": "sg-04fb546305efe8384",
            "self": false,
            "source_security_group_id": null,
            "to_port": 0,
            "type": "egress"
          },
          "sensitive_attributes": [],
          "private": "eyJzY2hlbWFfdmVyc2lvbiI6IjIifQ==",
          "dependencies": [
            "module.eks.aws_security_group.cluster",
            "module.vpc.aws_vpc.this",
            "random_string.suffix"
          ],
          "create_before_destroy": true
        }
      ]
    },
    {
      "module": "module.eks",
      "mode": "managed",
      "type": "aws_security_group_rule",
      "name": "cluster_https_worker_ingress",
      "provider": "provider[\"registry.terraform.io/hashicorp/aws\"]",
      "instances": [
        {
          "index_key": 0,
          "schema_version": 2,
          "attributes": {
            "cidr_blocks": [],
            "description": "Allow pods to communicate with the EKS cluster API.",
            "from_port": 443,
            "id": "sgrule-2798717810",
            "ipv6_cidr_blocks": [],
            "prefix_list_ids": [],
            "protocol": "tcp",
            "security_group_id": "sg-04fb546305efe8384",
            "self": false,
            "source_security_group_id": "sg-02cf4eeb31cdc2ffd",
            "to_port": 443,
            "type": "ingress"
          },
          "sensitive_attributes": [],
          "private": "eyJzY2hlbWFfdmVyc2lvbiI6IjIifQ==",
          "dependencies": [
            "module.eks.aws_security_group.cluster",
            "module.eks.aws_security_group.workers",
            "module.vpc.aws_vpc.this",
            "random_string.suffix"
          ],
          "create_before_destroy": true
        }
      ]
    },
    {
      "module": "module.eks",
      "mode": "managed",
      "type": "aws_security_group_rule",
      "name": "workers_egress_internet",
      "provider": "provider[\"registry.terraform.io/hashicorp/aws\"]",
      "instances": [
        {
          "index_key": 0,
          "schema_version": 2,
          "attributes": {
            "cidr_blocks": [
              "0.0.0.0/0"
            ],
            "description": "Allow nodes all egress to the Internet.",
            "from_port": 0,
            "id": "sgrule-4189257974",
            "ipv6_cidr_blocks": [],
            "prefix_list_ids": [],
            "protocol": "-1",
            "security_group_id": "sg-02cf4eeb31cdc2ffd",
            "self": false,
            "source_security_group_id": null,
            "to_port": 0,
            "type": "egress"
          },
          "sensitive_attributes": [],
          "private": "eyJzY2hlbWFfdmVyc2lvbiI6IjIifQ==",
          "dependencies": [
            "module.eks.aws_security_group.workers",
            "module.vpc.aws_vpc.this",
            "random_string.suffix"
          ],
          "create_before_destroy": true
        }
      ]
    },
    {
      "module": "module.eks",
      "mode": "managed",
      "type": "aws_security_group_rule",
      "name": "workers_ingress_cluster",
      "provider": "provider[\"registry.terraform.io/hashicorp/aws\"]",
      "instances": [
        {
          "index_key": 0,
          "schema_version": 2,
          "attributes": {
            "cidr_blocks": [],
            "description": "Allow workers pods to receive communication from the cluster control plane.",
            "from_port": 1025,
            "id": "sgrule-3088135889",
            "ipv6_cidr_blocks": [],
            "prefix_list_ids": [],
            "protocol": "tcp",
            "security_group_id": "sg-02cf4eeb31cdc2ffd",
            "self": false,
            "source_security_group_id": "sg-04fb546305efe8384",
            "to_port": 65535,
            "type": "ingress"
          },
          "sensitive_attributes": [],
          "private": "eyJzY2hlbWFfdmVyc2lvbiI6IjIifQ==",
          "dependencies": [
            "module.eks.aws_security_group.cluster",
            "module.eks.aws_security_group.workers",
            "module.vpc.aws_vpc.this",
            "random_string.suffix"
          ],
          "create_before_destroy": true
        }
      ]
    },
    {
      "module": "module.eks",
      "mode": "managed",
      "type": "aws_security_group_rule",
      "name": "workers_ingress_cluster_https",
      "provider": "provider[\"registry.terraform.io/hashicorp/aws\"]",
      "instances": [
        {
          "index_key": 0,
          "schema_version": 2,
          "attributes": {
            "cidr_blocks": [],
            "description": "Allow pods running extension API servers on port 443 to receive communication from cluster control plane.",
            "from_port": 443,
            "id": "sgrule-3016744872",
            "ipv6_cidr_blocks": [],
            "prefix_list_ids": [],
            "protocol": "tcp",
            "security_group_id": "sg-02cf4eeb31cdc2ffd",
            "self": false,
            "source_security_group_id": "sg-04fb546305efe8384",
            "to_port": 443,
            "type": "ingress"
          },
          "sensitive_attributes": [],
          "private": "eyJzY2hlbWFfdmVyc2lvbiI6IjIifQ==",
          "dependencies": [
            "module.eks.aws_security_group.cluster",
            "module.eks.aws_security_group.workers",
            "module.vpc.aws_vpc.this",
            "random_string.suffix"
          ],
          "create_before_destroy": true
        }
      ]
    },
    {
      "module": "module.eks",
      "mode": "managed",
      "type": "aws_security_group_rule",
      "name": "workers_ingress_self",
      "provider": "provider[\"registry.terraform.io/hashicorp/aws\"]",
      "instances": [
        {
          "index_key": 0,
          "schema_version": 2,
          "attributes": {
            "cidr_blocks": [],
            "description": "Allow node to communicate with each other.",
            "from_port": 0,
            "id": "sgrule-4138667631",
            "ipv6_cidr_blocks": [],
            "prefix_list_ids": [],
            "protocol": "-1",
            "security_group_id": "sg-02cf4eeb31cdc2ffd",
            "self": false,
            "source_security_group_id": "sg-02cf4eeb31cdc2ffd",
            "to_port": 0,
            "type": "ingress"
          },
          "sensitive_attributes": [],
          "private": "eyJzY2hlbWFfdmVyc2lvbiI6IjIifQ==",
          "dependencies": [
            "module.eks.aws_security_group.workers",
            "module.vpc.aws_vpc.this",
            "random_string.suffix"
          ],
          "create_before_destroy": true
        }
      ]
    },
    {
      "module": "module.eks",
      "mode": "managed",
      "type": "kubernetes_config_map",
      "name": "aws_auth",
      "provider": "provider[\"registry.terraform.io/hashicorp/kubernetes\"]",
      "instances": [
        {
          "index_key": 0,
          "schema_version": 0,
          "attributes": {
            "binary_data": null,
            "data": {
              "mapAccounts": "[]\n",
              "mapRoles": "- \"groups\":\n  - \"system:bootstrappers\"\n  - \"system:nodes\"\n  \"rolearn\": \"arn:aws:iam::267074127319:role/skyworkz-k8s-training-m0Mr1GVr20231101153419958900000001\"\n  \"username\": \"system:node:{{EC2PrivateDNSName}}\"\n- \"groups\":\n  - \"system:masters\"\n  \"rolearn\": \"arn:aws:iam::740877495907:role/AWSReservedSSO_AdministratorAccess_f8a30ed3ca508212\"\n  \"username\": \"sso-admin\"\n",
              "mapUsers": "- \"groups\":\n  - \"system:masters\"\n  \"userarn\": \"arn:aws:iam::740877495907:user/benny\"\n  \"username\": \"benny\"\n"
            },
            "id": "kube-system/aws-auth",
            "metadata": [
              {
                "annotations": null,
                "generate_name": "",
                "generation": 0,
                "labels": {
                  "app.kubernetes.io/managed-by": "Terraform",
                  "terraform.io/module": "terraform-aws-modules.eks.aws"
                },
                "name": "aws-auth",
                "namespace": "kube-system",
                "resource_version": "970",
                "uid": "a7069430-feb0-4553-ba82-3ed3a327e9d6"
              }
            ]
          },
          "sensitive_attributes": [],
          "private": "bnVsbA==",
          "dependencies": [
            "data.aws_eks_cluster.cluster",
            "data.aws_eks_cluster_auth.cluster",
            "module.eks.aws_cloudwatch_log_group.this",
            "module.eks.aws_eks_cluster.this",
            "module.eks.aws_iam_instance_profile.workers",
            "module.eks.aws_iam_instance_profile.workers_launch_template",
            "module.eks.aws_iam_role.cluster",
            "module.eks.aws_iam_role.workers",
            "module.eks.aws_iam_role_policy_attachment.cluster_AmazonEKSClusterPolicy",
            "module.eks.aws_iam_role_policy_attachment.cluster_AmazonEKSServicePolicy",
            "module.eks.aws_iam_role_policy_attachment.cluster_AmazonEKSVPCResourceControllerPolicy",
            "module.eks.aws_iam_role_policy_attachment.workers_AmazonEC2ContainerRegistryReadOnly",
            "module.eks.aws_iam_role_policy_attachment.workers_AmazonEKSWorkerNodePolicy",
            "module.eks.aws_iam_role_policy_attachment.workers_AmazonEKS_CNI_Policy",
            "module.eks.aws_security_group.cluster",
            "module.eks.aws_security_group_rule.cluster_egress_internet",
            "module.eks.aws_security_group_rule.cluster_https_worker_ingress",
            "module.eks.aws_security_group_rule.cluster_private_access_cidrs_source",
            "module.eks.aws_security_group_rule.cluster_private_access_sg_source",
            "module.eks.data.aws_ami.eks_worker",
            "module.eks.data.aws_ami.eks_worker_windows",
            "module.eks.data.aws_caller_identity.current",
            "module.eks.data.aws_iam_instance_profile.custom_worker_group_iam_instance_profile",
            "module.eks.data.aws_iam_instance_profile.custom_worker_group_launch_template_iam_instance_profile",
            "module.eks.data.aws_iam_policy_document.workers_assume_role_policy",
            "module.eks.data.aws_iam_role.custom_cluster_iam_role",
            "module.eks.data.aws_partition.current",
            "module.eks.data.http.wait_for_cluster",
            "module.eks.module.fargate.aws_iam_role.eks_fargate_pod",
            "module.eks.module.fargate.data.aws_iam_role.custom_fargate_iam_role",
            "module.vpc.aws_subnet.private",
            "random_string.suffix"
          ]
        }
      ]
    },
    {
      "module": "module.eks",
      "mode": "managed",
      "type": "local_file",
      "name": "kubeconfig",
      "provider": "provider[\"registry.terraform.io/hashicorp/local\"]",
      "instances": [
        {
          "index_key": 0,
          "schema_version": 0,
          "attributes": {
            "content": "apiVersion: v1\npreferences: {}\nkind: Config\n\nclusters:\n- cluster:\n    server: https://1FC1D562A900B4AE879721AFC65DA4F6.gr7.eu-west-1.eks.amazonaws.com\n    certificate-authority-data: LS0tLS1CRUdJTiBDRVJUSUZJQ0FURS0tLS0tCk1JSURCVENDQWUyZ0F3SUJBZ0lJT0ZZSVhzaGY0UUF3RFFZSktvWklodmNOQVFFTEJRQXdGVEVUTUJFR0ExVUUKQXhNS2EzVmlaWEp1WlhSbGN6QWVGdzB5TXpFeE1ERXhOVEkwTURWYUZ3MHpNekV3TWpreE5USTVNRFZhTUJVeApFekFSQmdOVkJBTVRDbXQxWW1WeWJtVjBaWE13Z2dFaU1BMEdDU3FHU0liM0RRRUJBUVVBQTRJQkR3QXdnZ0VLCkFvSUJBUUMyZzk1RkNXd1JxaVVwTENpYjhxYkFnMm91ZGxLelZPd2JGbFBCT2hKQ0tadUhJajZhOEFra09tSUQKOGh3bDBhRS90QWFSTSsxdjJHTE9UeldjU1NFMjIwY3UrcjY1dWdhQVQ1L0t0MzVNS1FueFhERkJ6bkhpd1lXQQo4YUhRUDBvb1E3QlZDYVZVVlZ1eUIzUllOd0dERkJBZlAxVjNuZEpveUx6alBob1pHeXhxdnlHZzJLNDdMRUU4CjVicXVpWWZ2SUpmY0dJcnB6SWRCeSs4SDJxSUxEQVdnTzhidm9Rb1hMTndpTkI1YXdJQVo5cG1hVlppMlR5NUMKMlJDcEl3ZStqdHg1WmswZEhrMjVrUmd3b0JNa2VKRUlWZEdNWXZ3SEd6a0UzMmVYRHhRMld3YzEzNHBlWGVpMwpRMHpYU3lQRTlXZDQyMmxrelhSamtlOS9qK2NsQWdNQkFBR2pXVEJYTUE0R0ExVWREd0VCL3dRRUF3SUNwREFQCkJnTlZIUk1CQWY4RUJUQURBUUgvTUIwR0ExVWREZ1FXQkJRKzFGNDNNMzVuR3F3aUg1UXFocmRWMHhWOC96QVYKQmdOVkhSRUVEakFNZ2dwcmRXSmxjbTVsZEdWek1BMEdDU3FHU0liM0RRRUJDd1VBQTRJQkFRQTRqVzZxNXIrVQpVYmFaYXBiZ2RWRzk1eVlxTHVOVGxwU25vVkduYy9Rb1RybHNaeGdBOWlSVThKa3JYN2xUTkNzcU1HNUNscnBlCnpQaFhOSytuRnNOUi9EaWY0YkhzMkhMakJmMnlFY1M3Q2dqbW93OEozc0xmazhiNTNxa0ViNStBMHc5VW1lTHEKb1hBaGRYT3lqc2MybVNpTjBBcHQ4UlpKNTdzTStsMjRuTHJqUllGK05veDl0MVphdnEyMnVKbGMyY1BhYzhmMApJRjZEZTFQSWZKNEk3VGZSZmlKR1I4ZEhNeTRRa1NGWFNTM1d5ZzJMakZqQWs3WVhnMG9sa09Oa2ZiTkdrYWFZCktQOUxiSmNzVndaNGtXYTNPY3d4YXJZWkJNZ1dkRXE1Zlc2L2kvd2drRkwvYTlzV1lNZFBpeHF6cGxHd0xaeXQKVXhGT2J1UW9pdU5xCi0tLS0tRU5EIENFUlRJRklDQVRFLS0tLS0K\n  name: eks_skyworkz-k8s-training-m0Mr1GVr\n\ncontexts:\n- context:\n    cluster: eks_skyworkz-k8s-training-m0Mr1GVr\n    user: eks_skyworkz-k8s-training-m0Mr1GVr\n  name: eks_skyworkz-k8s-training-m0Mr1GVr\n\ncurrent-context: eks_skyworkz-k8s-training-m0Mr1GVr\n\nusers:\n- name: eks_skyworkz-k8s-training-m0Mr1GVr\n  user:\n    exec:\n      apiVersion: client.authentication.k8s.io/v1alpha1\n      command: aws-iam-authenticator\n      args:\n        - \"token\"\n        - \"-i\"\n        - \"skyworkz-k8s-training-m0Mr1GVr\"\n",
            "content_base64": null,
            "directory_permission": "0755",
            "file_permission": "0600",
            "filename": "./kubeconfig_skyworkz-k8s-training-m0Mr1GVr",
            "id": "8aa97fcafd14accd747bff3cc4ac147df220ab56",
            "sensitive_content": null,
            "source": null
          },
          "sensitive_attributes": [],
          "private": "bnVsbA==",
          "dependencies": [
            "module.eks.aws_cloudwatch_log_group.this",
            "module.eks.aws_eks_cluster.this",
            "module.eks.aws_iam_role.cluster",
            "module.eks.aws_iam_role_policy_attachment.cluster_AmazonEKSClusterPolicy",
            "module.eks.aws_iam_role_policy_attachment.cluster_AmazonEKSServicePolicy",
            "module.eks.aws_iam_role_policy_attachment.cluster_AmazonEKSVPCResourceControllerPolicy",
            "module.eks.aws_security_group.cluster",
            "module.eks.aws_security_group_rule.cluster_egress_internet",
            "module.eks.aws_security_group_rule.cluster_https_worker_ingress",
            "module.eks.data.aws_iam_role.custom_cluster_iam_role",
            "module.vpc.aws_subnet.private",
            "random_string.suffix"
          ]
        }
      ]
    },
    {
      "module": "module.eks.module.fargate",
      "mode": "data",
      "type": "aws_partition",
      "name": "current",
      "provider": "provider[\"registry.terraform.io/hashicorp/aws\"]",
      "instances": [
        {
          "schema_version": 0,
          "attributes": {
            "dns_suffix": "amazonaws.com",
            "id": "aws",
            "partition": "aws",
            "reverse_dns_prefix": "com.amazonaws"
          },
          "sensitive_attributes": []
        }
      ]
    },
    {
      "module": "module.eks.module.node_groups",
      "mode": "managed",
      "type": "aws_eks_node_group",
      "name": "workers",
      "provider": "provider[\"registry.terraform.io/hashicorp/aws\"]",
      "instances": [
        {
          "index_key": "b1",
          "schema_version": 0,
          "attributes": {
            "ami_type": "AL2_x86_64",
            "arn": "arn:aws:eks:eu-west-1:267074127319:nodegroup/skyworkz-k8s-training-m0Mr1GVr/skyworkz-k8s-training-m0Mr1GVr-b120231101153421806500000005/9ec5c5c2-bc04-17e6-d650-a9ddeee26e02",
            "capacity_type": "ON_DEMAND",
            "cluster_name": "skyworkz-k8s-training-m0Mr1GVr",
            "disk_size": 50,
            "force_update_version": null,
            "id": "skyworkz-k8s-training-m0Mr1GVr:skyworkz-k8s-training-m0Mr1GVr-b120231101153421806500000005",
            "instance_types": [
              "t3.medium"
            ],
            "labels": {
              "NodeGroup": "b1",
              "NodePerformance": "burst"
            },
            "launch_template": [],
            "node_group_name": "skyworkz-k8s-training-m0Mr1GVr-b120231101153421806500000005",
            "node_group_name_prefix": "skyworkz-k8s-training-m0Mr1GVr-b1",
            "node_role_arn": "arn:aws:iam::267074127319:role/skyworkz-k8s-training-m0Mr1GVr20231101153419958900000001",
            "release_version": "1.27.5-20231002",
            "remote_access": [],
            "resources": [
              {
                "autoscaling_groups": [
                  {
                    "name": "eks-skyworkz-k8s-training-m0Mr1GVr-b120231101153421806500000005-9ec5c5c2-bc04-17e6-d650-a9ddeee26e02"
                  }
                ],
                "remote_access_security_group_id": ""
              }
            ],
            "scaling_config": [
              {
                "desired_size": 1,
                "max_size": 10,
                "min_size": 1
              }
            ],
            "status": "ACTIVE",
            "subnet_ids": [
              "subnet-00c06455e489edf9f",
              "subnet-02847e925ecf14982",
              "subnet-0fbd3e8113c1d3bc9"
            ],
            "tags": {
              "GithubOrg": "skyworkz",
              "GithubRepo": "kubernetes-training-setup-aws",
              "NodeType": "ondemand"
            },
            "tags_all": {
              "GithubOrg": "skyworkz",
              "GithubRepo": "kubernetes-training-setup-aws",
              "NodeType": "ondemand"
            },
            "taint": [],
            "timeouts": {
              "create": null,
              "delete": null,
              "update": null
            },
            "update_config": [
              {
                "max_unavailable": 0,
                "max_unavailable_percentage": 50
              }
            ],
            "version": "1.27"
          },
          "sensitive_attributes": [],
          "private": "eyJlMmJmYjczMC1lY2FhLTExZTYtOGY4OC0zNDM2M2JjN2M0YzAiOnsiY3JlYXRlIjozNjAwMDAwMDAwMDAwLCJkZWxldGUiOjM2MDAwMDAwMDAwMDAsInVwZGF0ZSI6MzYwMDAwMDAwMDAwMH19",
          "dependencies": [
            "module.eks.aws_cloudwatch_log_group.this",
            "module.eks.aws_eks_cluster.this",
            "module.eks.aws_iam_role.cluster",
            "module.eks.aws_iam_role.workers",
            "module.eks.aws_iam_role_policy_attachment.cluster_AmazonEKSClusterPolicy",
            "module.eks.aws_iam_role_policy_attachment.cluster_AmazonEKSServicePolicy",
            "module.eks.aws_iam_role_policy_attachment.cluster_AmazonEKSVPCResourceControllerPolicy",
            "module.eks.aws_iam_role_policy_attachment.workers_AmazonEC2ContainerRegistryReadOnly",
            "module.eks.aws_iam_role_policy_attachment.workers_AmazonEKSWorkerNodePolicy",
            "module.eks.aws_iam_role_policy_attachment.workers_AmazonEKS_CNI_Policy",
            "module.eks.aws_security_group.cluster",
            "module.eks.aws_security_group_rule.cluster_egress_internet",
            "module.eks.aws_security_group_rule.cluster_https_worker_ingress",
            "module.eks.data.aws_ami.eks_worker",
            "module.eks.data.aws_ami.eks_worker_windows",
            "module.eks.data.aws_iam_policy_document.workers_assume_role_policy",
            "module.eks.data.aws_iam_role.custom_cluster_iam_role",
            "module.eks.data.aws_partition.current",
            "module.eks.module.node_groups.aws_launch_template.workers",
            "module.vpc.aws_subnet.private",
            "random_string.suffix"
          ],
          "create_before_destroy": true
        },
        {
          "index_key": "pe",
          "schema_version": 0,
          "attributes": {
            "ami_type": "AL2_x86_64",
            "arn": "arn:aws:eks:eu-west-1:267074127319:nodegroup/skyworkz-k8s-training-m0Mr1GVr/skyworkz-k8s-training-m0Mr1GVr-pe20231101153421806500000007/c8c5c5c2-bbf4-e2b9-574c-d3ba085b1c63",
            "capacity_type": "ON_DEMAND",
            "cluster_name": "skyworkz-k8s-training-m0Mr1GVr",
            "disk_size": 50,
            "force_update_version": null,
            "id": "skyworkz-k8s-training-m0Mr1GVr:skyworkz-k8s-training-m0Mr1GVr-pe20231101153421806500000007",
            "instance_types": [
              "m5.large"
            ],
            "labels": {
              "NodeGroup": "pe",
              "tenant": "kubetrain"
            },
            "launch_template": [],
            "node_group_name": "skyworkz-k8s-training-m0Mr1GVr-pe20231101153421806500000007",
            "node_group_name_prefix": "skyworkz-k8s-training-m0Mr1GVr-pe",
            "node_role_arn": "arn:aws:iam::267074127319:role/skyworkz-k8s-training-m0Mr1GVr20231101153419958900000001",
            "release_version": "1.27.5-20231002",
            "remote_access": [],
            "resources": [
              {
                "autoscaling_groups": [
                  {
                    "name": "eks-skyworkz-k8s-training-m0Mr1GVr-pe20231101153421806500000007-c8c5c5c2-bbf4-e2b9-574c-d3ba085b1c63"
                  }
                ],
                "remote_access_security_group_id": ""
              }
            ],
            "scaling_config": [
              {
                "desired_size": 2,
                "max_size": 4,
                "min_size": 1
              }
            ],
            "status": "ACTIVE",
            "subnet_ids": [
              "subnet-00c06455e489edf9f",
              "subnet-02847e925ecf14982",
              "subnet-0fbd3e8113c1d3bc9"
            ],
            "tags": {
              "GithubOrg": "skyworkz",
              "GithubRepo": "kubernetes-training-setup-aws",
              "NodeType": "ondemand"
            },
            "tags_all": {
              "GithubOrg": "skyworkz",
              "GithubRepo": "kubernetes-training-setup-aws",
              "NodeType": "ondemand"
            },
            "taint": [
              {
                "effect": "NO_SCHEDULE",
                "key": "tenant",
                "value": "kubetrain"
              }
            ],
            "timeouts": {
              "create": null,
              "delete": null,
              "update": null
            },
            "update_config": [
              {
                "max_unavailable": 0,
                "max_unavailable_percentage": 50
              }
            ],
            "version": "1.27"
          },
          "sensitive_attributes": [],
          "private": "eyJlMmJmYjczMC1lY2FhLTExZTYtOGY4OC0zNDM2M2JjN2M0YzAiOnsiY3JlYXRlIjozNjAwMDAwMDAwMDAwLCJkZWxldGUiOjM2MDAwMDAwMDAwMDAsInVwZGF0ZSI6MzYwMDAwMDAwMDAwMH19",
          "dependencies": [
            "module.eks.aws_cloudwatch_log_group.this",
            "module.eks.aws_eks_cluster.this",
            "module.eks.aws_iam_role.cluster",
            "module.eks.aws_iam_role.workers",
            "module.eks.aws_iam_role_policy_attachment.cluster_AmazonEKSClusterPolicy",
            "module.eks.aws_iam_role_policy_attachment.cluster_AmazonEKSServicePolicy",
            "module.eks.aws_iam_role_policy_attachment.cluster_AmazonEKSVPCResourceControllerPolicy",
            "module.eks.aws_iam_role_policy_attachment.workers_AmazonEC2ContainerRegistryReadOnly",
            "module.eks.aws_iam_role_policy_attachment.workers_AmazonEKSWorkerNodePolicy",
            "module.eks.aws_iam_role_policy_attachment.workers_AmazonEKS_CNI_Policy",
            "module.eks.aws_security_group.cluster",
            "module.eks.aws_security_group_rule.cluster_egress_internet",
            "module.eks.aws_security_group_rule.cluster_https_worker_ingress",
            "module.eks.data.aws_ami.eks_worker",
            "module.eks.data.aws_ami.eks_worker_windows",
            "module.eks.data.aws_iam_policy_document.workers_assume_role_policy",
            "module.eks.data.aws_iam_role.custom_cluster_iam_role",
            "module.eks.data.aws_partition.current",
            "module.eks.module.node_groups.aws_launch_template.workers",
            "module.vpc.aws_subnet.private",
            "random_string.suffix"
          ],
          "create_before_destroy": true
        }
      ]
    },
    {
      "module": "module.vpc",
      "mode": "managed",
      "type": "aws_eip",
      "name": "nat",
      "provider": "provider[\"registry.terraform.io/hashicorp/aws\"]",
      "instances": [
        {
          "index_key": 0,
          "schema_version": 0,
          "attributes": {
            "address": null,
            "allocation_id": "eipalloc-0b5eb9e196106ae05",
            "associate_with_private_ip": null,
            "association_id": "eipassoc-0fccd8155ac59d72d",
            "carrier_ip": "",
            "customer_owned_ip": "",
            "customer_owned_ipv4_pool": "",
            "domain": "vpc",
            "id": "eipalloc-0b5eb9e196106ae05",
            "instance": "",
            "network_border_group": "eu-west-1",
            "network_interface": "eni-0d4d28a2575b85be9",
            "private_dns": "ip-10-0-1-201.eu-west-1.compute.internal",
            "private_ip": "10.0.1.201",
            "public_dns": "ec2-34-240-65-224.eu-west-1.compute.amazonaws.com",
            "public_ip": "34.240.65.224",
            "public_ipv4_pool": "amazon",
            "tags": {
              "GithubOrg": "skyworkz",
              "GithubRepo": "kubernetes-training-setup-aws",
              "Name": "skyworkz-k8s-training-m0Mr1GVr-eu-west-1a"
            },
            "tags_all": {
              "GithubOrg": "skyworkz",
              "GithubRepo": "kubernetes-training-setup-aws",
              "Name": "skyworkz-k8s-training-m0Mr1GVr-eu-west-1a"
            },
            "timeouts": null,
            "vpc": true
          },
          "sensitive_attributes": [],
          "private": "eyJlMmJmYjczMC1lY2FhLTExZTYtOGY4OC0zNDM2M2JjN2M0YzAiOnsiZGVsZXRlIjoxODAwMDAwMDAwMDAsInJlYWQiOjkwMDAwMDAwMDAwMCwidXBkYXRlIjozMDAwMDAwMDAwMDB9fQ==",
          "dependencies": [
            "data.aws_availability_zones.available",
            "random_string.suffix"
          ]
        }
      ]
    },
    {
      "module": "module.vpc",
      "mode": "managed",
      "type": "aws_internet_gateway",
      "name": "this",
      "provider": "provider[\"registry.terraform.io/hashicorp/aws\"]",
      "instances": [
        {
          "index_key": 0,
          "schema_version": 0,
          "attributes": {
            "arn": "arn:aws:ec2:eu-west-1:267074127319:internet-gateway/igw-08f3e0fdddbc2b6f7",
            "id": "igw-08f3e0fdddbc2b6f7",
            "owner_id": "267074127319",
            "tags": {
              "GithubOrg": "skyworkz",
              "GithubRepo": "kubernetes-training-setup-aws",
              "Name": "skyworkz-k8s-training-m0Mr1GVr"
            },
            "tags_all": {
              "GithubOrg": "skyworkz",
              "GithubRepo": "kubernetes-training-setup-aws",
              "Name": "skyworkz-k8s-training-m0Mr1GVr"
            },
            "vpc_id": "vpc-0c097766d8319d729"
          },
          "sensitive_attributes": [],
          "private": "bnVsbA==",
          "dependencies": [
            "module.vpc.aws_vpc.this",
            "module.vpc.aws_vpc_ipv4_cidr_block_association.this",
            "random_string.suffix"
          ]
        }
      ]
    },
    {
      "module": "module.vpc",
      "mode": "managed",
      "type": "aws_nat_gateway",
      "name": "this",
      "provider": "provider[\"registry.terraform.io/hashicorp/aws\"]",
      "instances": [
        {
          "index_key": 0,
          "schema_version": 0,
          "attributes": {
            "allocation_id": "eipalloc-0b5eb9e196106ae05",
            "connectivity_type": "public",
            "id": "nat-097d3f283d132d954",
            "network_interface_id": "eni-0d4d28a2575b85be9",
            "private_ip": "10.0.1.201",
            "public_ip": "34.240.65.224",
            "subnet_id": "subnet-0bde173fcb2ebc2a3",
            "tags": {
              "GithubOrg": "skyworkz",
              "GithubRepo": "kubernetes-training-setup-aws",
              "Name": "skyworkz-k8s-training-m0Mr1GVr-eu-west-1a"
            },
            "tags_all": {
              "GithubOrg": "skyworkz",
              "GithubRepo": "kubernetes-training-setup-aws",
              "Name": "skyworkz-k8s-training-m0Mr1GVr-eu-west-1a"
            }
          },
          "sensitive_attributes": [],
          "private": "bnVsbA==",
          "dependencies": [
            "data.aws_availability_zones.available",
            "module.vpc.aws_eip.nat",
            "module.vpc.aws_internet_gateway.this",
            "module.vpc.aws_subnet.public",
            "module.vpc.aws_vpc.this",
            "module.vpc.aws_vpc_ipv4_cidr_block_association.this",
            "random_string.suffix"
          ]
        }
      ]
    },
    {
      "module": "module.vpc",
      "mode": "managed",
      "type": "aws_route",
      "name": "private_nat_gateway",
      "provider": "provider[\"registry.terraform.io/hashicorp/aws\"]",
      "instances": [
        {
          "index_key": 0,
          "schema_version": 0,
          "attributes": {
            "carrier_gateway_id": "",
            "core_network_arn": "",
            "destination_cidr_block": "0.0.0.0/0",
            "destination_ipv6_cidr_block": "",
            "destination_prefix_list_id": "",
            "egress_only_gateway_id": "",
            "gateway_id": "",
            "id": "r-rtb-089dc58b944b9d2b91080289494",
            "instance_id": "",
            "instance_owner_id": "",
            "local_gateway_id": "",
            "nat_gateway_id": "nat-097d3f283d132d954",
            "network_interface_id": "",
            "origin": "CreateRoute",
            "route_table_id": "rtb-089dc58b944b9d2b9",
            "state": "active",
            "timeouts": {
              "create": "5m",
              "delete": null,
              "update": null
            },
            "transit_gateway_id": "",
            "vpc_endpoint_id": "",
            "vpc_peering_connection_id": ""
          },
          "sensitive_attributes": [],
          "private": "eyJlMmJmYjczMC1lY2FhLTExZTYtOGY4OC0zNDM2M2JjN2M0YzAiOnsiY3JlYXRlIjozMDAwMDAwMDAwMDAsImRlbGV0ZSI6MzAwMDAwMDAwMDAwLCJ1cGRhdGUiOjEyMDAwMDAwMDAwMH19",
          "dependencies": [
            "data.aws_availability_zones.available",
            "module.vpc.aws_eip.nat",
            "module.vpc.aws_internet_gateway.this",
            "module.vpc.aws_nat_gateway.this",
            "module.vpc.aws_route_table.private",
            "module.vpc.aws_subnet.public",
            "module.vpc.aws_vpc.this",
            "module.vpc.aws_vpc_ipv4_cidr_block_association.this",
            "random_string.suffix"
          ]
        }
      ]
    },
    {
      "module": "module.vpc",
      "mode": "managed",
      "type": "aws_route",
      "name": "public_internet_gateway",
      "provider": "provider[\"registry.terraform.io/hashicorp/aws\"]",
      "instances": [
        {
          "index_key": 0,
          "schema_version": 0,
          "attributes": {
            "carrier_gateway_id": "",
            "core_network_arn": "",
            "destination_cidr_block": "0.0.0.0/0",
            "destination_ipv6_cidr_block": "",
            "destination_prefix_list_id": "",
            "egress_only_gateway_id": "",
            "gateway_id": "igw-08f3e0fdddbc2b6f7",
            "id": "r-rtb-06d3d0b568e6d91551080289494",
            "instance_id": "",
            "instance_owner_id": "",
            "local_gateway_id": "",
            "nat_gateway_id": "",
            "network_interface_id": "",
            "origin": "CreateRoute",
            "route_table_id": "rtb-06d3d0b568e6d9155",
            "state": "active",
            "timeouts": {
              "create": "5m",
              "delete": null,
              "update": null
            },
            "transit_gateway_id": "",
            "vpc_endpoint_id": "",
            "vpc_peering_connection_id": ""
          },
          "sensitive_attributes": [],
          "private": "eyJlMmJmYjczMC1lY2FhLTExZTYtOGY4OC0zNDM2M2JjN2M0YzAiOnsiY3JlYXRlIjozMDAwMDAwMDAwMDAsImRlbGV0ZSI6MzAwMDAwMDAwMDAwLCJ1cGRhdGUiOjEyMDAwMDAwMDAwMH19",
          "dependencies": [
            "module.vpc.aws_internet_gateway.this",
            "module.vpc.aws_route_table.public",
            "module.vpc.aws_vpc.this",
            "module.vpc.aws_vpc_ipv4_cidr_block_association.this",
            "random_string.suffix"
          ]
        }
      ]
    },
    {
      "module": "module.vpc",
      "mode": "managed",
      "type": "aws_route_table",
      "name": "private",
      "provider": "provider[\"registry.terraform.io/hashicorp/aws\"]",
      "instances": [
        {
          "index_key": 0,
          "schema_version": 0,
          "attributes": {
            "arn": "arn:aws:ec2:eu-west-1:267074127319:route-table/rtb-089dc58b944b9d2b9",
            "id": "rtb-089dc58b944b9d2b9",
            "owner_id": "267074127319",
            "propagating_vgws": [],
            "route": [
              {
                "carrier_gateway_id": "",
                "cidr_block": "0.0.0.0/0",
                "core_network_arn": "",
                "destination_prefix_list_id": "",
                "egress_only_gateway_id": "",
                "gateway_id": "",
                "instance_id": "",
                "ipv6_cidr_block": "",
                "local_gateway_id": "",
                "nat_gateway_id": "nat-097d3f283d132d954",
                "network_interface_id": "",
                "transit_gateway_id": "",
                "vpc_endpoint_id": "",
                "vpc_peering_connection_id": ""
              }
            ],
            "tags": {
              "GithubOrg": "skyworkz",
              "GithubRepo": "kubernetes-training-setup-aws",
              "Name": "skyworkz-k8s-training-m0Mr1GVr-private"
            },
            "tags_all": {
              "GithubOrg": "skyworkz",
              "GithubRepo": "kubernetes-training-setup-aws",
              "Name": "skyworkz-k8s-training-m0Mr1GVr-private"
            },
            "timeouts": null,
            "vpc_id": "vpc-0c097766d8319d729"
          },
          "sensitive_attributes": [],
          "private": "eyJlMmJmYjczMC1lY2FhLTExZTYtOGY4OC0zNDM2M2JjN2M0YzAiOnsiY3JlYXRlIjozMDAwMDAwMDAwMDAsImRlbGV0ZSI6MzAwMDAwMDAwMDAwLCJ1cGRhdGUiOjEyMDAwMDAwMDAwMH19",
          "dependencies": [
            "data.aws_availability_zones.available",
            "module.vpc.aws_vpc.this",
            "module.vpc.aws_vpc_ipv4_cidr_block_association.this",
            "random_string.suffix"
          ]
        }
      ]
    },
    {
      "module": "module.vpc",
      "mode": "managed",
      "type": "aws_route_table",
      "name": "public",
      "provider": "provider[\"registry.terraform.io/hashicorp/aws\"]",
      "instances": [
        {
          "index_key": 0,
          "schema_version": 0,
          "attributes": {
            "arn": "arn:aws:ec2:eu-west-1:267074127319:route-table/rtb-06d3d0b568e6d9155",
            "id": "rtb-06d3d0b568e6d9155",
            "owner_id": "267074127319",
            "propagating_vgws": [],
            "route": [
              {
                "carrier_gateway_id": "",
                "cidr_block": "0.0.0.0/0",
                "core_network_arn": "",
                "destination_prefix_list_id": "",
                "egress_only_gateway_id": "",
                "gateway_id": "igw-08f3e0fdddbc2b6f7",
                "instance_id": "",
                "ipv6_cidr_block": "",
                "local_gateway_id": "",
                "nat_gateway_id": "",
                "network_interface_id": "",
                "transit_gateway_id": "",
                "vpc_endpoint_id": "",
                "vpc_peering_connection_id": ""
              }
            ],
            "tags": {
              "GithubOrg": "skyworkz",
              "GithubRepo": "kubernetes-training-setup-aws",
              "Name": "skyworkz-k8s-training-m0Mr1GVr-public"
            },
            "tags_all": {
              "GithubOrg": "skyworkz",
              "GithubRepo": "kubernetes-training-setup-aws",
              "Name": "skyworkz-k8s-training-m0Mr1GVr-public"
            },
            "timeouts": null,
            "vpc_id": "vpc-0c097766d8319d729"
          },
          "sensitive_attributes": [],
          "private": "eyJlMmJmYjczMC1lY2FhLTExZTYtOGY4OC0zNDM2M2JjN2M0YzAiOnsiY3JlYXRlIjozMDAwMDAwMDAwMDAsImRlbGV0ZSI6MzAwMDAwMDAwMDAwLCJ1cGRhdGUiOjEyMDAwMDAwMDAwMH19",
          "dependencies": [
            "module.vpc.aws_vpc.this",
            "module.vpc.aws_vpc_ipv4_cidr_block_association.this",
            "random_string.suffix"
          ]
        }
      ]
    },
    {
      "module": "module.vpc",
      "mode": "managed",
      "type": "aws_route_table_association",
      "name": "private",
      "provider": "provider[\"registry.terraform.io/hashicorp/aws\"]",
      "instances": [
        {
          "index_key": 0,
          "schema_version": 0,
          "attributes": {
            "gateway_id": "",
            "id": "rtbassoc-05f3d612c0cb35ff9",
            "route_table_id": "rtb-089dc58b944b9d2b9",
            "subnet_id": "subnet-00c06455e489edf9f"
          },
          "sensitive_attributes": [],
          "private": "bnVsbA==",
          "dependencies": [
            "data.aws_availability_zones.available",
            "module.vpc.aws_route_table.private",
            "module.vpc.aws_subnet.private",
            "module.vpc.aws_vpc.this",
            "module.vpc.aws_vpc_ipv4_cidr_block_association.this",
            "random_string.suffix"
          ]
        },
        {
          "index_key": 1,
          "schema_version": 0,
          "attributes": {
            "gateway_id": "",
            "id": "rtbassoc-019aaa16cddb17f58",
            "route_table_id": "rtb-089dc58b944b9d2b9",
            "subnet_id": "subnet-0fbd3e8113c1d3bc9"
          },
          "sensitive_attributes": [],
          "private": "bnVsbA==",
          "dependencies": [
            "data.aws_availability_zones.available",
            "module.vpc.aws_route_table.private",
            "module.vpc.aws_subnet.private",
            "module.vpc.aws_vpc.this",
            "module.vpc.aws_vpc_ipv4_cidr_block_association.this",
            "random_string.suffix"
          ]
        },
        {
          "index_key": 2,
          "schema_version": 0,
          "attributes": {
            "gateway_id": "",
            "id": "rtbassoc-065f16d12bdee6810",
            "route_table_id": "rtb-089dc58b944b9d2b9",
            "subnet_id": "subnet-02847e925ecf14982"
          },
          "sensitive_attributes": [],
          "private": "bnVsbA==",
          "dependencies": [
            "data.aws_availability_zones.available",
            "module.vpc.aws_route_table.private",
            "module.vpc.aws_subnet.private",
            "module.vpc.aws_vpc.this",
            "module.vpc.aws_vpc_ipv4_cidr_block_association.this",
            "random_string.suffix"
          ]
        }
      ]
    },
    {
      "module": "module.vpc",
      "mode": "managed",
      "type": "aws_route_table_association",
      "name": "public",
      "provider": "provider[\"registry.terraform.io/hashicorp/aws\"]",
      "instances": [
        {
          "index_key": 0,
          "schema_version": 0,
          "attributes": {
            "gateway_id": "",
            "id": "rtbassoc-0c3c14d25e613e7d3",
            "route_table_id": "rtb-06d3d0b568e6d9155",
            "subnet_id": "subnet-0bde173fcb2ebc2a3"
          },
          "sensitive_attributes": [],
          "private": "bnVsbA==",
          "dependencies": [
            "data.aws_availability_zones.available",
            "module.vpc.aws_route_table.public",
            "module.vpc.aws_subnet.public",
            "module.vpc.aws_vpc.this",
            "module.vpc.aws_vpc_ipv4_cidr_block_association.this",
            "random_string.suffix"
          ]
        },
        {
          "index_key": 1,
          "schema_version": 0,
          "attributes": {
            "gateway_id": "",
            "id": "rtbassoc-05977f554e9a5b7ee",
            "route_table_id": "rtb-06d3d0b568e6d9155",
            "subnet_id": "subnet-0c26f36f3ec111ebe"
          },
          "sensitive_attributes": [],
          "private": "bnVsbA==",
          "dependencies": [
            "data.aws_availability_zones.available",
            "module.vpc.aws_route_table.public",
            "module.vpc.aws_subnet.public",
            "module.vpc.aws_vpc.this",
            "module.vpc.aws_vpc_ipv4_cidr_block_association.this",
            "random_string.suffix"
          ]
        },
        {
          "index_key": 2,
          "schema_version": 0,
          "attributes": {
            "gateway_id": "",
            "id": "rtbassoc-0cb832a772f78ef18",
            "route_table_id": "rtb-06d3d0b568e6d9155",
            "subnet_id": "subnet-0f8b8c85f53bc0798"
          },
          "sensitive_attributes": [],
          "private": "bnVsbA==",
          "dependencies": [
            "data.aws_availability_zones.available",
            "module.vpc.aws_route_table.public",
            "module.vpc.aws_subnet.public",
            "module.vpc.aws_vpc.this",
            "module.vpc.aws_vpc_ipv4_cidr_block_association.this",
            "random_string.suffix"
          ]
        }
      ]
    },
    {
      "module": "module.vpc",
      "mode": "managed",
      "type": "aws_subnet",
      "name": "private",
      "provider": "provider[\"registry.terraform.io/hashicorp/aws\"]",
      "instances": [
        {
          "index_key": 0,
          "schema_version": 1,
          "attributes": {
            "arn": "arn:aws:ec2:eu-west-1:267074127319:subnet/subnet-00c06455e489edf9f",
            "assign_ipv6_address_on_creation": false,
            "availability_zone": "eu-west-1a",
            "availability_zone_id": "euw1-az1",
            "cidr_block": "10.0.11.0/24",
            "customer_owned_ipv4_pool": "",
            "enable_dns64": false,
            "enable_resource_name_dns_a_record_on_launch": false,
            "enable_resource_name_dns_aaaa_record_on_launch": false,
            "id": "subnet-00c06455e489edf9f",
            "ipv6_cidr_block": "",
            "ipv6_cidr_block_association_id": "",
            "ipv6_native": false,
            "map_customer_owned_ip_on_launch": false,
            "map_public_ip_on_launch": false,
            "outpost_arn": "",
            "owner_id": "267074127319",
            "private_dns_hostname_type_on_launch": "ip-name",
            "tags": {
              "GithubOrg": "skyworkz",
              "GithubRepo": "kubernetes-training-setup-aws",
              "Name": "skyworkz-k8s-training-m0Mr1GVr-private-eu-west-1a",
              "kubernetes.io/cluster/skyworkz-k8s-training-m0Mr1GVr": "shared",
              "kubernetes.io/role/internal-elb": "1"
            },
            "tags_all": {
              "GithubOrg": "skyworkz",
              "GithubRepo": "kubernetes-training-setup-aws",
              "Name": "skyworkz-k8s-training-m0Mr1GVr-private-eu-west-1a",
              "kubernetes.io/cluster/skyworkz-k8s-training-m0Mr1GVr": "shared",
              "kubernetes.io/role/internal-elb": "1"
            },
            "timeouts": null,
            "vpc_id": "vpc-0c097766d8319d729"
          },
          "sensitive_attributes": [],
          "private": "eyJlMmJmYjczMC1lY2FhLTExZTYtOGY4OC0zNDM2M2JjN2M0YzAiOnsiY3JlYXRlIjo2MDAwMDAwMDAwMDAsImRlbGV0ZSI6MTIwMDAwMDAwMDAwMH0sInNjaGVtYV92ZXJzaW9uIjoiMSJ9",
          "dependencies": [
            "data.aws_availability_zones.available",
            "module.vpc.aws_vpc.this",
            "module.vpc.aws_vpc_ipv4_cidr_block_association.this",
            "random_string.suffix"
          ],
          "create_before_destroy": true
        },
        {
          "index_key": 1,
          "schema_version": 1,
          "attributes": {
            "arn": "arn:aws:ec2:eu-west-1:267074127319:subnet/subnet-0fbd3e8113c1d3bc9",
            "assign_ipv6_address_on_creation": false,
            "availability_zone": "eu-west-1b",
            "availability_zone_id": "euw1-az2",
            "cidr_block": "10.0.12.0/24",
            "customer_owned_ipv4_pool": "",
            "enable_dns64": false,
            "enable_resource_name_dns_a_record_on_launch": false,
            "enable_resource_name_dns_aaaa_record_on_launch": false,
            "id": "subnet-0fbd3e8113c1d3bc9",
            "ipv6_cidr_block": "",
            "ipv6_cidr_block_association_id": "",
            "ipv6_native": false,
            "map_customer_owned_ip_on_launch": false,
            "map_public_ip_on_launch": false,
            "outpost_arn": "",
            "owner_id": "267074127319",
            "private_dns_hostname_type_on_launch": "ip-name",
            "tags": {
              "GithubOrg": "skyworkz",
              "GithubRepo": "kubernetes-training-setup-aws",
              "Name": "skyworkz-k8s-training-m0Mr1GVr-private-eu-west-1b",
              "kubernetes.io/cluster/skyworkz-k8s-training-m0Mr1GVr": "shared",
              "kubernetes.io/role/internal-elb": "1"
            },
            "tags_all": {
              "GithubOrg": "skyworkz",
              "GithubRepo": "kubernetes-training-setup-aws",
              "Name": "skyworkz-k8s-training-m0Mr1GVr-private-eu-west-1b",
              "kubernetes.io/cluster/skyworkz-k8s-training-m0Mr1GVr": "shared",
              "kubernetes.io/role/internal-elb": "1"
            },
            "timeouts": null,
            "vpc_id": "vpc-0c097766d8319d729"
          },
          "sensitive_attributes": [],
          "private": "eyJlMmJmYjczMC1lY2FhLTExZTYtOGY4OC0zNDM2M2JjN2M0YzAiOnsiY3JlYXRlIjo2MDAwMDAwMDAwMDAsImRlbGV0ZSI6MTIwMDAwMDAwMDAwMH0sInNjaGVtYV92ZXJzaW9uIjoiMSJ9",
          "dependencies": [
            "data.aws_availability_zones.available",
            "module.vpc.aws_vpc.this",
            "module.vpc.aws_vpc_ipv4_cidr_block_association.this",
            "random_string.suffix"
          ],
          "create_before_destroy": true
        },
        {
          "index_key": 2,
          "schema_version": 1,
          "attributes": {
            "arn": "arn:aws:ec2:eu-west-1:267074127319:subnet/subnet-02847e925ecf14982",
            "assign_ipv6_address_on_creation": false,
            "availability_zone": "eu-west-1c",
            "availability_zone_id": "euw1-az3",
            "cidr_block": "10.0.13.0/24",
            "customer_owned_ipv4_pool": "",
            "enable_dns64": false,
            "enable_resource_name_dns_a_record_on_launch": false,
            "enable_resource_name_dns_aaaa_record_on_launch": false,
            "id": "subnet-02847e925ecf14982",
            "ipv6_cidr_block": "",
            "ipv6_cidr_block_association_id": "",
            "ipv6_native": false,
            "map_customer_owned_ip_on_launch": false,
            "map_public_ip_on_launch": false,
            "outpost_arn": "",
            "owner_id": "267074127319",
            "private_dns_hostname_type_on_launch": "ip-name",
            "tags": {
              "GithubOrg": "skyworkz",
              "GithubRepo": "kubernetes-training-setup-aws",
              "Name": "skyworkz-k8s-training-m0Mr1GVr-private-eu-west-1c",
              "kubernetes.io/cluster/skyworkz-k8s-training-m0Mr1GVr": "shared",
              "kubernetes.io/role/internal-elb": "1"
            },
            "tags_all": {
              "GithubOrg": "skyworkz",
              "GithubRepo": "kubernetes-training-setup-aws",
              "Name": "skyworkz-k8s-training-m0Mr1GVr-private-eu-west-1c",
              "kubernetes.io/cluster/skyworkz-k8s-training-m0Mr1GVr": "shared",
              "kubernetes.io/role/internal-elb": "1"
            },
            "timeouts": null,
            "vpc_id": "vpc-0c097766d8319d729"
          },
          "sensitive_attributes": [],
          "private": "eyJlMmJmYjczMC1lY2FhLTExZTYtOGY4OC0zNDM2M2JjN2M0YzAiOnsiY3JlYXRlIjo2MDAwMDAwMDAwMDAsImRlbGV0ZSI6MTIwMDAwMDAwMDAwMH0sInNjaGVtYV92ZXJzaW9uIjoiMSJ9",
          "dependencies": [
            "data.aws_availability_zones.available",
            "module.vpc.aws_vpc.this",
            "module.vpc.aws_vpc_ipv4_cidr_block_association.this",
            "random_string.suffix"
          ],
          "create_before_destroy": true
        }
      ]
    },
    {
      "module": "module.vpc",
      "mode": "managed",
      "type": "aws_subnet",
      "name": "public",
      "provider": "provider[\"registry.terraform.io/hashicorp/aws\"]",
      "instances": [
        {
          "index_key": 0,
          "schema_version": 1,
          "attributes": {
            "arn": "arn:aws:ec2:eu-west-1:267074127319:subnet/subnet-0bde173fcb2ebc2a3",
            "assign_ipv6_address_on_creation": false,
            "availability_zone": "eu-west-1a",
            "availability_zone_id": "euw1-az1",
            "cidr_block": "10.0.1.0/24",
            "customer_owned_ipv4_pool": "",
            "enable_dns64": false,
            "enable_resource_name_dns_a_record_on_launch": false,
            "enable_resource_name_dns_aaaa_record_on_launch": false,
            "id": "subnet-0bde173fcb2ebc2a3",
            "ipv6_cidr_block": "",
            "ipv6_cidr_block_association_id": "",
            "ipv6_native": false,
            "map_customer_owned_ip_on_launch": false,
            "map_public_ip_on_launch": true,
            "outpost_arn": "",
            "owner_id": "267074127319",
            "private_dns_hostname_type_on_launch": "ip-name",
            "tags": {
              "GithubOrg": "skyworkz",
              "GithubRepo": "kubernetes-training-setup-aws",
              "Name": "skyworkz-k8s-training-m0Mr1GVr-public-eu-west-1a",
              "kubernetes.io/cluster/skyworkz-k8s-training-m0Mr1GVr": "shared",
              "kubernetes.io/role/elb": "1"
            },
            "tags_all": {
              "GithubOrg": "skyworkz",
              "GithubRepo": "kubernetes-training-setup-aws",
              "Name": "skyworkz-k8s-training-m0Mr1GVr-public-eu-west-1a",
              "kubernetes.io/cluster/skyworkz-k8s-training-m0Mr1GVr": "shared",
              "kubernetes.io/role/elb": "1"
            },
            "timeouts": null,
            "vpc_id": "vpc-0c097766d8319d729"
          },
          "sensitive_attributes": [],
          "private": "eyJlMmJmYjczMC1lY2FhLTExZTYtOGY4OC0zNDM2M2JjN2M0YzAiOnsiY3JlYXRlIjo2MDAwMDAwMDAwMDAsImRlbGV0ZSI6MTIwMDAwMDAwMDAwMH0sInNjaGVtYV92ZXJzaW9uIjoiMSJ9",
          "dependencies": [
            "data.aws_availability_zones.available",
            "module.vpc.aws_vpc.this",
            "module.vpc.aws_vpc_ipv4_cidr_block_association.this",
            "random_string.suffix"
          ]
        },
        {
          "index_key": 1,
          "schema_version": 1,
          "attributes": {
            "arn": "arn:aws:ec2:eu-west-1:267074127319:subnet/subnet-0c26f36f3ec111ebe",
            "assign_ipv6_address_on_creation": false,
            "availability_zone": "eu-west-1b",
            "availability_zone_id": "euw1-az2",
            "cidr_block": "10.0.2.0/24",
            "customer_owned_ipv4_pool": "",
            "enable_dns64": false,
            "enable_resource_name_dns_a_record_on_launch": false,
            "enable_resource_name_dns_aaaa_record_on_launch": false,
            "id": "subnet-0c26f36f3ec111ebe",
            "ipv6_cidr_block": "",
            "ipv6_cidr_block_association_id": "",
            "ipv6_native": false,
            "map_customer_owned_ip_on_launch": false,
            "map_public_ip_on_launch": true,
            "outpost_arn": "",
            "owner_id": "267074127319",
            "private_dns_hostname_type_on_launch": "ip-name",
            "tags": {
              "GithubOrg": "skyworkz",
              "GithubRepo": "kubernetes-training-setup-aws",
              "Name": "skyworkz-k8s-training-m0Mr1GVr-public-eu-west-1b",
              "kubernetes.io/cluster/skyworkz-k8s-training-m0Mr1GVr": "shared",
              "kubernetes.io/role/elb": "1"
            },
            "tags_all": {
              "GithubOrg": "skyworkz",
              "GithubRepo": "kubernetes-training-setup-aws",
              "Name": "skyworkz-k8s-training-m0Mr1GVr-public-eu-west-1b",
              "kubernetes.io/cluster/skyworkz-k8s-training-m0Mr1GVr": "shared",
              "kubernetes.io/role/elb": "1"
            },
            "timeouts": null,
            "vpc_id": "vpc-0c097766d8319d729"
          },
          "sensitive_attributes": [],
          "private": "eyJlMmJmYjczMC1lY2FhLTExZTYtOGY4OC0zNDM2M2JjN2M0YzAiOnsiY3JlYXRlIjo2MDAwMDAwMDAwMDAsImRlbGV0ZSI6MTIwMDAwMDAwMDAwMH0sInNjaGVtYV92ZXJzaW9uIjoiMSJ9",
          "dependencies": [
            "data.aws_availability_zones.available",
            "module.vpc.aws_vpc.this",
            "module.vpc.aws_vpc_ipv4_cidr_block_association.this",
            "random_string.suffix"
          ]
        },
        {
          "index_key": 2,
          "schema_version": 1,
          "attributes": {
            "arn": "arn:aws:ec2:eu-west-1:267074127319:subnet/subnet-0f8b8c85f53bc0798",
            "assign_ipv6_address_on_creation": false,
            "availability_zone": "eu-west-1c",
            "availability_zone_id": "euw1-az3",
            "cidr_block": "10.0.3.0/24",
            "customer_owned_ipv4_pool": "",
            "enable_dns64": false,
            "enable_resource_name_dns_a_record_on_launch": false,
            "enable_resource_name_dns_aaaa_record_on_launch": false,
            "id": "subnet-0f8b8c85f53bc0798",
            "ipv6_cidr_block": "",
            "ipv6_cidr_block_association_id": "",
            "ipv6_native": false,
            "map_customer_owned_ip_on_launch": false,
            "map_public_ip_on_launch": true,
            "outpost_arn": "",
            "owner_id": "267074127319",
            "private_dns_hostname_type_on_launch": "ip-name",
            "tags": {
              "GithubOrg": "skyworkz",
              "GithubRepo": "kubernetes-training-setup-aws",
              "Name": "skyworkz-k8s-training-m0Mr1GVr-public-eu-west-1c",
              "kubernetes.io/cluster/skyworkz-k8s-training-m0Mr1GVr": "shared",
              "kubernetes.io/role/elb": "1"
            },
            "tags_all": {
              "GithubOrg": "skyworkz",
              "GithubRepo": "kubernetes-training-setup-aws",
              "Name": "skyworkz-k8s-training-m0Mr1GVr-public-eu-west-1c",
              "kubernetes.io/cluster/skyworkz-k8s-training-m0Mr1GVr": "shared",
              "kubernetes.io/role/elb": "1"
            },
            "timeouts": null,
            "vpc_id": "vpc-0c097766d8319d729"
          },
          "sensitive_attributes": [],
          "private": "eyJlMmJmYjczMC1lY2FhLTExZTYtOGY4OC0zNDM2M2JjN2M0YzAiOnsiY3JlYXRlIjo2MDAwMDAwMDAwMDAsImRlbGV0ZSI6MTIwMDAwMDAwMDAwMH0sInNjaGVtYV92ZXJzaW9uIjoiMSJ9",
          "dependencies": [
            "data.aws_availability_zones.available",
            "module.vpc.aws_vpc.this",
            "module.vpc.aws_vpc_ipv4_cidr_block_association.this",
            "random_string.suffix"
          ]
        }
      ]
    },
    {
      "module": "module.vpc",
      "mode": "managed",
      "type": "aws_vpc",
      "name": "this",
      "provider": "provider[\"registry.terraform.io/hashicorp/aws\"]",
      "instances": [
        {
          "index_key": 0,
          "schema_version": 1,
          "attributes": {
            "arn": "arn:aws:ec2:eu-west-1:267074127319:vpc/vpc-0c097766d8319d729",
            "assign_generated_ipv6_cidr_block": false,
            "cidr_block": "10.0.0.0/16",
            "default_network_acl_id": "acl-0b3a430c7c8d33620",
            "default_route_table_id": "rtb-0e7d396a0bb3ad4c7",
            "default_security_group_id": "sg-00900f8e16472e7a5",
            "dhcp_options_id": "dopt-0f91a3552ee41eee8",
            "enable_classiclink": false,
            "enable_classiclink_dns_support": false,
            "enable_dns_hostnames": true,
            "enable_dns_support": true,
            "id": "vpc-0c097766d8319d729",
            "instance_tenancy": "default",
            "ipv4_ipam_pool_id": null,
            "ipv4_netmask_length": null,
            "ipv6_association_id": "",
            "ipv6_cidr_block": "",
            "ipv6_cidr_block_network_border_group": "",
            "ipv6_ipam_pool_id": "",
            "ipv6_netmask_length": 0,
            "main_route_table_id": "rtb-0e7d396a0bb3ad4c7",
            "owner_id": "267074127319",
            "tags": {
              "GithubOrg": "skyworkz",
              "GithubRepo": "kubernetes-training-setup-aws",
              "Name": "skyworkz-k8s-training-m0Mr1GVr"
            },
            "tags_all": {
              "GithubOrg": "skyworkz",
              "GithubRepo": "kubernetes-training-setup-aws",
              "Name": "skyworkz-k8s-training-m0Mr1GVr"
            }
          },
          "sensitive_attributes": [],
          "private": "eyJzY2hlbWFfdmVyc2lvbiI6IjEifQ==",
          "dependencies": [
            "random_string.suffix"
          ],
          "create_before_destroy": true
        }
      ]
    }
  ],
  "check_results": null
}
