{
  "version": 4,
  "terraform_version": "1.0.9",
  "serial": 374,
  "lineage": "22349216-f2ab-4e28-c2a4-8d42a2d80bd8",
  "outputs": {},
  "resources": [
    {
      "mode": "data",
      "type": "aws_availability_zones",
      "name": "available",
      "provider": "provider[\"registry.terraform.io/hashicorp/aws\"]",
      "instances": [
        {
          "schema_version": 0,
          "attributes": {
            "all_availability_zones": null,
            "exclude_names": null,
            "exclude_zone_ids": null,
            "filter": null,
            "group_names": [
              "eu-west-1"
            ],
            "id": "eu-west-1",
            "names": [
              "eu-west-1a",
              "eu-west-1b",
              "eu-west-1c"
            ],
            "state": null,
            "zone_ids": [
              "euw1-az2",
              "euw1-az3",
              "euw1-az1"
            ]
          },
          "sensitive_attributes": []
        }
      ]
    },
    {
      "mode": "managed",
      "type": "random_string",
      "name": "suffix",
      "provider": "provider[\"registry.terraform.io/hashicorp/random\"]",
      "instances": [
        {
          "schema_version": 1,
          "attributes": {
            "id": "lmYkgkL3",
            "keepers": null,
            "length": 8,
            "lower": true,
            "min_lower": 0,
            "min_numeric": 0,
            "min_special": 0,
            "min_upper": 0,
            "number": true,
            "override_special": null,
            "result": "lmYkgkL3",
            "special": false,
            "upper": true
          },
          "sensitive_attributes": [],
          "private": "eyJzY2hlbWFfdmVyc2lvbiI6IjEifQ==",
          "create_before_destroy": true
        }
      ]
    },
    {
      "module": "module.vpc",
      "mode": "managed",
      "type": "aws_internet_gateway",
      "name": "this",
      "provider": "provider[\"registry.terraform.io/hashicorp/aws\"]",
      "instances": [
        {
          "index_key": 0,
          "schema_version": 0,
          "attributes": {
            "arn": "arn:aws:ec2:eu-west-1:740877495907:internet-gateway/igw-07ed447f460659193",
            "id": "igw-07ed447f460659193",
            "owner_id": "740877495907",
            "tags": {
              "GithubOrg": "skyworkz",
              "GithubRepo": "kubernetes-training-setup-aws",
              "Name": "skyworkz-k8s-training-lmYkgkL3"
            },
            "tags_all": {
              "GithubOrg": "skyworkz",
              "GithubRepo": "kubernetes-training-setup-aws",
              "Name": "skyworkz-k8s-training-lmYkgkL3"
            },
            "vpc_id": "vpc-05469063bda400905"
          },
          "sensitive_attributes": [],
          "private": "bnVsbA==",
          "dependencies": [
            "module.vpc.aws_vpc_ipv4_cidr_block_association.this",
            "random_string.suffix",
            "module.vpc.aws_vpc.this"
          ]
        }
      ]
    },
    {
      "module": "module.vpc",
      "mode": "managed",
      "type": "aws_subnet",
      "name": "public",
      "provider": "provider[\"registry.terraform.io/hashicorp/aws\"]",
      "instances": [
        {
          "index_key": 0,
          "schema_version": 1,
          "attributes": {
            "arn": "arn:aws:ec2:eu-west-1:740877495907:subnet/subnet-0d5a02c99599f8901",
            "assign_ipv6_address_on_creation": false,
            "availability_zone": "eu-west-1a",
            "availability_zone_id": "euw1-az2",
            "cidr_block": "10.0.1.0/24",
            "customer_owned_ipv4_pool": "",
            "enable_dns64": false,
            "enable_resource_name_dns_a_record_on_launch": false,
            "enable_resource_name_dns_aaaa_record_on_launch": false,
            "id": "subnet-0d5a02c99599f8901",
            "ipv6_cidr_block": "",
            "ipv6_cidr_block_association_id": "",
            "ipv6_native": false,
            "map_customer_owned_ip_on_launch": false,
            "map_public_ip_on_launch": true,
            "outpost_arn": "",
            "owner_id": "740877495907",
            "private_dns_hostname_type_on_launch": "ip-name",
            "tags": {
              "GithubOrg": "skyworkz",
              "GithubRepo": "kubernetes-training-setup-aws",
              "Name": "skyworkz-k8s-training-lmYkgkL3-public-eu-west-1a",
              "kubernetes.io/cluster/skyworkz-k8s-training-lmYkgkL3": "shared",
              "kubernetes.io/role/elb": "1"
            },
            "tags_all": {
              "GithubOrg": "skyworkz",
              "GithubRepo": "kubernetes-training-setup-aws",
              "Name": "skyworkz-k8s-training-lmYkgkL3-public-eu-west-1a",
              "kubernetes.io/cluster/skyworkz-k8s-training-lmYkgkL3": "shared",
              "kubernetes.io/role/elb": "1"
            },
            "timeouts": null,
            "vpc_id": "vpc-05469063bda400905"
          },
          "sensitive_attributes": [],
          "private": "eyJlMmJmYjczMC1lY2FhLTExZTYtOGY4OC0zNDM2M2JjN2M0YzAiOnsiY3JlYXRlIjo2MDAwMDAwMDAwMDAsImRlbGV0ZSI6MTIwMDAwMDAwMDAwMH0sInNjaGVtYV92ZXJzaW9uIjoiMSJ9",
          "dependencies": [
            "random_string.suffix",
            "data.aws_availability_zones.available",
            "module.vpc.aws_vpc.this",
            "module.vpc.aws_vpc_ipv4_cidr_block_association.this"
          ]
        },
        {
          "index_key": 1,
          "schema_version": 1,
          "attributes": {
            "arn": "arn:aws:ec2:eu-west-1:740877495907:subnet/subnet-0601353b882c706bb",
            "assign_ipv6_address_on_creation": false,
            "availability_zone": "eu-west-1b",
            "availability_zone_id": "euw1-az3",
            "cidr_block": "10.0.2.0/24",
            "customer_owned_ipv4_pool": "",
            "enable_dns64": false,
            "enable_resource_name_dns_a_record_on_launch": false,
            "enable_resource_name_dns_aaaa_record_on_launch": false,
            "id": "subnet-0601353b882c706bb",
            "ipv6_cidr_block": "",
            "ipv6_cidr_block_association_id": "",
            "ipv6_native": false,
            "map_customer_owned_ip_on_launch": false,
            "map_public_ip_on_launch": true,
            "outpost_arn": "",
            "owner_id": "740877495907",
            "private_dns_hostname_type_on_launch": "ip-name",
            "tags": {
              "GithubOrg": "skyworkz",
              "GithubRepo": "kubernetes-training-setup-aws",
              "Name": "skyworkz-k8s-training-lmYkgkL3-public-eu-west-1b",
              "kubernetes.io/cluster/skyworkz-k8s-training-lmYkgkL3": "shared",
              "kubernetes.io/role/elb": "1"
            },
            "tags_all": {
              "GithubOrg": "skyworkz",
              "GithubRepo": "kubernetes-training-setup-aws",
              "Name": "skyworkz-k8s-training-lmYkgkL3-public-eu-west-1b",
              "kubernetes.io/cluster/skyworkz-k8s-training-lmYkgkL3": "shared",
              "kubernetes.io/role/elb": "1"
            },
            "timeouts": null,
            "vpc_id": "vpc-05469063bda400905"
          },
          "sensitive_attributes": [],
          "private": "eyJlMmJmYjczMC1lY2FhLTExZTYtOGY4OC0zNDM2M2JjN2M0YzAiOnsiY3JlYXRlIjo2MDAwMDAwMDAwMDAsImRlbGV0ZSI6MTIwMDAwMDAwMDAwMH0sInNjaGVtYV92ZXJzaW9uIjoiMSJ9",
          "dependencies": [
            "data.aws_availability_zones.available",
            "module.vpc.aws_vpc.this",
            "module.vpc.aws_vpc_ipv4_cidr_block_association.this",
            "random_string.suffix"
          ]
        },
        {
          "index_key": 2,
          "schema_version": 1,
          "attributes": {
            "arn": "arn:aws:ec2:eu-west-1:740877495907:subnet/subnet-083492379b6ca8398",
            "assign_ipv6_address_on_creation": false,
            "availability_zone": "eu-west-1c",
            "availability_zone_id": "euw1-az1",
            "cidr_block": "10.0.3.0/24",
            "customer_owned_ipv4_pool": "",
            "enable_dns64": false,
            "enable_resource_name_dns_a_record_on_launch": false,
            "enable_resource_name_dns_aaaa_record_on_launch": false,
            "id": "subnet-083492379b6ca8398",
            "ipv6_cidr_block": "",
            "ipv6_cidr_block_association_id": "",
            "ipv6_native": false,
            "map_customer_owned_ip_on_launch": false,
            "map_public_ip_on_launch": true,
            "outpost_arn": "",
            "owner_id": "740877495907",
            "private_dns_hostname_type_on_launch": "ip-name",
            "tags": {
              "GithubOrg": "skyworkz",
              "GithubRepo": "kubernetes-training-setup-aws",
              "Name": "skyworkz-k8s-training-lmYkgkL3-public-eu-west-1c",
              "kubernetes.io/cluster/skyworkz-k8s-training-lmYkgkL3": "shared",
              "kubernetes.io/role/elb": "1"
            },
            "tags_all": {
              "GithubOrg": "skyworkz",
              "GithubRepo": "kubernetes-training-setup-aws",
              "Name": "skyworkz-k8s-training-lmYkgkL3-public-eu-west-1c",
              "kubernetes.io/cluster/skyworkz-k8s-training-lmYkgkL3": "shared",
              "kubernetes.io/role/elb": "1"
            },
            "timeouts": null,
            "vpc_id": "vpc-05469063bda400905"
          },
          "sensitive_attributes": [],
          "private": "eyJlMmJmYjczMC1lY2FhLTExZTYtOGY4OC0zNDM2M2JjN2M0YzAiOnsiY3JlYXRlIjo2MDAwMDAwMDAwMDAsImRlbGV0ZSI6MTIwMDAwMDAwMDAwMH0sInNjaGVtYV92ZXJzaW9uIjoiMSJ9",
          "dependencies": [
            "data.aws_availability_zones.available",
            "module.vpc.aws_vpc.this",
            "module.vpc.aws_vpc_ipv4_cidr_block_association.this",
            "random_string.suffix"
          ]
        }
      ]
    },
    {
      "module": "module.vpc",
      "mode": "managed",
      "type": "aws_vpc",
      "name": "this",
      "provider": "provider[\"registry.terraform.io/hashicorp/aws\"]",
      "instances": [
        {
          "index_key": 0,
          "schema_version": 1,
          "attributes": {
            "arn": "arn:aws:ec2:eu-west-1:740877495907:vpc/vpc-05469063bda400905",
            "assign_generated_ipv6_cidr_block": false,
            "cidr_block": "10.0.0.0/16",
            "default_network_acl_id": "acl-0eb72657ecd40f355",
            "default_route_table_id": "rtb-0a7402419bfa9a5be",
            "default_security_group_id": "sg-0cfdcc5e1ab718c6c",
            "dhcp_options_id": "dopt-051a68de4db40d6ff",
            "enable_classiclink": false,
            "enable_classiclink_dns_support": false,
            "enable_dns_hostnames": true,
            "enable_dns_support": true,
            "id": "vpc-05469063bda400905",
            "instance_tenancy": "default",
            "ipv4_ipam_pool_id": null,
            "ipv4_netmask_length": null,
            "ipv6_association_id": "",
            "ipv6_cidr_block": "",
            "ipv6_cidr_block_network_border_group": "",
            "ipv6_ipam_pool_id": "",
            "ipv6_netmask_length": 0,
            "main_route_table_id": "rtb-0a7402419bfa9a5be",
            "owner_id": "740877495907",
            "tags": {
              "GithubOrg": "skyworkz",
              "GithubRepo": "kubernetes-training-setup-aws",
              "Name": "skyworkz-k8s-training-lmYkgkL3"
            },
            "tags_all": {
              "GithubOrg": "skyworkz",
              "GithubRepo": "kubernetes-training-setup-aws",
              "Name": "skyworkz-k8s-training-lmYkgkL3"
            }
          },
          "sensitive_attributes": [],
          "private": "eyJzY2hlbWFfdmVyc2lvbiI6IjEifQ==",
          "dependencies": [
            "random_string.suffix"
          ],
          "create_before_destroy": true
        }
      ]
    }
  ]
}
