{
  "version": 4,
  "terraform_version": "1.6.4",
  "serial": 11,
  "lineage": "765eb432-241e-84b3-f50d-0d847f52bec5",
  "outputs": {},
  "resources": [
    {
      "mode": "managed",
      "type": "azurerm_resource_group",
      "name": "this",
      "provider": "provider[\"registry.terraform.io/hashicorp/azurerm\"]",
      "instances": [
        {
          "schema_version": 0,
          "attributes": {
            "id": "/subscriptions/f049f713-b533-4903-8646-3a2da100158e/resourceGroups/tutorial",
            "location": "northeurope",
            "managed_by": "",
            "name": "tutorial",
            "tags": null,
            "timeouts": null
          },
          "sensitive_attributes": [],
          "private": "eyJlMmJmYjczMC1lY2FhLTExZTYtOGY4OC0zNDM2M2JjN2M0YzAiOnsiY3JlYXRlIjo1NDAwMDAwMDAwMDAwLCJkZWxldGUiOjU0MDAwMDAwMDAwMDAsInJlYWQiOjMwMDAwMDAwMDAwMCwidXBkYXRlIjo1NDAwMDAwMDAwMDAwfX0="
        }
      ]
    },
    {
      "mode": "managed",
      "type": "azurerm_role_assignment",
      "name": "base",
      "provider": "provider[\"registry.terraform.io/hashicorp/azurerm\"]",
      "instances": [
        {
          "schema_version": 0,
          "attributes": {
            "condition": "",
            "condition_version": "",
            "delegated_managed_identity_resource_id": "",
            "description": "",
            "id": "/subscriptions/f049f713-b533-4903-8646-3a2da100158e/resourceGroups/tutorial/providers/Microsoft.Authorization/roleAssignments/01d4c4c1-9460-1ef3-74c5-a0c85dc741ef",
            "name": "01d4c4c1-9460-1ef3-74c5-a0c85dc741ef",
            "principal_id": "d370e496-d2fd-4df7-94de-b67c75d50c47",
            "principal_type": "ServicePrincipal",
            "role_definition_id": "/subscriptions/f049f713-b533-4903-8646-3a2da100158e/providers/Microsoft.Authorization/roleDefinitions/4d97b98b-1d4f-4787-a291-c67834d212e7",
            "role_definition_name": "Network Contributor",
            "scope": "/subscriptions/f049f713-b533-4903-8646-3a2da100158e/resourceGroups/tutorial",
            "skip_service_principal_aad_check": null,
            "timeouts": null
          },
          "sensitive_attributes": [],
          "private": "eyJlMmJmYjczMC1lY2FhLTExZTYtOGY4OC0zNDM2M2JjN2M0YzAiOnsiY3JlYXRlIjoxODAwMDAwMDAwMDAwLCJkZWxldGUiOjE4MDAwMDAwMDAwMDAsInJlYWQiOjMwMDAwMDAwMDAwMCwidXBkYXRlIjoxODAwMDAwMDAwMDAwfX0=",
          "dependencies": [
            "azurerm_resource_group.this",
            "azurerm_user_assigned_identity.base"
          ]
        }
      ]
    },
    {
      "mode": "managed",
      "type": "azurerm_role_assignment",
      "name": "dev_test",
      "provider": "provider[\"registry.terraform.io/hashicorp/azurerm\"]",
      "instances": [
        {
          "schema_version": 0,
          "attributes": {
            "condition": "",
            "condition_version": "",
            "delegated_managed_identity_resource_id": "",
            "description": "",
            "id": "/subscriptions/f049f713-b533-4903-8646-3a2da100158e/resourceGroups/tutorial/providers/Microsoft.Storage/storageAccounts/devtest1367022/providers/Microsoft.Authorization/roleAssignments/5275bfc9-6bd2-4958-ef8d-65acd7145484",
            "name": "5275bfc9-6bd2-4958-ef8d-65acd7145484",
            "principal_id": "9f7fb822-4268-4a99-834a-4f50f8961e11",
            "principal_type": "ServicePrincipal",
            "role_definition_id": "/subscriptions/f049f713-b533-4903-8646-3a2da100158e/providers/Microsoft.Authorization/roleDefinitions/b24988ac-6180-42a0-ab88-20f7382dd24c",
            "role_definition_name": "Contributor",
            "scope": "/subscriptions/f049f713-b533-4903-8646-3a2da100158e/resourceGroups/tutorial/providers/Microsoft.Storage/storageAccounts/devtest1367022",
            "skip_service_principal_aad_check": null,
            "timeouts": null
          },
          "sensitive_attributes": [],
          "private": "eyJlMmJmYjczMC1lY2FhLTExZTYtOGY4OC0zNDM2M2JjN2M0YzAiOnsiY3JlYXRlIjoxODAwMDAwMDAwMDAwLCJkZWxldGUiOjE4MDAwMDAwMDAwMDAsInJlYWQiOjMwMDAwMDAwMDAwMCwidXBkYXRlIjoxODAwMDAwMDAwMDAwfX0=",
          "dependencies": [
            "azurerm_resource_group.this",
            "azurerm_storage_account.this",
            "azurerm_user_assigned_identity.dev_test",
            "random_integer.this"
          ]
        }
      ]
    },
    {
      "mode": "managed",
      "type": "azurerm_storage_account",
      "name": "this",
      "provider": "provider[\"registry.terraform.io/hashicorp/azurerm\"]",
      "instances": [
        {
          "schema_version": 4,
          "attributes": {
            "access_tier": "Hot",
            "account_kind": "StorageV2",
            "account_replication_type": "LRS",
            "account_tier": "Standard",
            "allow_nested_items_to_be_public": true,
            "allowed_copy_scope": "",
            "azure_files_authentication": [],
            "blob_properties": [
              {
                "change_feed_enabled": false,
                "change_feed_retention_in_days": 0,
                "container_delete_retention_policy": [],
                "cors_rule": [],
                "default_service_version": "",
                "delete_retention_policy": [],
                "last_access_time_enabled": false,
                "restore_policy": [],
                "versioning_enabled": false
              }
            ],
            "cross_tenant_replication_enabled": true,
            "custom_domain": [],
            "customer_managed_key": [],
            "default_to_oauth_authentication": false,
            "edge_zone": "",
            "enable_https_traffic_only": true,
            "id": "/subscriptions/f049f713-b533-4903-8646-3a2da100158e/resourceGroups/tutorial/providers/Microsoft.Storage/storageAccounts/devtest1367022",
            "identity": [],
            "immutability_policy": [],
            "infrastructure_encryption_enabled": false,
            "is_hns_enabled": false,
            "large_file_share_enabled": null,
            "location": "northeurope",
            "min_tls_version": "TLS1_2",
            "name": "devtest1367022",
            "network_rules": [
              {
                "bypass": [
                  "AzureServices"
                ],
                "default_action": "Allow",
                "ip_rules": [],
                "private_link_access": [],
                "virtual_network_subnet_ids": []
              }
            ],
            "nfsv3_enabled": false,
            "primary_access_key": "nJT/DxWm3QChXQIoi/K6oH8jfqgkOmGGqkFmo5/7zDDc6Uoodm23YSWhHZ1+Jpebp9KYBkF5dKbX+AStXZ5zkQ==",
            "primary_blob_connection_string": "DefaultEndpointsProtocol=https;BlobEndpoint=https://devtest1367022.blob.core.windows.net/;AccountName=devtest1367022;AccountKey=nJT/DxWm3QChXQIoi/K6oH8jfqgkOmGGqkFmo5/7zDDc6Uoodm23YSWhHZ1+Jpebp9KYBkF5dKbX+AStXZ5zkQ==",
            "primary_blob_endpoint": "https://devtest1367022.blob.core.windows.net/",
            "primary_blob_host": "devtest1367022.blob.core.windows.net",
            "primary_connection_string": "DefaultEndpointsProtocol=https;AccountName=devtest1367022;AccountKey=nJT/DxWm3QChXQIoi/K6oH8jfqgkOmGGqkFmo5/7zDDc6Uoodm23YSWhHZ1+Jpebp9KYBkF5dKbX+AStXZ5zkQ==;EndpointSuffix=core.windows.net",
            "primary_dfs_endpoint": "https://devtest1367022.dfs.core.windows.net/",
            "primary_dfs_host": "devtest1367022.dfs.core.windows.net",
            "primary_file_endpoint": "https://devtest1367022.file.core.windows.net/",
            "primary_file_host": "devtest1367022.file.core.windows.net",
            "primary_location": "northeurope",
            "primary_queue_endpoint": "https://devtest1367022.queue.core.windows.net/",
            "primary_queue_host": "devtest1367022.queue.core.windows.net",
            "primary_table_endpoint": "https://devtest1367022.table.core.windows.net/",
            "primary_table_host": "devtest1367022.table.core.windows.net",
            "primary_web_endpoint": "https://devtest1367022.z16.web.core.windows.net/",
            "primary_web_host": "devtest1367022.z16.web.core.windows.net",
            "public_network_access_enabled": true,
            "queue_encryption_key_type": "Service",
            "queue_properties": [
              {
                "cors_rule": [],
                "hour_metrics": [
                  {
                    "enabled": true,
                    "include_apis": true,
                    "retention_policy_days": 7,
                    "version": "1.0"
                  }
                ],
                "logging": [
                  {
                    "delete": false,
                    "read": false,
                    "retention_policy_days": 0,
                    "version": "1.0",
                    "write": false
                  }
                ],
                "minute_metrics": [
                  {
                    "enabled": false,
                    "include_apis": false,
                    "retention_policy_days": 0,
                    "version": "1.0"
                  }
                ]
              }
            ],
            "resource_group_name": "tutorial",
            "routing": [],
            "sas_policy": [],
            "secondary_access_key": "/SKGTyEXuMSm03wJ7UbKPD74w0WqRJT/bjCuDxn4EBw3rwCCZR7JDiwcbk+ImEw4gEo2dgkCgAXg+AStZ6cGpQ==",
            "secondary_blob_connection_string": "",
            "secondary_blob_endpoint": null,
            "secondary_blob_host": null,
            "secondary_connection_string": "DefaultEndpointsProtocol=https;AccountName=devtest1367022;AccountKey=/SKGTyEXuMSm03wJ7UbKPD74w0WqRJT/bjCuDxn4EBw3rwCCZR7JDiwcbk+ImEw4gEo2dgkCgAXg+AStZ6cGpQ==;EndpointSuffix=core.windows.net",
            "secondary_dfs_endpoint": null,
            "secondary_dfs_host": null,
            "secondary_file_endpoint": null,
            "secondary_file_host": null,
            "secondary_location": "",
            "secondary_queue_endpoint": null,
            "secondary_queue_host": null,
            "secondary_table_endpoint": null,
            "secondary_table_host": null,
            "secondary_web_endpoint": null,
            "secondary_web_host": null,
            "sftp_enabled": false,
            "share_properties": [
              {
                "cors_rule": [],
                "retention_policy": [
                  {
                    "days": 7
                  }
                ],
                "smb": []
              }
            ],
            "shared_access_key_enabled": true,
            "static_website": [],
            "table_encryption_key_type": "Service",
            "tags": null,
            "timeouts": null
          },
          "sensitive_attributes": [],
          "private": "eyJlMmJmYjczMC1lY2FhLTExZTYtOGY4OC0zNDM2M2JjN2M0YzAiOnsiY3JlYXRlIjozNjAwMDAwMDAwMDAwLCJkZWxldGUiOjM2MDAwMDAwMDAwMDAsInJlYWQiOjMwMDAwMDAwMDAwMCwidXBkYXRlIjozNjAwMDAwMDAwMDAwfSwic2NoZW1hX3ZlcnNpb24iOiI0In0=",
          "dependencies": [
            "azurerm_resource_group.this",
            "random_integer.this"
          ]
        }
      ]
    },
    {
      "mode": "managed",
      "type": "azurerm_storage_container",
      "name": "this",
      "provider": "provider[\"registry.terraform.io/hashicorp/azurerm\"]",
      "instances": [
        {
          "schema_version": 1,
          "attributes": {
            "container_access_type": "private",
            "has_immutability_policy": false,
            "has_legal_hold": false,
            "id": "https://devtest1367022.blob.core.windows.net/test",
            "metadata": {},
            "name": "test",
            "resource_manager_id": "/subscriptions/f049f713-b533-4903-8646-3a2da100158e/resourceGroups/tutorial/providers/Microsoft.Storage/storageAccounts/devtest1367022/blobServices/default/containers/test",
            "storage_account_name": "devtest1367022",
            "timeouts": null
          },
          "sensitive_attributes": [],
          "private": "eyJlMmJmYjczMC1lY2FhLTExZTYtOGY4OC0zNDM2M2JjN2M0YzAiOnsiY3JlYXRlIjoxODAwMDAwMDAwMDAwLCJkZWxldGUiOjE4MDAwMDAwMDAwMDAsInJlYWQiOjMwMDAwMDAwMDAwMCwidXBkYXRlIjoxODAwMDAwMDAwMDAwfSwic2NoZW1hX3ZlcnNpb24iOiIxIn0=",
          "dependencies": [
            "azurerm_resource_group.this",
            "azurerm_storage_account.this",
            "random_integer.this"
          ]
        }
      ]
    },
    {
      "mode": "managed",
      "type": "azurerm_subnet",
      "name": "subnet1",
      "provider": "provider[\"registry.terraform.io/hashicorp/azurerm\"]",
      "instances": [
        {
          "schema_version": 0,
          "attributes": {
            "address_prefixes": [
              "10.0.0.0/19"
            ],
            "delegation": [],
            "enforce_private_link_endpoint_network_policies": false,
            "enforce_private_link_service_network_policies": false,
            "id": "/subscriptions/f049f713-b533-4903-8646-3a2da100158e/resourceGroups/tutorial/providers/Microsoft.Network/virtualNetworks/skyworkz-vnet-dev-main/subnets/subnet1",
            "name": "subnet1",
            "private_endpoint_network_policies_enabled": true,
            "private_link_service_network_policies_enabled": true,
            "resource_group_name": "tutorial",
            "service_endpoint_policy_ids": null,
            "service_endpoints": null,
            "timeouts": null,
            "virtual_network_name": "skyworkz-vnet-dev-main"
          },
          "sensitive_attributes": [],
          "private": "eyJlMmJmYjczMC1lY2FhLTExZTYtOGY4OC0zNDM2M2JjN2M0YzAiOnsiY3JlYXRlIjoxODAwMDAwMDAwMDAwLCJkZWxldGUiOjE4MDAwMDAwMDAwMDAsInJlYWQiOjMwMDAwMDAwMDAwMCwidXBkYXRlIjoxODAwMDAwMDAwMDAwfX0=",
          "dependencies": [
            "azurerm_resource_group.this",
            "azurerm_virtual_network.this"
          ]
        }
      ]
    },
    {
      "mode": "managed",
      "type": "azurerm_subnet",
      "name": "subnet2",
      "provider": "provider[\"registry.terraform.io/hashicorp/azurerm\"]",
      "instances": [
        {
          "schema_version": 0,
          "attributes": {
            "address_prefixes": [
              "10.0.32.0/19"
            ],
            "delegation": [],
            "enforce_private_link_endpoint_network_policies": false,
            "enforce_private_link_service_network_policies": false,
            "id": "/subscriptions/f049f713-b533-4903-8646-3a2da100158e/resourceGroups/tutorial/providers/Microsoft.Network/virtualNetworks/skyworkz-vnet-dev-main/subnets/subnet2",
            "name": "subnet2",
            "private_endpoint_network_policies_enabled": true,
            "private_link_service_network_policies_enabled": true,
            "resource_group_name": "tutorial",
            "service_endpoint_policy_ids": null,
            "service_endpoints": null,
            "timeouts": null,
            "virtual_network_name": "skyworkz-vnet-dev-main"
          },
          "sensitive_attributes": [],
          "private": "eyJlMmJmYjczMC1lY2FhLTExZTYtOGY4OC0zNDM2M2JjN2M0YzAiOnsiY3JlYXRlIjoxODAwMDAwMDAwMDAwLCJkZWxldGUiOjE4MDAwMDAwMDAwMDAsInJlYWQiOjMwMDAwMDAwMDAwMCwidXBkYXRlIjoxODAwMDAwMDAwMDAwfX0=",
          "dependencies": [
            "azurerm_resource_group.this",
            "azurerm_virtual_network.this"
          ]
        }
      ]
    },
    {
      "mode": "managed",
      "type": "azurerm_user_assigned_identity",
      "name": "base",
      "provider": "provider[\"registry.terraform.io/hashicorp/azurerm\"]",
      "instances": [
        {
          "schema_version": 1,
          "attributes": {
            "client_id": "2fd85668-0f77-4edb-b791-1040f0ff513f",
            "id": "/subscriptions/f049f713-b533-4903-8646-3a2da100158e/resourceGroups/tutorial/providers/Microsoft.ManagedIdentity/userAssignedIdentities/base",
            "location": "northeurope",
            "name": "base",
            "principal_id": "d370e496-d2fd-4df7-94de-b67c75d50c47",
            "resource_group_name": "tutorial",
            "tags": null,
            "tenant_id": "7b2ab0fa-7be8-4c7d-b40d-0d7cea4eaae5",
            "timeouts": null
          },
          "sensitive_attributes": [],
          "private": "eyJlMmJmYjczMC1lY2FhLTExZTYtOGY4OC0zNDM2M2JjN2M0YzAiOnsiY3JlYXRlIjoxODAwMDAwMDAwMDAwLCJkZWxldGUiOjE4MDAwMDAwMDAwMDAsInJlYWQiOjMwMDAwMDAwMDAwMCwidXBkYXRlIjoxODAwMDAwMDAwMDAwfSwic2NoZW1hX3ZlcnNpb24iOiIxIn0=",
          "dependencies": [
            "azurerm_resource_group.this"
          ]
        }
      ]
    },
    {
      "mode": "managed",
      "type": "azurerm_user_assigned_identity",
      "name": "dev_test",
      "provider": "provider[\"registry.terraform.io/hashicorp/azurerm\"]",
      "instances": [
        {
          "schema_version": 1,
          "attributes": {
            "client_id": "39a65856-098a-4705-a771-7cab2ea3fd87",
            "id": "/subscriptions/f049f713-b533-4903-8646-3a2da100158e/resourceGroups/tutorial/providers/Microsoft.ManagedIdentity/userAssignedIdentities/dev-test",
            "location": "northeurope",
            "name": "dev-test",
            "principal_id": "9f7fb822-4268-4a99-834a-4f50f8961e11",
            "resource_group_name": "tutorial",
            "tags": null,
            "tenant_id": "7b2ab0fa-7be8-4c7d-b40d-0d7cea4eaae5",
            "timeouts": null
          },
          "sensitive_attributes": [],
          "private": "eyJlMmJmYjczMC1lY2FhLTExZTYtOGY4OC0zNDM2M2JjN2M0YzAiOnsiY3JlYXRlIjoxODAwMDAwMDAwMDAwLCJkZWxldGUiOjE4MDAwMDAwMDAwMDAsInJlYWQiOjMwMDAwMDAwMDAwMCwidXBkYXRlIjoxODAwMDAwMDAwMDAwfSwic2NoZW1hX3ZlcnNpb24iOiIxIn0=",
          "dependencies": [
            "azurerm_resource_group.this"
          ]
        }
      ]
    },
    {
      "mode": "managed",
      "type": "azurerm_virtual_network",
      "name": "this",
      "provider": "provider[\"registry.terraform.io/hashicorp/azurerm\"]",
      "instances": [
        {
          "schema_version": 0,
          "attributes": {
            "address_space": [
              "10.0.0.0/16"
            ],
            "bgp_community": "",
            "ddos_protection_plan": [],
            "dns_servers": [],
            "edge_zone": "",
            "encryption": [],
            "flow_timeout_in_minutes": 0,
            "guid": "c736d5bf-eaf8-4254-a737-42b1ea97b0dd",
            "id": "/subscriptions/f049f713-b533-4903-8646-3a2da100158e/resourceGroups/tutorial/providers/Microsoft.Network/virtualNetworks/skyworkz-vnet-dev-main",
            "location": "northeurope",
            "name": "skyworkz-vnet-dev-main",
            "resource_group_name": "tutorial",
            "subnet": [],
            "tags": {
              "env": "dev"
            },
            "timeouts": null
          },
          "sensitive_attributes": [],
          "private": "eyJlMmJmYjczMC1lY2FhLTExZTYtOGY4OC0zNDM2M2JjN2M0YzAiOnsiY3JlYXRlIjoxODAwMDAwMDAwMDAwLCJkZWxldGUiOjE4MDAwMDAwMDAwMDAsInJlYWQiOjMwMDAwMDAwMDAwMCwidXBkYXRlIjoxODAwMDAwMDAwMDAwfX0=",
          "dependencies": [
            "azurerm_resource_group.this"
          ]
        }
      ]
    },
    {
      "mode": "managed",
      "type": "random_integer",
      "name": "this",
      "provider": "provider[\"registry.terraform.io/hashicorp/random\"]",
      "instances": [
        {
          "schema_version": 0,
          "attributes": {
            "id": "1367022",
            "keepers": null,
            "max": 5000000,
            "min": 10000,
            "result": 1367022,
            "seed": null
          },
          "sensitive_attributes": []
        }
      ]
    }
  ],
  "check_results": null
}
