{
  "version": 4,
  "terraform_version": "1.6.4",
  "serial": 48,
  "lineage": "95239161-c4f3-8a56-c127-450649787e21",
  "outputs": {},
  "resources": [
    {
      "mode": "managed",
      "type": "azurerm_resource_group",
      "name": "this",
      "provider": "provider[\"registry.terraform.io/hashicorp/azurerm\"]",
      "instances": [
        {
          "schema_version": 0,
          "attributes": {
            "id": "/subscriptions/f049f713-b533-4903-8646-3a2da100158e/resourceGroups/tutorial",
            "location": "northeurope",
            "managed_by": "",
            "name": "tutorial",
            "tags": null,
            "timeouts": null
          },
          "sensitive_attributes": [],
          "private": "eyJlMmJmYjczMC1lY2FhLTExZTYtOGY4OC0zNDM2M2JjN2M0YzAiOnsiY3JlYXRlIjo1NDAwMDAwMDAwMDAwLCJkZWxldGUiOjU0MDAwMDAwMDAwMDAsInJlYWQiOjMwMDAwMDAwMDAwMCwidXBkYXRlIjo1NDAwMDAwMDAwMDAwfX0="
        }
      ]
    },
    {
      "mode": "managed",
      "type": "azurerm_role_assignment",
      "name": "base",
      "provider": "provider[\"registry.terraform.io/hashicorp/azurerm\"]",
      "instances": [
        {
          "schema_version": 0,
          "attributes": {
            "condition": "",
            "condition_version": "",
            "delegated_managed_identity_resource_id": "",
            "description": "",
            "id": "/subscriptions/f049f713-b533-4903-8646-3a2da100158e/resourceGroups/tutorial/providers/Microsoft.Authorization/roleAssignments/1c021f91-496f-f842-a876-ec110b0146b9",
            "name": "1c021f91-496f-f842-a876-ec110b0146b9",
            "principal_id": "e222a073-4746-4449-8262-9c70bd546bd4",
            "principal_type": "ServicePrincipal",
            "role_definition_id": "/subscriptions/f049f713-b533-4903-8646-3a2da100158e/providers/Microsoft.Authorization/roleDefinitions/4d97b98b-1d4f-4787-a291-c67834d212e7",
            "role_definition_name": "Network Contributor",
            "scope": "/subscriptions/f049f713-b533-4903-8646-3a2da100158e/resourceGroups/tutorial",
            "skip_service_principal_aad_check": null,
            "timeouts": null
          },
          "sensitive_attributes": [],
          "private": "eyJlMmJmYjczMC1lY2FhLTExZTYtOGY4OC0zNDM2M2JjN2M0YzAiOnsiY3JlYXRlIjoxODAwMDAwMDAwMDAwLCJkZWxldGUiOjE4MDAwMDAwMDAwMDAsInJlYWQiOjMwMDAwMDAwMDAwMCwidXBkYXRlIjoxODAwMDAwMDAwMDAwfX0=",
          "dependencies": [
            "azurerm_resource_group.this",
            "azurerm_user_assigned_identity.base"
          ]
        }
      ]
    },
    {
      "mode": "managed",
      "type": "azurerm_role_assignment",
      "name": "dev_test",
      "provider": "provider[\"registry.terraform.io/hashicorp/azurerm\"]",
      "instances": [
        {
          "schema_version": 0,
          "attributes": {
            "condition": "",
            "condition_version": "",
            "delegated_managed_identity_resource_id": "",
            "description": "",
            "id": "/subscriptions/f049f713-b533-4903-8646-3a2da100158e/resourceGroups/tutorial/providers/Microsoft.Storage/storageAccounts/devtest3580647/providers/Microsoft.Authorization/roleAssignments/acc0f85e-7824-f0d8-f71c-441c02451cf8",
            "name": "acc0f85e-7824-f0d8-f71c-441c02451cf8",
            "principal_id": "693e9fd7-c249-45d8-a91e-c789da350c19",
            "principal_type": "ServicePrincipal",
            "role_definition_id": "/subscriptions/f049f713-b533-4903-8646-3a2da100158e/providers/Microsoft.Authorization/roleDefinitions/b24988ac-6180-42a0-ab88-20f7382dd24c",
            "role_definition_name": "Contributor",
            "scope": "/subscriptions/f049f713-b533-4903-8646-3a2da100158e/resourceGroups/tutorial/providers/Microsoft.Storage/storageAccounts/devtest3580647",
            "skip_service_principal_aad_check": null,
            "timeouts": null
          },
          "sensitive_attributes": [],
          "private": "eyJlMmJmYjczMC1lY2FhLTExZTYtOGY4OC0zNDM2M2JjN2M0YzAiOnsiY3JlYXRlIjoxODAwMDAwMDAwMDAwLCJkZWxldGUiOjE4MDAwMDAwMDAwMDAsInJlYWQiOjMwMDAwMDAwMDAwMCwidXBkYXRlIjoxODAwMDAwMDAwMDAwfX0=",
          "dependencies": [
            "azurerm_resource_group.this",
            "azurerm_storage_account.this",
            "azurerm_user_assigned_identity.dev_test",
            "random_integer.this"
          ]
        }
      ]
    },
    {
      "mode": "managed",
      "type": "azurerm_storage_account",
      "name": "this",
      "provider": "provider[\"registry.terraform.io/hashicorp/azurerm\"]",
      "instances": [
        {
          "schema_version": 4,
          "attributes": {
            "access_tier": "Hot",
            "account_kind": "StorageV2",
            "account_replication_type": "LRS",
            "account_tier": "Standard",
            "allow_nested_items_to_be_public": true,
            "allowed_copy_scope": "",
            "azure_files_authentication": [],
            "blob_properties": [
              {
                "change_feed_enabled": false,
                "change_feed_retention_in_days": 0,
                "container_delete_retention_policy": [],
                "cors_rule": [],
                "default_service_version": "",
                "delete_retention_policy": [],
                "last_access_time_enabled": false,
                "restore_policy": [],
                "versioning_enabled": false
              }
            ],
            "cross_tenant_replication_enabled": true,
            "custom_domain": [],
            "customer_managed_key": [],
            "default_to_oauth_authentication": false,
            "edge_zone": "",
            "enable_https_traffic_only": true,
            "id": "/subscriptions/f049f713-b533-4903-8646-3a2da100158e/resourceGroups/tutorial/providers/Microsoft.Storage/storageAccounts/devtest3580647",
            "identity": [],
            "immutability_policy": [],
            "infrastructure_encryption_enabled": false,
            "is_hns_enabled": false,
            "large_file_share_enabled": null,
            "location": "northeurope",
            "min_tls_version": "TLS1_2",
            "name": "devtest3580647",
            "network_rules": [
              {
                "bypass": [
                  "AzureServices"
                ],
                "default_action": "Allow",
                "ip_rules": [],
                "private_link_access": [],
                "virtual_network_subnet_ids": []
              }
            ],
            "nfsv3_enabled": false,
            "primary_access_key": "bbn0KNrJg3aXEyAZ8a3jDdNKYX5lnEimg92wuyTho5JCJtBAeJ59R9cfadPapVDpEJ1yF+Cnw6hP+AStbTROaQ==",
            "primary_blob_connection_string": "DefaultEndpointsProtocol=https;BlobEndpoint=https://devtest3580647.blob.core.windows.net/;AccountName=devtest3580647;AccountKey=bbn0KNrJg3aXEyAZ8a3jDdNKYX5lnEimg92wuyTho5JCJtBAeJ59R9cfadPapVDpEJ1yF+Cnw6hP+AStbTROaQ==",
            "primary_blob_endpoint": "https://devtest3580647.blob.core.windows.net/",
            "primary_blob_host": "devtest3580647.blob.core.windows.net",
            "primary_connection_string": "DefaultEndpointsProtocol=https;AccountName=devtest3580647;AccountKey=bbn0KNrJg3aXEyAZ8a3jDdNKYX5lnEimg92wuyTho5JCJtBAeJ59R9cfadPapVDpEJ1yF+Cnw6hP+AStbTROaQ==;EndpointSuffix=core.windows.net",
            "primary_dfs_endpoint": "https://devtest3580647.dfs.core.windows.net/",
            "primary_dfs_host": "devtest3580647.dfs.core.windows.net",
            "primary_file_endpoint": "https://devtest3580647.file.core.windows.net/",
            "primary_file_host": "devtest3580647.file.core.windows.net",
            "primary_location": "northeurope",
            "primary_queue_endpoint": "https://devtest3580647.queue.core.windows.net/",
            "primary_queue_host": "devtest3580647.queue.core.windows.net",
            "primary_table_endpoint": "https://devtest3580647.table.core.windows.net/",
            "primary_table_host": "devtest3580647.table.core.windows.net",
            "primary_web_endpoint": "https://devtest3580647.z16.web.core.windows.net/",
            "primary_web_host": "devtest3580647.z16.web.core.windows.net",
            "public_network_access_enabled": true,
            "queue_encryption_key_type": "Service",
            "queue_properties": [
              {
                "cors_rule": [],
                "hour_metrics": [
                  {
                    "enabled": true,
                    "include_apis": true,
                    "retention_policy_days": 7,
                    "version": "1.0"
                  }
                ],
                "logging": [
                  {
                    "delete": false,
                    "read": false,
                    "retention_policy_days": 0,
                    "version": "1.0",
                    "write": false
                  }
                ],
                "minute_metrics": [
                  {
                    "enabled": false,
                    "include_apis": false,
                    "retention_policy_days": 0,
                    "version": "1.0"
                  }
                ]
              }
            ],
            "resource_group_name": "tutorial",
            "routing": [],
            "sas_policy": [],
            "secondary_access_key": "Ve4tMkZ8GBLZTF68UFCJQxtaZazE09qnoHytVJUGFXdL7efUWNBLntbqNuDLhFFpzMOac3B45ccT+AStmp6HWg==",
            "secondary_blob_connection_string": "",
            "secondary_blob_endpoint": null,
            "secondary_blob_host": null,
            "secondary_connection_string": "DefaultEndpointsProtocol=https;AccountName=devtest3580647;AccountKey=Ve4tMkZ8GBLZTF68UFCJQxtaZazE09qnoHytVJUGFXdL7efUWNBLntbqNuDLhFFpzMOac3B45ccT+AStmp6HWg==;EndpointSuffix=core.windows.net",
            "secondary_dfs_endpoint": null,
            "secondary_dfs_host": null,
            "secondary_file_endpoint": null,
            "secondary_file_host": null,
            "secondary_location": "",
            "secondary_queue_endpoint": null,
            "secondary_queue_host": null,
            "secondary_table_endpoint": null,
            "secondary_table_host": null,
            "secondary_web_endpoint": null,
            "secondary_web_host": null,
            "sftp_enabled": false,
            "share_properties": [
              {
                "cors_rule": [],
                "retention_policy": [
                  {
                    "days": 7
                  }
                ],
                "smb": []
              }
            ],
            "shared_access_key_enabled": true,
            "static_website": [],
            "table_encryption_key_type": "Service",
            "tags": null,
            "timeouts": null
          },
          "sensitive_attributes": [],
          "private": "eyJlMmJmYjczMC1lY2FhLTExZTYtOGY4OC0zNDM2M2JjN2M0YzAiOnsiY3JlYXRlIjozNjAwMDAwMDAwMDAwLCJkZWxldGUiOjM2MDAwMDAwMDAwMDAsInJlYWQiOjMwMDAwMDAwMDAwMCwidXBkYXRlIjozNjAwMDAwMDAwMDAwfSwic2NoZW1hX3ZlcnNpb24iOiI0In0=",
          "dependencies": [
            "azurerm_resource_group.this",
            "random_integer.this"
          ]
        }
      ]
    },
    {
      "mode": "managed",
      "type": "azurerm_storage_container",
      "name": "this",
      "provider": "provider[\"registry.terraform.io/hashicorp/azurerm\"]",
      "instances": [
        {
          "schema_version": 1,
          "attributes": {
            "container_access_type": "private",
            "has_immutability_policy": false,
            "has_legal_hold": false,
            "id": "https://devtest3580647.blob.core.windows.net/test",
            "metadata": {},
            "name": "test",
            "resource_manager_id": "/subscriptions/f049f713-b533-4903-8646-3a2da100158e/resourceGroups/tutorial/providers/Microsoft.Storage/storageAccounts/devtest3580647/blobServices/default/containers/test",
            "storage_account_name": "devtest3580647",
            "timeouts": null
          },
          "sensitive_attributes": [],
          "private": "eyJlMmJmYjczMC1lY2FhLTExZTYtOGY4OC0zNDM2M2JjN2M0YzAiOnsiY3JlYXRlIjoxODAwMDAwMDAwMDAwLCJkZWxldGUiOjE4MDAwMDAwMDAwMDAsInJlYWQiOjMwMDAwMDAwMDAwMCwidXBkYXRlIjoxODAwMDAwMDAwMDAwfSwic2NoZW1hX3ZlcnNpb24iOiIxIn0=",
          "dependencies": [
            "azurerm_resource_group.this",
            "azurerm_storage_account.this",
            "random_integer.this"
          ]
        }
      ]
    },
    {
      "mode": "managed",
      "type": "azurerm_user_assigned_identity",
      "name": "base",
      "provider": "provider[\"registry.terraform.io/hashicorp/azurerm\"]",
      "instances": [
        {
          "schema_version": 1,
          "attributes": {
            "client_id": "ba4e2c9b-88af-4bb8-9f61-0b446f585a45",
            "id": "/subscriptions/f049f713-b533-4903-8646-3a2da100158e/resourceGroups/tutorial/providers/Microsoft.ManagedIdentity/userAssignedIdentities/base",
            "location": "northeurope",
            "name": "base",
            "principal_id": "e222a073-4746-4449-8262-9c70bd546bd4",
            "resource_group_name": "tutorial",
            "tags": null,
            "tenant_id": "7b2ab0fa-7be8-4c7d-b40d-0d7cea4eaae5",
            "timeouts": null
          },
          "sensitive_attributes": [],
          "private": "eyJlMmJmYjczMC1lY2FhLTExZTYtOGY4OC0zNDM2M2JjN2M0YzAiOnsiY3JlYXRlIjoxODAwMDAwMDAwMDAwLCJkZWxldGUiOjE4MDAwMDAwMDAwMDAsInJlYWQiOjMwMDAwMDAwMDAwMCwidXBkYXRlIjoxODAwMDAwMDAwMDAwfSwic2NoZW1hX3ZlcnNpb24iOiIxIn0=",
          "dependencies": [
            "azurerm_resource_group.this"
          ]
        }
      ]
    },
    {
      "mode": "managed",
      "type": "azurerm_user_assigned_identity",
      "name": "dev_test",
      "provider": "provider[\"registry.terraform.io/hashicorp/azurerm\"]",
      "instances": [
        {
          "schema_version": 1,
          "attributes": {
            "client_id": "14fb5381-e907-4dd8-833a-284d8c3fe31d",
            "id": "/subscriptions/f049f713-b533-4903-8646-3a2da100158e/resourceGroups/tutorial/providers/Microsoft.ManagedIdentity/userAssignedIdentities/dev-test",
            "location": "northeurope",
            "name": "dev-test",
            "principal_id": "693e9fd7-c249-45d8-a91e-c789da350c19",
            "resource_group_name": "tutorial",
            "tags": null,
            "tenant_id": "7b2ab0fa-7be8-4c7d-b40d-0d7cea4eaae5",
            "timeouts": null
          },
          "sensitive_attributes": [],
          "private": "eyJlMmJmYjczMC1lY2FhLTExZTYtOGY4OC0zNDM2M2JjN2M0YzAiOnsiY3JlYXRlIjoxODAwMDAwMDAwMDAwLCJkZWxldGUiOjE4MDAwMDAwMDAwMDAsInJlYWQiOjMwMDAwMDAwMDAwMCwidXBkYXRlIjoxODAwMDAwMDAwMDAwfSwic2NoZW1hX3ZlcnNpb24iOiIxIn0=",
          "dependencies": [
            "azurerm_resource_group.this"
          ]
        }
      ]
    },
    {
      "mode": "managed",
      "type": "azurerm_virtual_network",
      "name": "this",
      "provider": "provider[\"registry.terraform.io/hashicorp/azurerm\"]",
      "instances": [
        {
          "schema_version": 0,
          "attributes": {
            "address_space": [
              "10.0.0.0/16"
            ],
            "bgp_community": "",
            "ddos_protection_plan": [],
            "dns_servers": [],
            "edge_zone": "",
            "encryption": [],
            "flow_timeout_in_minutes": 0,
            "guid": "2800f2de-35ef-48b0-882a-46c351a6a23d",
            "id": "/subscriptions/f049f713-b533-4903-8646-3a2da100158e/resourceGroups/tutorial/providers/Microsoft.Network/virtualNetworks/skyworkz-vnet-dev-main",
            "location": "northeurope",
            "name": "skyworkz-vnet-dev-main",
            "resource_group_name": "tutorial",
            "subnet": [],
            "tags": {
              "env": "dev"
            },
            "timeouts": null
          },
          "sensitive_attributes": [],
          "private": "eyJlMmJmYjczMC1lY2FhLTExZTYtOGY4OC0zNDM2M2JjN2M0YzAiOnsiY3JlYXRlIjoxODAwMDAwMDAwMDAwLCJkZWxldGUiOjE4MDAwMDAwMDAwMDAsInJlYWQiOjMwMDAwMDAwMDAwMCwidXBkYXRlIjoxODAwMDAwMDAwMDAwfX0=",
          "dependencies": [
            "azurerm_resource_group.this"
          ]
        }
      ]
    },
    {
      "mode": "managed",
      "type": "random_integer",
      "name": "this",
      "provider": "provider[\"registry.terraform.io/hashicorp/random\"]",
      "instances": [
        {
          "schema_version": 0,
          "attributes": {
            "id": "3580647",
            "keepers": null,
            "max": 5000000,
            "min": 10000,
            "result": 3580647,
            "seed": null
          },
          "sensitive_attributes": []
        }
      ]
    }
  ],
  "check_results": null
}
